// !$*UTF8*$!
{
	archiveVersion = 1;
	classes = {
	};
	objectVersion = 46;
	objects = {

/* Begin PBXBuildFile section */
		371E264B1BCE505300EE613B /* 1_cursor.cpp in Sources */ = {isa = PBXBuildFile; fileRef = 371E264A1BCE505300EE613B /* 1_cursor.cpp */; };
		371E26611BCE50D500EE613B /* libopencv_imgproc.3.0.0.dylib in Frameworks */ = {isa = PBXBuildFile; fileRef = 371E26511BCE50D500EE613B /* libopencv_imgproc.3.0.0.dylib */; };
		371E26621BCE50D500EE613B /* libopencv_core.3.0.0.dylib in Frameworks */ = {isa = PBXBuildFile; fileRef = 371E26521BCE50D500EE613B /* libopencv_core.3.0.0.dylib */; };
		371E26631BCE50D500EE613B /* libopencv_calib3d.3.0.0.dylib in Frameworks */ = {isa = PBXBuildFile; fileRef = 371E26531BCE50D500EE613B /* libopencv_calib3d.3.0.0.dylib */; };
		371E26641BCE50D500EE613B /* libopencv_photo.3.0.0.dylib in Frameworks */ = {isa = PBXBuildFile; fileRef = 371E26541BCE50D500EE613B /* libopencv_photo.3.0.0.dylib */; };
		371E26651BCE50D500EE613B /* libopencv_features2d.3.0.0.dylib in Frameworks */ = {isa = PBXBuildFile; fileRef = 371E26551BCE50D500EE613B /* libopencv_features2d.3.0.0.dylib */; };
		371E26661BCE50D500EE613B /* libopencv_ml.3.0.0.dylib in Frameworks */ = {isa = PBXBuildFile; fileRef = 371E26561BCE50D500EE613B /* libopencv_ml.3.0.0.dylib */; };
		371E26671BCE50D500EE613B /* libopencv_stitching.3.0.0.dylib in Frameworks */ = {isa = PBXBuildFile; fileRef = 371E26571BCE50D500EE613B /* libopencv_stitching.3.0.0.dylib */; };
		371E26681BCE50D500EE613B /* libopencv_objdetect.3.0.0.dylib in Frameworks */ = {isa = PBXBuildFile; fileRef = 371E26581BCE50D500EE613B /* libopencv_objdetect.3.0.0.dylib */; };
		371E26691BCE50D500EE613B /* libopencv_flann.3.0.0.dylib in Frameworks */ = {isa = PBXBuildFile; fileRef = 371E26591BCE50D500EE613B /* libopencv_flann.3.0.0.dylib */; };
		371E266A1BCE50D500EE613B /* libopencv_video.3.0.0.dylib in Frameworks */ = {isa = PBXBuildFile; fileRef = 371E265A1BCE50D500EE613B /* libopencv_video.3.0.0.dylib */; };
		371E266B1BCE50D500EE613B /* libopencv_videostab.3.0.0.dylib in Frameworks */ = {isa = PBXBuildFile; fileRef = 371E265B1BCE50D500EE613B /* libopencv_videostab.3.0.0.dylib */; };
		371E266C1BCE50D500EE613B /* libopencv_imgcodecs.3.0.0.dylib in Frameworks */ = {isa = PBXBuildFile; fileRef = 371E265C1BCE50D500EE613B /* libopencv_imgcodecs.3.0.0.dylib */; };
		371E266D1BCE50D500EE613B /* libopencv_shape.3.0.0.dylib in Frameworks */ = {isa = PBXBuildFile; fileRef = 371E265D1BCE50D500EE613B /* libopencv_shape.3.0.0.dylib */; };
		371E266E1BCE50D500EE613B /* libopencv_superres.3.0.0.dylib in Frameworks */ = {isa = PBXBuildFile; fileRef = 371E265E1BCE50D500EE613B /* libopencv_superres.3.0.0.dylib */; };
		371E266F1BCE50D500EE613B /* libopencv_videoio.3.0.0.dylib in Frameworks */ = {isa = PBXBuildFile; fileRef = 371E265F1BCE50D500EE613B /* libopencv_videoio.3.0.0.dylib */; };
		371E26701BCE50D500EE613B /* libopencv_highgui.3.0.0.dylib in Frameworks */ = {isa = PBXBuildFile; fileRef = 371E26601BCE50D500EE613B /* libopencv_highgui.3.0.0.dylib */; };
		37CA8ADB1BD78E29004ECA1F /* libopencv_imgproc.3.0.0.dylib in Frameworks */ = {isa = PBXBuildFile; fileRef = 371E26511BCE50D500EE613B /* libopencv_imgproc.3.0.0.dylib */; };
		37CA8ADC1BD78E29004ECA1F /* libopencv_core.3.0.0.dylib in Frameworks */ = {isa = PBXBuildFile; fileRef = 371E26521BCE50D500EE613B /* libopencv_core.3.0.0.dylib */; };
		37CA8ADD1BD78E29004ECA1F /* libopencv_calib3d.3.0.0.dylib in Frameworks */ = {isa = PBXBuildFile; fileRef = 371E26531BCE50D500EE613B /* libopencv_calib3d.3.0.0.dylib */; };
		37CA8ADE1BD78E29004ECA1F /* libopencv_photo.3.0.0.dylib in Frameworks */ = {isa = PBXBuildFile; fileRef = 371E26541BCE50D500EE613B /* libopencv_photo.3.0.0.dylib */; };
		37CA8ADF1BD78E29004ECA1F /* libopencv_features2d.3.0.0.dylib in Frameworks */ = {isa = PBXBuildFile; fileRef = 371E26551BCE50D500EE613B /* libopencv_features2d.3.0.0.dylib */; };
		37CA8AE01BD78E29004ECA1F /* libopencv_ml.3.0.0.dylib in Frameworks */ = {isa = PBXBuildFile; fileRef = 371E26561BCE50D500EE613B /* libopencv_ml.3.0.0.dylib */; };
		37CA8AE11BD78E29004ECA1F /* libopencv_stitching.3.0.0.dylib in Frameworks */ = {isa = PBXBuildFile; fileRef = 371E26571BCE50D500EE613B /* libopencv_stitching.3.0.0.dylib */; };
		37CA8AE21BD78E29004ECA1F /* libopencv_objdetect.3.0.0.dylib in Frameworks */ = {isa = PBXBuildFile; fileRef = 371E26581BCE50D500EE613B /* libopencv_objdetect.3.0.0.dylib */; };
		37CA8AE31BD78E29004ECA1F /* libopencv_flann.3.0.0.dylib in Frameworks */ = {isa = PBXBuildFile; fileRef = 371E26591BCE50D500EE613B /* libopencv_flann.3.0.0.dylib */; };
		37CA8AE41BD78E29004ECA1F /* libopencv_video.3.0.0.dylib in Frameworks */ = {isa = PBXBuildFile; fileRef = 371E265A1BCE50D500EE613B /* libopencv_video.3.0.0.dylib */; };
		37CA8AE51BD78E29004ECA1F /* libopencv_videostab.3.0.0.dylib in Frameworks */ = {isa = PBXBuildFile; fileRef = 371E265B1BCE50D500EE613B /* libopencv_videostab.3.0.0.dylib */; };
		37CA8AE61BD78E29004ECA1F /* libopencv_imgcodecs.3.0.0.dylib in Frameworks */ = {isa = PBXBuildFile; fileRef = 371E265C1BCE50D500EE613B /* libopencv_imgcodecs.3.0.0.dylib */; };
		37CA8AE71BD78E29004ECA1F /* libopencv_shape.3.0.0.dylib in Frameworks */ = {isa = PBXBuildFile; fileRef = 371E265D1BCE50D500EE613B /* libopencv_shape.3.0.0.dylib */; };
		37CA8AE81BD78E29004ECA1F /* libopencv_superres.3.0.0.dylib in Frameworks */ = {isa = PBXBuildFile; fileRef = 371E265E1BCE50D500EE613B /* libopencv_superres.3.0.0.dylib */; };
		37CA8AE91BD78E29004ECA1F /* libopencv_videoio.3.0.0.dylib in Frameworks */ = {isa = PBXBuildFile; fileRef = 371E265F1BCE50D500EE613B /* libopencv_videoio.3.0.0.dylib */; };
		37CA8AEA1BD78E29004ECA1F /* libopencv_highgui.3.0.0.dylib in Frameworks */ = {isa = PBXBuildFile; fileRef = 371E26601BCE50D500EE613B /* libopencv_highgui.3.0.0.dylib */; };
		37CA8AF11BD78E46004ECA1F /* 2_slider.cpp in Sources */ = {isa = PBXBuildFile; fileRef = 37CA8AF01BD78E46004ECA1F /* 2_slider.cpp */; settings = {ASSET_TAGS = (); }; };
		37CA8AF61BD78F1B004ECA1F /* libopencv_imgproc.3.0.0.dylib in Frameworks */ = {isa = PBXBuildFile; fileRef = 371E26511BCE50D500EE613B /* libopencv_imgproc.3.0.0.dylib */; };
		37CA8AF71BD78F1B004ECA1F /* libopencv_core.3.0.0.dylib in Frameworks */ = {isa = PBXBuildFile; fileRef = 371E26521BCE50D500EE613B /* libopencv_core.3.0.0.dylib */; };
		37CA8AF81BD78F1B004ECA1F /* libopencv_calib3d.3.0.0.dylib in Frameworks */ = {isa = PBXBuildFile; fileRef = 371E26531BCE50D500EE613B /* libopencv_calib3d.3.0.0.dylib */; };
		37CA8AF91BD78F1B004ECA1F /* libopencv_photo.3.0.0.dylib in Frameworks */ = {isa = PBXBuildFile; fileRef = 371E26541BCE50D500EE613B /* libopencv_photo.3.0.0.dylib */; };
		37CA8AFA1BD78F1B004ECA1F /* libopencv_features2d.3.0.0.dylib in Frameworks */ = {isa = PBXBuildFile; fileRef = 371E26551BCE50D500EE613B /* libopencv_features2d.3.0.0.dylib */; };
		37CA8AFB1BD78F1B004ECA1F /* libopencv_ml.3.0.0.dylib in Frameworks */ = {isa = PBXBuildFile; fileRef = 371E26561BCE50D500EE613B /* libopencv_ml.3.0.0.dylib */; };
		37CA8AFC1BD78F1B004ECA1F /* libopencv_stitching.3.0.0.dylib in Frameworks */ = {isa = PBXBuildFile; fileRef = 371E26571BCE50D500EE613B /* libopencv_stitching.3.0.0.dylib */; };
		37CA8AFD1BD78F1B004ECA1F /* libopencv_objdetect.3.0.0.dylib in Frameworks */ = {isa = PBXBuildFile; fileRef = 371E26581BCE50D500EE613B /* libopencv_objdetect.3.0.0.dylib */; };
		37CA8AFE1BD78F1B004ECA1F /* libopencv_flann.3.0.0.dylib in Frameworks */ = {isa = PBXBuildFile; fileRef = 371E26591BCE50D500EE613B /* libopencv_flann.3.0.0.dylib */; };
		37CA8AFF1BD78F1B004ECA1F /* libopencv_video.3.0.0.dylib in Frameworks */ = {isa = PBXBuildFile; fileRef = 371E265A1BCE50D500EE613B /* libopencv_video.3.0.0.dylib */; };
		37CA8B001BD78F1B004ECA1F /* libopencv_videostab.3.0.0.dylib in Frameworks */ = {isa = PBXBuildFile; fileRef = 371E265B1BCE50D500EE613B /* libopencv_videostab.3.0.0.dylib */; };
		37CA8B011BD78F1B004ECA1F /* libopencv_imgcodecs.3.0.0.dylib in Frameworks */ = {isa = PBXBuildFile; fileRef = 371E265C1BCE50D500EE613B /* libopencv_imgcodecs.3.0.0.dylib */; };
		37CA8B021BD78F1B004ECA1F /* libopencv_shape.3.0.0.dylib in Frameworks */ = {isa = PBXBuildFile; fileRef = 371E265D1BCE50D500EE613B /* libopencv_shape.3.0.0.dylib */; };
		37CA8B031BD78F1B004ECA1F /* libopencv_superres.3.0.0.dylib in Frameworks */ = {isa = PBXBuildFile; fileRef = 371E265E1BCE50D500EE613B /* libopencv_superres.3.0.0.dylib */; };
		37CA8B041BD78F1B004ECA1F /* libopencv_videoio.3.0.0.dylib in Frameworks */ = {isa = PBXBuildFile; fileRef = 371E265F1BCE50D500EE613B /* libopencv_videoio.3.0.0.dylib */; };
		37CA8B051BD78F1B004ECA1F /* libopencv_highgui.3.0.0.dylib in Frameworks */ = {isa = PBXBuildFile; fileRef = 371E26601BCE50D500EE613B /* libopencv_highgui.3.0.0.dylib */; };
		37CA8B0C1BD78F3E004ECA1F /* p1_diff_background.cpp in Sources */ = {isa = PBXBuildFile; fileRef = 37CA8B0B1BD78F3E004ECA1F /* p1_diff_background.cpp */; settings = {ASSET_TAGS = (); }; };
		37CA8B111BD792EF004ECA1F /* libopencv_imgproc.3.0.0.dylib in Frameworks */ = {isa = PBXBuildFile; fileRef = 371E26511BCE50D500EE613B /* libopencv_imgproc.3.0.0.dylib */; };
		37CA8B121BD792EF004ECA1F /* libopencv_core.3.0.0.dylib in Frameworks */ = {isa = PBXBuildFile; fileRef = 371E26521BCE50D500EE613B /* libopencv_core.3.0.0.dylib */; };
		37CA8B131BD792EF004ECA1F /* libopencv_calib3d.3.0.0.dylib in Frameworks */ = {isa = PBXBuildFile; fileRef = 371E26531BCE50D500EE613B /* libopencv_calib3d.3.0.0.dylib */; };
		37CA8B141BD792EF004ECA1F /* libopencv_photo.3.0.0.dylib in Frameworks */ = {isa = PBXBuildFile; fileRef = 371E26541BCE50D500EE613B /* libopencv_photo.3.0.0.dylib */; };
		37CA8B151BD792EF004ECA1F /* libopencv_features2d.3.0.0.dylib in Frameworks */ = {isa = PBXBuildFile; fileRef = 371E26551BCE50D500EE613B /* libopencv_features2d.3.0.0.dylib */; };
		37CA8B161BD792EF004ECA1F /* libopencv_ml.3.0.0.dylib in Frameworks */ = {isa = PBXBuildFile; fileRef = 371E26561BCE50D500EE613B /* libopencv_ml.3.0.0.dylib */; };
		37CA8B171BD792EF004ECA1F /* libopencv_stitching.3.0.0.dylib in Frameworks */ = {isa = PBXBuildFile; fileRef = 371E26571BCE50D500EE613B /* libopencv_stitching.3.0.0.dylib */; };
		37CA8B181BD792EF004ECA1F /* libopencv_objdetect.3.0.0.dylib in Frameworks */ = {isa = PBXBuildFile; fileRef = 371E26581BCE50D500EE613B /* libopencv_objdetect.3.0.0.dylib */; };
		37CA8B191BD792EF004ECA1F /* libopencv_flann.3.0.0.dylib in Frameworks */ = {isa = PBXBuildFile; fileRef = 371E26591BCE50D500EE613B /* libopencv_flann.3.0.0.dylib */; };
		37CA8B1A1BD792EF004ECA1F /* libopencv_video.3.0.0.dylib in Frameworks */ = {isa = PBXBuildFile; fileRef = 371E265A1BCE50D500EE613B /* libopencv_video.3.0.0.dylib */; };
		37CA8B1B1BD792EF004ECA1F /* libopencv_videostab.3.0.0.dylib in Frameworks */ = {isa = PBXBuildFile; fileRef = 371E265B1BCE50D500EE613B /* libopencv_videostab.3.0.0.dylib */; };
		37CA8B1C1BD792EF004ECA1F /* libopencv_imgcodecs.3.0.0.dylib in Frameworks */ = {isa = PBXBuildFile; fileRef = 371E265C1BCE50D500EE613B /* libopencv_imgcodecs.3.0.0.dylib */; };
		37CA8B1D1BD792EF004ECA1F /* libopencv_shape.3.0.0.dylib in Frameworks */ = {isa = PBXBuildFile; fileRef = 371E265D1BCE50D500EE613B /* libopencv_shape.3.0.0.dylib */; };
		37CA8B1E1BD792EF004ECA1F /* libopencv_superres.3.0.0.dylib in Frameworks */ = {isa = PBXBuildFile; fileRef = 371E265E1BCE50D500EE613B /* libopencv_superres.3.0.0.dylib */; };
		37CA8B1F1BD792EF004ECA1F /* libopencv_videoio.3.0.0.dylib in Frameworks */ = {isa = PBXBuildFile; fileRef = 371E265F1BCE50D500EE613B /* libopencv_videoio.3.0.0.dylib */; };
		37CA8B201BD792EF004ECA1F /* libopencv_highgui.3.0.0.dylib in Frameworks */ = {isa = PBXBuildFile; fileRef = 371E26601BCE50D500EE613B /* libopencv_highgui.3.0.0.dylib */; };
		37CA8B271BD79306004ECA1F /* p1_diff_background_adv.cpp in Sources */ = {isa = PBXBuildFile; fileRef = 37CA8B261BD79306004ECA1F /* p1_diff_background_adv.cpp */; settings = {ASSET_TAGS = (); }; };
		37CA8B2C1BD79641004ECA1F /* libopencv_imgproc.3.0.0.dylib in Frameworks */ = {isa = PBXBuildFile; fileRef = 371E26511BCE50D500EE613B /* libopencv_imgproc.3.0.0.dylib */; };
		37CA8B2D1BD79641004ECA1F /* libopencv_core.3.0.0.dylib in Frameworks */ = {isa = PBXBuildFile; fileRef = 371E26521BCE50D500EE613B /* libopencv_core.3.0.0.dylib */; };
		37CA8B2E1BD79641004ECA1F /* libopencv_calib3d.3.0.0.dylib in Frameworks */ = {isa = PBXBuildFile; fileRef = 371E26531BCE50D500EE613B /* libopencv_calib3d.3.0.0.dylib */; };
		37CA8B2F1BD79641004ECA1F /* libopencv_photo.3.0.0.dylib in Frameworks */ = {isa = PBXBuildFile; fileRef = 371E26541BCE50D500EE613B /* libopencv_photo.3.0.0.dylib */; };
		37CA8B301BD79641004ECA1F /* libopencv_features2d.3.0.0.dylib in Frameworks */ = {isa = PBXBuildFile; fileRef = 371E26551BCE50D500EE613B /* libopencv_features2d.3.0.0.dylib */; };
		37CA8B311BD79641004ECA1F /* libopencv_ml.3.0.0.dylib in Frameworks */ = {isa = PBXBuildFile; fileRef = 371E26561BCE50D500EE613B /* libopencv_ml.3.0.0.dylib */; };
		37CA8B321BD79641004ECA1F /* libopencv_stitching.3.0.0.dylib in Frameworks */ = {isa = PBXBuildFile; fileRef = 371E26571BCE50D500EE613B /* libopencv_stitching.3.0.0.dylib */; };
		37CA8B331BD79641004ECA1F /* libopencv_objdetect.3.0.0.dylib in Frameworks */ = {isa = PBXBuildFile; fileRef = 371E26581BCE50D500EE613B /* libopencv_objdetect.3.0.0.dylib */; };
		37CA8B341BD79641004ECA1F /* libopencv_flann.3.0.0.dylib in Frameworks */ = {isa = PBXBuildFile; fileRef = 371E26591BCE50D500EE613B /* libopencv_flann.3.0.0.dylib */; };
		37CA8B351BD79641004ECA1F /* libopencv_video.3.0.0.dylib in Frameworks */ = {isa = PBXBuildFile; fileRef = 371E265A1BCE50D500EE613B /* libopencv_video.3.0.0.dylib */; };
		37CA8B361BD79641004ECA1F /* libopencv_videostab.3.0.0.dylib in Frameworks */ = {isa = PBXBuildFile; fileRef = 371E265B1BCE50D500EE613B /* libopencv_videostab.3.0.0.dylib */; };
		37CA8B371BD79641004ECA1F /* libopencv_imgcodecs.3.0.0.dylib in Frameworks */ = {isa = PBXBuildFile; fileRef = 371E265C1BCE50D500EE613B /* libopencv_imgcodecs.3.0.0.dylib */; };
		37CA8B381BD79641004ECA1F /* libopencv_shape.3.0.0.dylib in Frameworks */ = {isa = PBXBuildFile; fileRef = 371E265D1BCE50D500EE613B /* libopencv_shape.3.0.0.dylib */; };
		37CA8B391BD79641004ECA1F /* libopencv_superres.3.0.0.dylib in Frameworks */ = {isa = PBXBuildFile; fileRef = 371E265E1BCE50D500EE613B /* libopencv_superres.3.0.0.dylib */; };
		37CA8B3A1BD79641004ECA1F /* libopencv_videoio.3.0.0.dylib in Frameworks */ = {isa = PBXBuildFile; fileRef = 371E265F1BCE50D500EE613B /* libopencv_videoio.3.0.0.dylib */; };
		37CA8B3B1BD79641004ECA1F /* libopencv_highgui.3.0.0.dylib in Frameworks */ = {isa = PBXBuildFile; fileRef = 371E26601BCE50D500EE613B /* libopencv_highgui.3.0.0.dylib */; };
		37CA8B421BD79657004ECA1F /* 3_labeling.cpp in Sources */ = {isa = PBXBuildFile; fileRef = 37CA8B411BD79657004ECA1F /* 3_labeling.cpp */; settings = {ASSET_TAGS = (); }; };
		37CA8B471BD796DD004ECA1F /* libopencv_imgproc.3.0.0.dylib in Frameworks */ = {isa = PBXBuildFile; fileRef = 371E26511BCE50D500EE613B /* libopencv_imgproc.3.0.0.dylib */; };
		37CA8B481BD796DD004ECA1F /* libopencv_core.3.0.0.dylib in Frameworks */ = {isa = PBXBuildFile; fileRef = 371E26521BCE50D500EE613B /* libopencv_core.3.0.0.dylib */; };
		37CA8B491BD796DD004ECA1F /* libopencv_calib3d.3.0.0.dylib in Frameworks */ = {isa = PBXBuildFile; fileRef = 371E26531BCE50D500EE613B /* libopencv_calib3d.3.0.0.dylib */; };
		37CA8B4A1BD796DD004ECA1F /* libopencv_photo.3.0.0.dylib in Frameworks */ = {isa = PBXBuildFile; fileRef = 371E26541BCE50D500EE613B /* libopencv_photo.3.0.0.dylib */; };
		37CA8B4B1BD796DD004ECA1F /* libopencv_features2d.3.0.0.dylib in Frameworks */ = {isa = PBXBuildFile; fileRef = 371E26551BCE50D500EE613B /* libopencv_features2d.3.0.0.dylib */; };
		37CA8B4C1BD796DD004ECA1F /* libopencv_ml.3.0.0.dylib in Frameworks */ = {isa = PBXBuildFile; fileRef = 371E26561BCE50D500EE613B /* libopencv_ml.3.0.0.dylib */; };
		37CA8B4D1BD796DD004ECA1F /* libopencv_stitching.3.0.0.dylib in Frameworks */ = {isa = PBXBuildFile; fileRef = 371E26571BCE50D500EE613B /* libopencv_stitching.3.0.0.dylib */; };
		37CA8B4E1BD796DD004ECA1F /* libopencv_objdetect.3.0.0.dylib in Frameworks */ = {isa = PBXBuildFile; fileRef = 371E26581BCE50D500EE613B /* libopencv_objdetect.3.0.0.dylib */; };
		37CA8B4F1BD796DD004ECA1F /* libopencv_flann.3.0.0.dylib in Frameworks */ = {isa = PBXBuildFile; fileRef = 371E26591BCE50D500EE613B /* libopencv_flann.3.0.0.dylib */; };
		37CA8B501BD796DD004ECA1F /* libopencv_video.3.0.0.dylib in Frameworks */ = {isa = PBXBuildFile; fileRef = 371E265A1BCE50D500EE613B /* libopencv_video.3.0.0.dylib */; };
		37CA8B511BD796DD004ECA1F /* libopencv_videostab.3.0.0.dylib in Frameworks */ = {isa = PBXBuildFile; fileRef = 371E265B1BCE50D500EE613B /* libopencv_videostab.3.0.0.dylib */; };
		37CA8B521BD796DD004ECA1F /* libopencv_imgcodecs.3.0.0.dylib in Frameworks */ = {isa = PBXBuildFile; fileRef = 371E265C1BCE50D500EE613B /* libopencv_imgcodecs.3.0.0.dylib */; };
		37CA8B531BD796DD004ECA1F /* libopencv_shape.3.0.0.dylib in Frameworks */ = {isa = PBXBuildFile; fileRef = 371E265D1BCE50D500EE613B /* libopencv_shape.3.0.0.dylib */; };
		37CA8B541BD796DD004ECA1F /* libopencv_superres.3.0.0.dylib in Frameworks */ = {isa = PBXBuildFile; fileRef = 371E265E1BCE50D500EE613B /* libopencv_superres.3.0.0.dylib */; };
		37CA8B551BD796DD004ECA1F /* libopencv_videoio.3.0.0.dylib in Frameworks */ = {isa = PBXBuildFile; fileRef = 371E265F1BCE50D500EE613B /* libopencv_videoio.3.0.0.dylib */; };
		37CA8B561BD796DD004ECA1F /* libopencv_highgui.3.0.0.dylib in Frameworks */ = {isa = PBXBuildFile; fileRef = 371E26601BCE50D500EE613B /* libopencv_highgui.3.0.0.dylib */; };
		37CA8B5D1BD79702004ECA1F /* p2_diff_labeling.cpp in Sources */ = {isa = PBXBuildFile; fileRef = 37CA8B5C1BD79702004ECA1F /* p2_diff_labeling.cpp */; settings = {ASSET_TAGS = (); }; };
		37CA8B621BD79869004ECA1F /* libopencv_imgproc.3.0.0.dylib in Frameworks */ = {isa = PBXBuildFile; fileRef = 371E26511BCE50D500EE613B /* libopencv_imgproc.3.0.0.dylib */; };
		37CA8B631BD79869004ECA1F /* libopencv_core.3.0.0.dylib in Frameworks */ = {isa = PBXBuildFile; fileRef = 371E26521BCE50D500EE613B /* libopencv_core.3.0.0.dylib */; };
		37CA8B641BD79869004ECA1F /* libopencv_calib3d.3.0.0.dylib in Frameworks */ = {isa = PBXBuildFile; fileRef = 371E26531BCE50D500EE613B /* libopencv_calib3d.3.0.0.dylib */; };
		37CA8B651BD79869004ECA1F /* libopencv_photo.3.0.0.dylib in Frameworks */ = {isa = PBXBuildFile; fileRef = 371E26541BCE50D500EE613B /* libopencv_photo.3.0.0.dylib */; };
		37CA8B661BD79869004ECA1F /* libopencv_features2d.3.0.0.dylib in Frameworks */ = {isa = PBXBuildFile; fileRef = 371E26551BCE50D500EE613B /* libopencv_features2d.3.0.0.dylib */; };
		37CA8B671BD79869004ECA1F /* libopencv_ml.3.0.0.dylib in Frameworks */ = {isa = PBXBuildFile; fileRef = 371E26561BCE50D500EE613B /* libopencv_ml.3.0.0.dylib */; };
		37CA8B681BD79869004ECA1F /* libopencv_stitching.3.0.0.dylib in Frameworks */ = {isa = PBXBuildFile; fileRef = 371E26571BCE50D500EE613B /* libopencv_stitching.3.0.0.dylib */; };
		37CA8B691BD79869004ECA1F /* libopencv_objdetect.3.0.0.dylib in Frameworks */ = {isa = PBXBuildFile; fileRef = 371E26581BCE50D500EE613B /* libopencv_objdetect.3.0.0.dylib */; };
		37CA8B6A1BD79869004ECA1F /* libopencv_flann.3.0.0.dylib in Frameworks */ = {isa = PBXBuildFile; fileRef = 371E26591BCE50D500EE613B /* libopencv_flann.3.0.0.dylib */; };
		37CA8B6B1BD79869004ECA1F /* libopencv_video.3.0.0.dylib in Frameworks */ = {isa = PBXBuildFile; fileRef = 371E265A1BCE50D500EE613B /* libopencv_video.3.0.0.dylib */; };
		37CA8B6C1BD79869004ECA1F /* libopencv_videostab.3.0.0.dylib in Frameworks */ = {isa = PBXBuildFile; fileRef = 371E265B1BCE50D500EE613B /* libopencv_videostab.3.0.0.dylib */; };
		37CA8B6D1BD79869004ECA1F /* libopencv_imgcodecs.3.0.0.dylib in Frameworks */ = {isa = PBXBuildFile; fileRef = 371E265C1BCE50D500EE613B /* libopencv_imgcodecs.3.0.0.dylib */; };
		37CA8B6E1BD79869004ECA1F /* libopencv_shape.3.0.0.dylib in Frameworks */ = {isa = PBXBuildFile; fileRef = 371E265D1BCE50D500EE613B /* libopencv_shape.3.0.0.dylib */; };
		37CA8B6F1BD79869004ECA1F /* libopencv_superres.3.0.0.dylib in Frameworks */ = {isa = PBXBuildFile; fileRef = 371E265E1BCE50D500EE613B /* libopencv_superres.3.0.0.dylib */; };
		37CA8B701BD79869004ECA1F /* libopencv_videoio.3.0.0.dylib in Frameworks */ = {isa = PBXBuildFile; fileRef = 371E265F1BCE50D500EE613B /* libopencv_videoio.3.0.0.dylib */; };
		37CA8B711BD79869004ECA1F /* libopencv_highgui.3.0.0.dylib in Frameworks */ = {isa = PBXBuildFile; fileRef = 371E26601BCE50D500EE613B /* libopencv_highgui.3.0.0.dylib */; };
		37CA8B781BD7987E004ECA1F /* p2_diff_labeling_adv.cpp in Sources */ = {isa = PBXBuildFile; fileRef = 37CA8B771BD7987E004ECA1F /* p2_diff_labeling_adv.cpp */; settings = {ASSET_TAGS = (); }; };
		37CA8B7D1BD79A2C004ECA1F /* libopencv_imgproc.3.0.0.dylib in Frameworks */ = {isa = PBXBuildFile; fileRef = 371E26511BCE50D500EE613B /* libopencv_imgproc.3.0.0.dylib */; };
		37CA8B7E1BD79A2C004ECA1F /* libopencv_core.3.0.0.dylib in Frameworks */ = {isa = PBXBuildFile; fileRef = 371E26521BCE50D500EE613B /* libopencv_core.3.0.0.dylib */; };
		37CA8B7F1BD79A2C004ECA1F /* libopencv_calib3d.3.0.0.dylib in Frameworks */ = {isa = PBXBuildFile; fileRef = 371E26531BCE50D500EE613B /* libopencv_calib3d.3.0.0.dylib */; };
		37CA8B801BD79A2C004ECA1F /* libopencv_photo.3.0.0.dylib in Frameworks */ = {isa = PBXBuildFile; fileRef = 371E26541BCE50D500EE613B /* libopencv_photo.3.0.0.dylib */; };
		37CA8B811BD79A2C004ECA1F /* libopencv_features2d.3.0.0.dylib in Frameworks */ = {isa = PBXBuildFile; fileRef = 371E26551BCE50D500EE613B /* libopencv_features2d.3.0.0.dylib */; };
		37CA8B821BD79A2C004ECA1F /* libopencv_ml.3.0.0.dylib in Frameworks */ = {isa = PBXBuildFile; fileRef = 371E26561BCE50D500EE613B /* libopencv_ml.3.0.0.dylib */; };
		37CA8B831BD79A2C004ECA1F /* libopencv_stitching.3.0.0.dylib in Frameworks */ = {isa = PBXBuildFile; fileRef = 371E26571BCE50D500EE613B /* libopencv_stitching.3.0.0.dylib */; };
		37CA8B841BD79A2C004ECA1F /* libopencv_objdetect.3.0.0.dylib in Frameworks */ = {isa = PBXBuildFile; fileRef = 371E26581BCE50D500EE613B /* libopencv_objdetect.3.0.0.dylib */; };
		37CA8B851BD79A2C004ECA1F /* libopencv_flann.3.0.0.dylib in Frameworks */ = {isa = PBXBuildFile; fileRef = 371E26591BCE50D500EE613B /* libopencv_flann.3.0.0.dylib */; };
		37CA8B861BD79A2C004ECA1F /* libopencv_video.3.0.0.dylib in Frameworks */ = {isa = PBXBuildFile; fileRef = 371E265A1BCE50D500EE613B /* libopencv_video.3.0.0.dylib */; };
		37CA8B871BD79A2C004ECA1F /* libopencv_videostab.3.0.0.dylib in Frameworks */ = {isa = PBXBuildFile; fileRef = 371E265B1BCE50D500EE613B /* libopencv_videostab.3.0.0.dylib */; };
		37CA8B881BD79A2C004ECA1F /* libopencv_imgcodecs.3.0.0.dylib in Frameworks */ = {isa = PBXBuildFile; fileRef = 371E265C1BCE50D500EE613B /* libopencv_imgcodecs.3.0.0.dylib */; };
		37CA8B891BD79A2C004ECA1F /* libopencv_shape.3.0.0.dylib in Frameworks */ = {isa = PBXBuildFile; fileRef = 371E265D1BCE50D500EE613B /* libopencv_shape.3.0.0.dylib */; };
		37CA8B8A1BD79A2C004ECA1F /* libopencv_superres.3.0.0.dylib in Frameworks */ = {isa = PBXBuildFile; fileRef = 371E265E1BCE50D500EE613B /* libopencv_superres.3.0.0.dylib */; };
		37CA8B8B1BD79A2C004ECA1F /* libopencv_videoio.3.0.0.dylib in Frameworks */ = {isa = PBXBuildFile; fileRef = 371E265F1BCE50D500EE613B /* libopencv_videoio.3.0.0.dylib */; };
		37CA8B8C1BD79A2C004ECA1F /* libopencv_highgui.3.0.0.dylib in Frameworks */ = {isa = PBXBuildFile; fileRef = 371E26601BCE50D500EE613B /* libopencv_highgui.3.0.0.dylib */; };
		37CA8B931BD79A40004ECA1F /* 4_segmentation.cpp in Sources */ = {isa = PBXBuildFile; fileRef = 37CA8B921BD79A40004ECA1F /* 4_segmentation.cpp */; settings = {ASSET_TAGS = (); }; };
		37CA8B981BD79AC0004ECA1F /* libopencv_imgproc.3.0.0.dylib in Frameworks */ = {isa = PBXBuildFile; fileRef = 371E26511BCE50D500EE613B /* libopencv_imgproc.3.0.0.dylib */; };
		37CA8B991BD79AC0004ECA1F /* libopencv_core.3.0.0.dylib in Frameworks */ = {isa = PBXBuildFile; fileRef = 371E26521BCE50D500EE613B /* libopencv_core.3.0.0.dylib */; };
		37CA8B9A1BD79AC0004ECA1F /* libopencv_calib3d.3.0.0.dylib in Frameworks */ = {isa = PBXBuildFile; fileRef = 371E26531BCE50D500EE613B /* libopencv_calib3d.3.0.0.dylib */; };
		37CA8B9B1BD79AC0004ECA1F /* libopencv_photo.3.0.0.dylib in Frameworks */ = {isa = PBXBuildFile; fileRef = 371E26541BCE50D500EE613B /* libopencv_photo.3.0.0.dylib */; };
		37CA8B9C1BD79AC0004ECA1F /* libopencv_features2d.3.0.0.dylib in Frameworks */ = {isa = PBXBuildFile; fileRef = 371E26551BCE50D500EE613B /* libopencv_features2d.3.0.0.dylib */; };
		37CA8B9D1BD79AC0004ECA1F /* libopencv_ml.3.0.0.dylib in Frameworks */ = {isa = PBXBuildFile; fileRef = 371E26561BCE50D500EE613B /* libopencv_ml.3.0.0.dylib */; };
		37CA8B9E1BD79AC0004ECA1F /* libopencv_stitching.3.0.0.dylib in Frameworks */ = {isa = PBXBuildFile; fileRef = 371E26571BCE50D500EE613B /* libopencv_stitching.3.0.0.dylib */; };
		37CA8B9F1BD79AC0004ECA1F /* libopencv_objdetect.3.0.0.dylib in Frameworks */ = {isa = PBXBuildFile; fileRef = 371E26581BCE50D500EE613B /* libopencv_objdetect.3.0.0.dylib */; };
		37CA8BA01BD79AC0004ECA1F /* libopencv_flann.3.0.0.dylib in Frameworks */ = {isa = PBXBuildFile; fileRef = 371E26591BCE50D500EE613B /* libopencv_flann.3.0.0.dylib */; };
		37CA8BA11BD79AC0004ECA1F /* libopencv_video.3.0.0.dylib in Frameworks */ = {isa = PBXBuildFile; fileRef = 371E265A1BCE50D500EE613B /* libopencv_video.3.0.0.dylib */; };
		37CA8BA21BD79AC0004ECA1F /* libopencv_videostab.3.0.0.dylib in Frameworks */ = {isa = PBXBuildFile; fileRef = 371E265B1BCE50D500EE613B /* libopencv_videostab.3.0.0.dylib */; };
		37CA8BA31BD79AC0004ECA1F /* libopencv_imgcodecs.3.0.0.dylib in Frameworks */ = {isa = PBXBuildFile; fileRef = 371E265C1BCE50D500EE613B /* libopencv_imgcodecs.3.0.0.dylib */; };
		37CA8BA41BD79AC0004ECA1F /* libopencv_shape.3.0.0.dylib in Frameworks */ = {isa = PBXBuildFile; fileRef = 371E265D1BCE50D500EE613B /* libopencv_shape.3.0.0.dylib */; };
		37CA8BA51BD79AC0004ECA1F /* libopencv_superres.3.0.0.dylib in Frameworks */ = {isa = PBXBuildFile; fileRef = 371E265E1BCE50D500EE613B /* libopencv_superres.3.0.0.dylib */; };
		37CA8BA61BD79AC0004ECA1F /* libopencv_videoio.3.0.0.dylib in Frameworks */ = {isa = PBXBuildFile; fileRef = 371E265F1BCE50D500EE613B /* libopencv_videoio.3.0.0.dylib */; };
		37CA8BA71BD79AC0004ECA1F /* libopencv_highgui.3.0.0.dylib in Frameworks */ = {isa = PBXBuildFile; fileRef = 371E26601BCE50D500EE613B /* libopencv_highgui.3.0.0.dylib */; };
		37CA8BAE1BD79ADA004ECA1F /* 5_inpainting.cpp in Sources */ = {isa = PBXBuildFile; fileRef = 37CA8BAD1BD79ADA004ECA1F /* 5_inpainting.cpp */; settings = {ASSET_TAGS = (); }; };
/* End PBXBuildFile section */

/* Begin PBXCopyFilesBuildPhase section */
		371E26451BCE505300EE613B /* CopyFiles */ = {
			isa = PBXCopyFilesBuildPhase;
			buildActionMask = 2147483647;
			dstPath = /usr/share/man/man1/;
			dstSubfolderSpec = 0;
			files = (
			);
			runOnlyForDeploymentPostprocessing = 1;
		};
		37CA8AEB1BD78E29004ECA1F /* CopyFiles */ = {
			isa = PBXCopyFilesBuildPhase;
			buildActionMask = 2147483647;
			dstPath = /usr/share/man/man1/;
			dstSubfolderSpec = 0;
			files = (
			);
			runOnlyForDeploymentPostprocessing = 1;
		};
		37CA8B061BD78F1B004ECA1F /* CopyFiles */ = {
			isa = PBXCopyFilesBuildPhase;
			buildActionMask = 2147483647;
			dstPath = /usr/share/man/man1/;
			dstSubfolderSpec = 0;
			files = (
			);
			runOnlyForDeploymentPostprocessing = 1;
		};
		37CA8B211BD792EF004ECA1F /* CopyFiles */ = {
			isa = PBXCopyFilesBuildPhase;
			buildActionMask = 2147483647;
			dstPath = /usr/share/man/man1/;
			dstSubfolderSpec = 0;
			files = (
			);
			runOnlyForDeploymentPostprocessing = 1;
		};
		37CA8B3C1BD79641004ECA1F /* CopyFiles */ = {
			isa = PBXCopyFilesBuildPhase;
			buildActionMask = 2147483647;
			dstPath = /usr/share/man/man1/;
			dstSubfolderSpec = 0;
			files = (
			);
			runOnlyForDeploymentPostprocessing = 1;
		};
		37CA8B571BD796DD004ECA1F /* CopyFiles */ = {
			isa = PBXCopyFilesBuildPhase;
			buildActionMask = 2147483647;
			dstPath = /usr/share/man/man1/;
			dstSubfolderSpec = 0;
			files = (
			);
			runOnlyForDeploymentPostprocessing = 1;
		};
		37CA8B721BD79869004ECA1F /* CopyFiles */ = {
			isa = PBXCopyFilesBuildPhase;
			buildActionMask = 2147483647;
			dstPath = /usr/share/man/man1/;
			dstSubfolderSpec = 0;
			files = (
			);
			runOnlyForDeploymentPostprocessing = 1;
		};
		37CA8B8D1BD79A2C004ECA1F /* CopyFiles */ = {
			isa = PBXCopyFilesBuildPhase;
			buildActionMask = 2147483647;
			dstPath = /usr/share/man/man1/;
			dstSubfolderSpec = 0;
			files = (
			);
			runOnlyForDeploymentPostprocessing = 1;
		};
		37CA8BA81BD79AC0004ECA1F /* CopyFiles */ = {
			isa = PBXCopyFilesBuildPhase;
			buildActionMask = 2147483647;
			dstPath = /usr/share/man/man1/;
			dstSubfolderSpec = 0;
			files = (
			);
			runOnlyForDeploymentPostprocessing = 1;
		};
/* End PBXCopyFilesBuildPhase section */

/* Begin PBXFileReference section */
		371E26471BCE505300EE613B /* 1_cursor */ = {isa = PBXFileReference; explicitFileType = "compiled.mach-o.executable"; includeInIndex = 0; path = 1_cursor; sourceTree = BUILT_PRODUCTS_DIR; };
		371E264A1BCE505300EE613B /* 1_cursor.cpp */ = {isa = PBXFileReference; lastKnownFileType = sourcecode.cpp.cpp; path = 1_cursor.cpp; sourceTree = "<group>"; };
		371E26511BCE50D500EE613B /* libopencv_imgproc.3.0.0.dylib */ = {isa = PBXFileReference; lastKnownFileType = "compiled.mach-o.dylib"; name = libopencv_imgproc.3.0.0.dylib; path = /usr/local/Cellar/opencv3/3.0.0/lib/libopencv_imgproc.3.0.0.dylib; sourceTree = "<absolute>"; };
		371E26521BCE50D500EE613B /* libopencv_core.3.0.0.dylib */ = {isa = PBXFileReference; lastKnownFileType = "compiled.mach-o.dylib"; name = libopencv_core.3.0.0.dylib; path = /usr/local/Cellar/opencv3/3.0.0/lib/libopencv_core.3.0.0.dylib; sourceTree = "<absolute>"; };
		371E26531BCE50D500EE613B /* libopencv_calib3d.3.0.0.dylib */ = {isa = PBXFileReference; lastKnownFileType = "compiled.mach-o.dylib"; name = libopencv_calib3d.3.0.0.dylib; path = /usr/local/Cellar/opencv3/3.0.0/lib/libopencv_calib3d.3.0.0.dylib; sourceTree = "<absolute>"; };
		371E26541BCE50D500EE613B /* libopencv_photo.3.0.0.dylib */ = {isa = PBXFileReference; lastKnownFileType = "compiled.mach-o.dylib"; name = libopencv_photo.3.0.0.dylib; path = /usr/local/Cellar/opencv3/3.0.0/lib/libopencv_photo.3.0.0.dylib; sourceTree = "<absolute>"; };
		371E26551BCE50D500EE613B /* libopencv_features2d.3.0.0.dylib */ = {isa = PBXFileReference; lastKnownFileType = "compiled.mach-o.dylib"; name = libopencv_features2d.3.0.0.dylib; path = /usr/local/Cellar/opencv3/3.0.0/lib/libopencv_features2d.3.0.0.dylib; sourceTree = "<absolute>"; };
		371E26561BCE50D500EE613B /* libopencv_ml.3.0.0.dylib */ = {isa = PBXFileReference; lastKnownFileType = "compiled.mach-o.dylib"; name = libopencv_ml.3.0.0.dylib; path = /usr/local/Cellar/opencv3/3.0.0/lib/libopencv_ml.3.0.0.dylib; sourceTree = "<absolute>"; };
		371E26571BCE50D500EE613B /* libopencv_stitching.3.0.0.dylib */ = {isa = PBXFileReference; lastKnownFileType = "compiled.mach-o.dylib"; name = libopencv_stitching.3.0.0.dylib; path = /usr/local/Cellar/opencv3/3.0.0/lib/libopencv_stitching.3.0.0.dylib; sourceTree = "<absolute>"; };
		371E26581BCE50D500EE613B /* libopencv_objdetect.3.0.0.dylib */ = {isa = PBXFileReference; lastKnownFileType = "compiled.mach-o.dylib"; name = libopencv_objdetect.3.0.0.dylib; path = /usr/local/Cellar/opencv3/3.0.0/lib/libopencv_objdetect.3.0.0.dylib; sourceTree = "<absolute>"; };
		371E26591BCE50D500EE613B /* libopencv_flann.3.0.0.dylib */ = {isa = PBXFileReference; lastKnownFileType = "compiled.mach-o.dylib"; name = libopencv_flann.3.0.0.dylib; path = /usr/local/Cellar/opencv3/3.0.0/lib/libopencv_flann.3.0.0.dylib; sourceTree = "<absolute>"; };
		371E265A1BCE50D500EE613B /* libopencv_video.3.0.0.dylib */ = {isa = PBXFileReference; lastKnownFileType = "compiled.mach-o.dylib"; name = libopencv_video.3.0.0.dylib; path = /usr/local/Cellar/opencv3/3.0.0/lib/libopencv_video.3.0.0.dylib; sourceTree = "<absolute>"; };
		371E265B1BCE50D500EE613B /* libopencv_videostab.3.0.0.dylib */ = {isa = PBXFileReference; lastKnownFileType = "compiled.mach-o.dylib"; name = libopencv_videostab.3.0.0.dylib; path = /usr/local/Cellar/opencv3/3.0.0/lib/libopencv_videostab.3.0.0.dylib; sourceTree = "<absolute>"; };
		371E265C1BCE50D500EE613B /* libopencv_imgcodecs.3.0.0.dylib */ = {isa = PBXFileReference; lastKnownFileType = "compiled.mach-o.dylib"; name = libopencv_imgcodecs.3.0.0.dylib; path = /usr/local/Cellar/opencv3/3.0.0/lib/libopencv_imgcodecs.3.0.0.dylib; sourceTree = "<absolute>"; };
		371E265D1BCE50D500EE613B /* libopencv_shape.3.0.0.dylib */ = {isa = PBXFileReference; lastKnownFileType = "compiled.mach-o.dylib"; name = libopencv_shape.3.0.0.dylib; path = /usr/local/Cellar/opencv3/3.0.0/lib/libopencv_shape.3.0.0.dylib; sourceTree = "<absolute>"; };
		371E265E1BCE50D500EE613B /* libopencv_superres.3.0.0.dylib */ = {isa = PBXFileReference; lastKnownFileType = "compiled.mach-o.dylib"; name = libopencv_superres.3.0.0.dylib; path = /usr/local/Cellar/opencv3/3.0.0/lib/libopencv_superres.3.0.0.dylib; sourceTree = "<absolute>"; };
		371E265F1BCE50D500EE613B /* libopencv_videoio.3.0.0.dylib */ = {isa = PBXFileReference; lastKnownFileType = "compiled.mach-o.dylib"; name = libopencv_videoio.3.0.0.dylib; path = /usr/local/Cellar/opencv3/3.0.0/lib/libopencv_videoio.3.0.0.dylib; sourceTree = "<absolute>"; };
		371E26601BCE50D500EE613B /* libopencv_highgui.3.0.0.dylib */ = {isa = PBXFileReference; lastKnownFileType = "compiled.mach-o.dylib"; name = libopencv_highgui.3.0.0.dylib; path = /usr/local/Cellar/opencv3/3.0.0/lib/libopencv_highgui.3.0.0.dylib; sourceTree = "<absolute>"; };
		37CA8AEF1BD78E29004ECA1F /* 2_slider */ = {isa = PBXFileReference; explicitFileType = "compiled.mach-o.executable"; includeInIndex = 0; path = 2_slider; sourceTree = BUILT_PRODUCTS_DIR; };
		37CA8AF01BD78E46004ECA1F /* 2_slider.cpp */ = {isa = PBXFileReference; fileEncoding = 4; lastKnownFileType = sourcecode.cpp.cpp; path = 2_slider.cpp; sourceTree = "<group>"; };
		37CA8B0A1BD78F1B004ECA1F /* p1_diff_background */ = {isa = PBXFileReference; explicitFileType = "compiled.mach-o.executable"; includeInIndex = 0; path = p1_diff_background; sourceTree = BUILT_PRODUCTS_DIR; };
		37CA8B0B1BD78F3E004ECA1F /* p1_diff_background.cpp */ = {isa = PBXFileReference; fileEncoding = 4; lastKnownFileType = sourcecode.cpp.cpp; path = p1_diff_background.cpp; sourceTree = "<group>"; };
		37CA8B251BD792EF004ECA1F /* p1_diff_background_adv */ = {isa = PBXFileReference; explicitFileType = "compiled.mach-o.executable"; includeInIndex = 0; path = p1_diff_background_adv; sourceTree = BUILT_PRODUCTS_DIR; };
		37CA8B261BD79306004ECA1F /* p1_diff_background_adv.cpp */ = {isa = PBXFileReference; fileEncoding = 4; lastKnownFileType = sourcecode.cpp.cpp; path = p1_diff_background_adv.cpp; sourceTree = "<group>"; };
		37CA8B401BD79641004ECA1F /* 3_labeling */ = {isa = PBXFileReference; explicitFileType = "compiled.mach-o.executable"; includeInIndex = 0; path = 3_labeling; sourceTree = BUILT_PRODUCTS_DIR; };
		37CA8B411BD79657004ECA1F /* 3_labeling.cpp */ = {isa = PBXFileReference; fileEncoding = 4; lastKnownFileType = sourcecode.cpp.cpp; path = 3_labeling.cpp; sourceTree = "<group>"; };
		37CA8B5B1BD796DD004ECA1F /* p2_diff_labeling */ = {isa = PBXFileReference; explicitFileType = "compiled.mach-o.executable"; includeInIndex = 0; path = p2_diff_labeling; sourceTree = BUILT_PRODUCTS_DIR; };
		37CA8B5C1BD79702004ECA1F /* p2_diff_labeling.cpp */ = {isa = PBXFileReference; fileEncoding = 4; lastKnownFileType = sourcecode.cpp.cpp; path = p2_diff_labeling.cpp; sourceTree = "<group>"; };
		37CA8B761BD79869004ECA1F /* p2_diff_labeling_adv */ = {isa = PBXFileReference; explicitFileType = "compiled.mach-o.executable"; includeInIndex = 0; path = p2_diff_labeling_adv; sourceTree = BUILT_PRODUCTS_DIR; };
		37CA8B771BD7987E004ECA1F /* p2_diff_labeling_adv.cpp */ = {isa = PBXFileReference; fileEncoding = 4; lastKnownFileType = sourcecode.cpp.cpp; path = p2_diff_labeling_adv.cpp; sourceTree = "<group>"; };
		37CA8B911BD79A2C004ECA1F /* 4_segmentation */ = {isa = PBXFileReference; explicitFileType = "compiled.mach-o.executable"; includeInIndex = 0; path = 4_segmentation; sourceTree = BUILT_PRODUCTS_DIR; };
		37CA8B921BD79A40004ECA1F /* 4_segmentation.cpp */ = {isa = PBXFileReference; fileEncoding = 4; lastKnownFileType = sourcecode.cpp.cpp; path = 4_segmentation.cpp; sourceTree = "<group>"; };
		37CA8BAC1BD79AC0004ECA1F /* 5_inpainting */ = {isa = PBXFileReference; explicitFileType = "compiled.mach-o.executable"; includeInIndex = 0; path = 5_inpainting; sourceTree = BUILT_PRODUCTS_DIR; };
		37CA8BAD1BD79ADA004ECA1F /* 5_inpainting.cpp */ = {isa = PBXFileReference; fileEncoding = 4; lastKnownFileType = sourcecode.cpp.cpp; path = 5_inpainting.cpp; sourceTree = "<group>"; };
/* End PBXFileReference section */

/* Begin PBXFrameworksBuildPhase section */
		371E26441BCE505300EE613B /* Frameworks */ = {
			isa = PBXFrameworksBuildPhase;
			buildActionMask = 2147483647;
			files = (
				371E26611BCE50D500EE613B /* libopencv_imgproc.3.0.0.dylib in Frameworks */,
				371E26621BCE50D500EE613B /* libopencv_core.3.0.0.dylib in Frameworks */,
				371E26631BCE50D500EE613B /* libopencv_calib3d.3.0.0.dylib in Frameworks */,
				371E26641BCE50D500EE613B /* libopencv_photo.3.0.0.dylib in Frameworks */,
				371E26651BCE50D500EE613B /* libopencv_features2d.3.0.0.dylib in Frameworks */,
				371E26661BCE50D500EE613B /* libopencv_ml.3.0.0.dylib in Frameworks */,
				371E26671BCE50D500EE613B /* libopencv_stitching.3.0.0.dylib in Frameworks */,
				371E26681BCE50D500EE613B /* libopencv_objdetect.3.0.0.dylib in Frameworks */,
				371E26691BCE50D500EE613B /* libopencv_flann.3.0.0.dylib in Frameworks */,
				371E266A1BCE50D500EE613B /* libopencv_video.3.0.0.dylib in Frameworks */,
				371E266B1BCE50D500EE613B /* libopencv_videostab.3.0.0.dylib in Frameworks */,
				371E266C1BCE50D500EE613B /* libopencv_imgcodecs.3.0.0.dylib in Frameworks */,
				371E266D1BCE50D500EE613B /* libopencv_shape.3.0.0.dylib in Frameworks */,
				371E266E1BCE50D500EE613B /* libopencv_superres.3.0.0.dylib in Frameworks */,
				371E266F1BCE50D500EE613B /* libopencv_videoio.3.0.0.dylib in Frameworks */,
				371E26701BCE50D500EE613B /* libopencv_highgui.3.0.0.dylib in Frameworks */,
			);
			runOnlyForDeploymentPostprocessing = 0;
		};
		37CA8ADA1BD78E29004ECA1F /* Frameworks */ = {
			isa = PBXFrameworksBuildPhase;
			buildActionMask = 2147483647;
			files = (
				37CA8ADB1BD78E29004ECA1F /* libopencv_imgproc.3.0.0.dylib in Frameworks */,
				37CA8ADC1BD78E29004ECA1F /* libopencv_core.3.0.0.dylib in Frameworks */,
				37CA8ADD1BD78E29004ECA1F /* libopencv_calib3d.3.0.0.dylib in Frameworks */,
				37CA8ADE1BD78E29004ECA1F /* libopencv_photo.3.0.0.dylib in Frameworks */,
				37CA8ADF1BD78E29004ECA1F /* libopencv_features2d.3.0.0.dylib in Frameworks */,
				37CA8AE01BD78E29004ECA1F /* libopencv_ml.3.0.0.dylib in Frameworks */,
				37CA8AE11BD78E29004ECA1F /* libopencv_stitching.3.0.0.dylib in Frameworks */,
				37CA8AE21BD78E29004ECA1F /* libopencv_objdetect.3.0.0.dylib in Frameworks */,
				37CA8AE31BD78E29004ECA1F /* libopencv_flann.3.0.0.dylib in Frameworks */,
				37CA8AE41BD78E29004ECA1F /* libopencv_video.3.0.0.dylib in Frameworks */,
				37CA8AE51BD78E29004ECA1F /* libopencv_videostab.3.0.0.dylib in Frameworks */,
				37CA8AE61BD78E29004ECA1F /* libopencv_imgcodecs.3.0.0.dylib in Frameworks */,
				37CA8AE71BD78E29004ECA1F /* libopencv_shape.3.0.0.dylib in Frameworks */,
				37CA8AE81BD78E29004ECA1F /* libopencv_superres.3.0.0.dylib in Frameworks */,
				37CA8AE91BD78E29004ECA1F /* libopencv_videoio.3.0.0.dylib in Frameworks */,
				37CA8AEA1BD78E29004ECA1F /* libopencv_highgui.3.0.0.dylib in Frameworks */,
			);
			runOnlyForDeploymentPostprocessing = 0;
		};
		37CA8AF51BD78F1B004ECA1F /* Frameworks */ = {
			isa = PBXFrameworksBuildPhase;
			buildActionMask = 2147483647;
			files = (
				37CA8AF61BD78F1B004ECA1F /* libopencv_imgproc.3.0.0.dylib in Frameworks */,
				37CA8AF71BD78F1B004ECA1F /* libopencv_core.3.0.0.dylib in Frameworks */,
				37CA8AF81BD78F1B004ECA1F /* libopencv_calib3d.3.0.0.dylib in Frameworks */,
				37CA8AF91BD78F1B004ECA1F /* libopencv_photo.3.0.0.dylib in Frameworks */,
				37CA8AFA1BD78F1B004ECA1F /* libopencv_features2d.3.0.0.dylib in Frameworks */,
				37CA8AFB1BD78F1B004ECA1F /* libopencv_ml.3.0.0.dylib in Frameworks */,
				37CA8AFC1BD78F1B004ECA1F /* libopencv_stitching.3.0.0.dylib in Frameworks */,
				37CA8AFD1BD78F1B004ECA1F /* libopencv_objdetect.3.0.0.dylib in Frameworks */,
				37CA8AFE1BD78F1B004ECA1F /* libopencv_flann.3.0.0.dylib in Frameworks */,
				37CA8AFF1BD78F1B004ECA1F /* libopencv_video.3.0.0.dylib in Frameworks */,
				37CA8B001BD78F1B004ECA1F /* libopencv_videostab.3.0.0.dylib in Frameworks */,
				37CA8B011BD78F1B004ECA1F /* libopencv_imgcodecs.3.0.0.dylib in Frameworks */,
				37CA8B021BD78F1B004ECA1F /* libopencv_shape.3.0.0.dylib in Frameworks */,
				37CA8B031BD78F1B004ECA1F /* libopencv_superres.3.0.0.dylib in Frameworks */,
				37CA8B041BD78F1B004ECA1F /* libopencv_videoio.3.0.0.dylib in Frameworks */,
				37CA8B051BD78F1B004ECA1F /* libopencv_highgui.3.0.0.dylib in Frameworks */,
			);
			runOnlyForDeploymentPostprocessing = 0;
		};
		37CA8B101BD792EF004ECA1F /* Frameworks */ = {
			isa = PBXFrameworksBuildPhase;
			buildActionMask = 2147483647;
			files = (
				37CA8B111BD792EF004ECA1F /* libopencv_imgproc.3.0.0.dylib in Frameworks */,
				37CA8B121BD792EF004ECA1F /* libopencv_core.3.0.0.dylib in Frameworks */,
				37CA8B131BD792EF004ECA1F /* libopencv_calib3d.3.0.0.dylib in Frameworks */,
				37CA8B141BD792EF004ECA1F /* libopencv_photo.3.0.0.dylib in Frameworks */,
				37CA8B151BD792EF004ECA1F /* libopencv_features2d.3.0.0.dylib in Frameworks */,
				37CA8B161BD792EF004ECA1F /* libopencv_ml.3.0.0.dylib in Frameworks */,
				37CA8B171BD792EF004ECA1F /* libopencv_stitching.3.0.0.dylib in Frameworks */,
				37CA8B181BD792EF004ECA1F /* libopencv_objdetect.3.0.0.dylib in Frameworks */,
				37CA8B191BD792EF004ECA1F /* libopencv_flann.3.0.0.dylib in Frameworks */,
				37CA8B1A1BD792EF004ECA1F /* libopencv_video.3.0.0.dylib in Frameworks */,
				37CA8B1B1BD792EF004ECA1F /* libopencv_videostab.3.0.0.dylib in Frameworks */,
				37CA8B1C1BD792EF004ECA1F /* libopencv_imgcodecs.3.0.0.dylib in Frameworks */,
				37CA8B1D1BD792EF004ECA1F /* libopencv_shape.3.0.0.dylib in Frameworks */,
				37CA8B1E1BD792EF004ECA1F /* libopencv_superres.3.0.0.dylib in Frameworks */,
				37CA8B1F1BD792EF004ECA1F /* libopencv_videoio.3.0.0.dylib in Frameworks */,
				37CA8B201BD792EF004ECA1F /* libopencv_highgui.3.0.0.dylib in Frameworks */,
			);
			runOnlyForDeploymentPostprocessing = 0;
		};
		37CA8B2B1BD79641004ECA1F /* Frameworks */ = {
			isa = PBXFrameworksBuildPhase;
			buildActionMask = 2147483647;
			files = (
				37CA8B2C1BD79641004ECA1F /* libopencv_imgproc.3.0.0.dylib in Frameworks */,
				37CA8B2D1BD79641004ECA1F /* libopencv_core.3.0.0.dylib in Frameworks */,
				37CA8B2E1BD79641004ECA1F /* libopencv_calib3d.3.0.0.dylib in Frameworks */,
				37CA8B2F1BD79641004ECA1F /* libopencv_photo.3.0.0.dylib in Frameworks */,
				37CA8B301BD79641004ECA1F /* libopencv_features2d.3.0.0.dylib in Frameworks */,
				37CA8B311BD79641004ECA1F /* libopencv_ml.3.0.0.dylib in Frameworks */,
				37CA8B321BD79641004ECA1F /* libopencv_stitching.3.0.0.dylib in Frameworks */,
				37CA8B331BD79641004ECA1F /* libopencv_objdetect.3.0.0.dylib in Frameworks */,
				37CA8B341BD79641004ECA1F /* libopencv_flann.3.0.0.dylib in Frameworks */,
				37CA8B351BD79641004ECA1F /* libopencv_video.3.0.0.dylib in Frameworks */,
				37CA8B361BD79641004ECA1F /* libopencv_videostab.3.0.0.dylib in Frameworks */,
				37CA8B371BD79641004ECA1F /* libopencv_imgcodecs.3.0.0.dylib in Frameworks */,
				37CA8B381BD79641004ECA1F /* libopencv_shape.3.0.0.dylib in Frameworks */,
				37CA8B391BD79641004ECA1F /* libopencv_superres.3.0.0.dylib in Frameworks */,
				37CA8B3A1BD79641004ECA1F /* libopencv_videoio.3.0.0.dylib in Frameworks */,
				37CA8B3B1BD79641004ECA1F /* libopencv_highgui.3.0.0.dylib in Frameworks */,
			);
			runOnlyForDeploymentPostprocessing = 0;
		};
		37CA8B461BD796DD004ECA1F /* Frameworks */ = {
			isa = PBXFrameworksBuildPhase;
			buildActionMask = 2147483647;
			files = (
				37CA8B471BD796DD004ECA1F /* libopencv_imgproc.3.0.0.dylib in Frameworks */,
				37CA8B481BD796DD004ECA1F /* libopencv_core.3.0.0.dylib in Frameworks */,
				37CA8B491BD796DD004ECA1F /* libopencv_calib3d.3.0.0.dylib in Frameworks */,
				37CA8B4A1BD796DD004ECA1F /* libopencv_photo.3.0.0.dylib in Frameworks */,
				37CA8B4B1BD796DD004ECA1F /* libopencv_features2d.3.0.0.dylib in Frameworks */,
				37CA8B4C1BD796DD004ECA1F /* libopencv_ml.3.0.0.dylib in Frameworks */,
				37CA8B4D1BD796DD004ECA1F /* libopencv_stitching.3.0.0.dylib in Frameworks */,
				37CA8B4E1BD796DD004ECA1F /* libopencv_objdetect.3.0.0.dylib in Frameworks */,
				37CA8B4F1BD796DD004ECA1F /* libopencv_flann.3.0.0.dylib in Frameworks */,
				37CA8B501BD796DD004ECA1F /* libopencv_video.3.0.0.dylib in Frameworks */,
				37CA8B511BD796DD004ECA1F /* libopencv_videostab.3.0.0.dylib in Frameworks */,
				37CA8B521BD796DD004ECA1F /* libopencv_imgcodecs.3.0.0.dylib in Frameworks */,
				37CA8B531BD796DD004ECA1F /* libopencv_shape.3.0.0.dylib in Frameworks */,
				37CA8B541BD796DD004ECA1F /* libopencv_superres.3.0.0.dylib in Frameworks */,
				37CA8B551BD796DD004ECA1F /* libopencv_videoio.3.0.0.dylib in Frameworks */,
				37CA8B561BD796DD004ECA1F /* libopencv_highgui.3.0.0.dylib in Frameworks */,
			);
			runOnlyForDeploymentPostprocessing = 0;
		};
		37CA8B611BD79869004ECA1F /* Frameworks */ = {
			isa = PBXFrameworksBuildPhase;
			buildActionMask = 2147483647;
			files = (
				37CA8B621BD79869004ECA1F /* libopencv_imgproc.3.0.0.dylib in Frameworks */,
				37CA8B631BD79869004ECA1F /* libopencv_core.3.0.0.dylib in Frameworks */,
				37CA8B641BD79869004ECA1F /* libopencv_calib3d.3.0.0.dylib in Frameworks */,
				37CA8B651BD79869004ECA1F /* libopencv_photo.3.0.0.dylib in Frameworks */,
				37CA8B661BD79869004ECA1F /* libopencv_features2d.3.0.0.dylib in Frameworks */,
				37CA8B671BD79869004ECA1F /* libopencv_ml.3.0.0.dylib in Frameworks */,
				37CA8B681BD79869004ECA1F /* libopencv_stitching.3.0.0.dylib in Frameworks */,
				37CA8B691BD79869004ECA1F /* libopencv_objdetect.3.0.0.dylib in Frameworks */,
				37CA8B6A1BD79869004ECA1F /* libopencv_flann.3.0.0.dylib in Frameworks */,
				37CA8B6B1BD79869004ECA1F /* libopencv_video.3.0.0.dylib in Frameworks */,
				37CA8B6C1BD79869004ECA1F /* libopencv_videostab.3.0.0.dylib in Frameworks */,
				37CA8B6D1BD79869004ECA1F /* libopencv_imgcodecs.3.0.0.dylib in Frameworks */,
				37CA8B6E1BD79869004ECA1F /* libopencv_shape.3.0.0.dylib in Frameworks */,
				37CA8B6F1BD79869004ECA1F /* libopencv_superres.3.0.0.dylib in Frameworks */,
				37CA8B701BD79869004ECA1F /* libopencv_videoio.3.0.0.dylib in Frameworks */,
				37CA8B711BD79869004ECA1F /* libopencv_highgui.3.0.0.dylib in Frameworks */,
			);
			runOnlyForDeploymentPostprocessing = 0;
		};
		37CA8B7C1BD79A2C004ECA1F /* Frameworks */ = {
			isa = PBXFrameworksBuildPhase;
			buildActionMask = 2147483647;
			files = (
				37CA8B7D1BD79A2C004ECA1F /* libopencv_imgproc.3.0.0.dylib in Frameworks */,
				37CA8B7E1BD79A2C004ECA1F /* libopencv_core.3.0.0.dylib in Frameworks */,
				37CA8B7F1BD79A2C004ECA1F /* libopencv_calib3d.3.0.0.dylib in Frameworks */,
				37CA8B801BD79A2C004ECA1F /* libopencv_photo.3.0.0.dylib in Frameworks */,
				37CA8B811BD79A2C004ECA1F /* libopencv_features2d.3.0.0.dylib in Frameworks */,
				37CA8B821BD79A2C004ECA1F /* libopencv_ml.3.0.0.dylib in Frameworks */,
				37CA8B831BD79A2C004ECA1F /* libopencv_stitching.3.0.0.dylib in Frameworks */,
				37CA8B841BD79A2C004ECA1F /* libopencv_objdetect.3.0.0.dylib in Frameworks */,
				37CA8B851BD79A2C004ECA1F /* libopencv_flann.3.0.0.dylib in Frameworks */,
				37CA8B861BD79A2C004ECA1F /* libopencv_video.3.0.0.dylib in Frameworks */,
				37CA8B871BD79A2C004ECA1F /* libopencv_videostab.3.0.0.dylib in Frameworks */,
				37CA8B881BD79A2C004ECA1F /* libopencv_imgcodecs.3.0.0.dylib in Frameworks */,
				37CA8B891BD79A2C004ECA1F /* libopencv_shape.3.0.0.dylib in Frameworks */,
				37CA8B8A1BD79A2C004ECA1F /* libopencv_superres.3.0.0.dylib in Frameworks */,
				37CA8B8B1BD79A2C004ECA1F /* libopencv_videoio.3.0.0.dylib in Frameworks */,
				37CA8B8C1BD79A2C004ECA1F /* libopencv_highgui.3.0.0.dylib in Frameworks */,
			);
			runOnlyForDeploymentPostprocessing = 0;
		};
		37CA8B971BD79AC0004ECA1F /* Frameworks */ = {
			isa = PBXFrameworksBuildPhase;
			buildActionMask = 2147483647;
			files = (
				37CA8B981BD79AC0004ECA1F /* libopencv_imgproc.3.0.0.dylib in Frameworks */,
				37CA8B991BD79AC0004ECA1F /* libopencv_core.3.0.0.dylib in Frameworks */,
				37CA8B9A1BD79AC0004ECA1F /* libopencv_calib3d.3.0.0.dylib in Frameworks */,
				37CA8B9B1BD79AC0004ECA1F /* libopencv_photo.3.0.0.dylib in Frameworks */,
				37CA8B9C1BD79AC0004ECA1F /* libopencv_features2d.3.0.0.dylib in Frameworks */,
				37CA8B9D1BD79AC0004ECA1F /* libopencv_ml.3.0.0.dylib in Frameworks */,
				37CA8B9E1BD79AC0004ECA1F /* libopencv_stitching.3.0.0.dylib in Frameworks */,
				37CA8B9F1BD79AC0004ECA1F /* libopencv_objdetect.3.0.0.dylib in Frameworks */,
				37CA8BA01BD79AC0004ECA1F /* libopencv_flann.3.0.0.dylib in Frameworks */,
				37CA8BA11BD79AC0004ECA1F /* libopencv_video.3.0.0.dylib in Frameworks */,
				37CA8BA21BD79AC0004ECA1F /* libopencv_videostab.3.0.0.dylib in Frameworks */,
				37CA8BA31BD79AC0004ECA1F /* libopencv_imgcodecs.3.0.0.dylib in Frameworks */,
				37CA8BA41BD79AC0004ECA1F /* libopencv_shape.3.0.0.dylib in Frameworks */,
				37CA8BA51BD79AC0004ECA1F /* libopencv_superres.3.0.0.dylib in Frameworks */,
				37CA8BA61BD79AC0004ECA1F /* libopencv_videoio.3.0.0.dylib in Frameworks */,
				37CA8BA71BD79AC0004ECA1F /* libopencv_highgui.3.0.0.dylib in Frameworks */,
			);
			runOnlyForDeploymentPostprocessing = 0;
		};
/* End PBXFrameworksBuildPhase section */

/* Begin PBXGroup section */
		371E263E1BCE505300EE613B = {
			isa = PBXGroup;
			children = (
				371E26711BCE50DB00EE613B /* lib */,
				371E26491BCE505300EE613B /* src */,
				371E26481BCE505300EE613B /* Products */,
			);
			sourceTree = "<group>";
		};
		371E26481BCE505300EE613B /* Products */ = {
			isa = PBXGroup;
			children = (
				371E26471BCE505300EE613B /* 1_cursor */,
				37CA8AEF1BD78E29004ECA1F /* 2_slider */,
				37CA8B0A1BD78F1B004ECA1F /* p1_diff_background */,
				37CA8B251BD792EF004ECA1F /* p1_diff_background_adv */,
				37CA8B401BD79641004ECA1F /* 3_labeling */,
				37CA8B5B1BD796DD004ECA1F /* p2_diff_labeling */,
				37CA8B761BD79869004ECA1F /* p2_diff_labeling_adv */,
				37CA8B911BD79A2C004ECA1F /* 4_segmentation */,
				37CA8BAC1BD79AC0004ECA1F /* 5_inpainting */,
			);
			name = Products;
			sourceTree = "<group>";
		};
		371E26491BCE505300EE613B /* src */ = {
			isa = PBXGroup;
			children = (
				371E264A1BCE505300EE613B /* 1_cursor.cpp */,
				37CA8AF01BD78E46004ECA1F /* 2_slider.cpp */,
				37CA8B0B1BD78F3E004ECA1F /* p1_diff_background.cpp */,
				37CA8B261BD79306004ECA1F /* p1_diff_background_adv.cpp */,
				37CA8B411BD79657004ECA1F /* 3_labeling.cpp */,
				37CA8B5C1BD79702004ECA1F /* p2_diff_labeling.cpp */,
				37CA8B771BD7987E004ECA1F /* p2_diff_labeling_adv.cpp */,
				37CA8B921BD79A40004ECA1F /* 4_segmentation.cpp */,
				37CA8BAD1BD79ADA004ECA1F /* 5_inpainting.cpp */,
			);
			path = src;
			sourceTree = SOURCE_ROOT;
		};
		371E26711BCE50DB00EE613B /* lib */ = {
			isa = PBXGroup;
			children = (
				371E26511BCE50D500EE613B /* libopencv_imgproc.3.0.0.dylib */,
				371E26521BCE50D500EE613B /* libopencv_core.3.0.0.dylib */,
				371E26531BCE50D500EE613B /* libopencv_calib3d.3.0.0.dylib */,
				371E26541BCE50D500EE613B /* libopencv_photo.3.0.0.dylib */,
				371E26551BCE50D500EE613B /* libopencv_features2d.3.0.0.dylib */,
				371E26561BCE50D500EE613B /* libopencv_ml.3.0.0.dylib */,
				371E26571BCE50D500EE613B /* libopencv_stitching.3.0.0.dylib */,
				371E26581BCE50D500EE613B /* libopencv_objdetect.3.0.0.dylib */,
				371E26591BCE50D500EE613B /* libopencv_flann.3.0.0.dylib */,
				371E265A1BCE50D500EE613B /* libopencv_video.3.0.0.dylib */,
				371E265B1BCE50D500EE613B /* libopencv_videostab.3.0.0.dylib */,
				371E265C1BCE50D500EE613B /* libopencv_imgcodecs.3.0.0.dylib */,
				371E265D1BCE50D500EE613B /* libopencv_shape.3.0.0.dylib */,
				371E265E1BCE50D500EE613B /* libopencv_superres.3.0.0.dylib */,
				371E265F1BCE50D500EE613B /* libopencv_videoio.3.0.0.dylib */,
				371E26601BCE50D500EE613B /* libopencv_highgui.3.0.0.dylib */,
			);
			name = lib;
			sourceTree = "<group>";
		};
/* End PBXGroup section */

/* Begin PBXNativeTarget section */
		371E26461BCE505300EE613B /* 1_cursor */ = {
			isa = PBXNativeTarget;
			buildConfigurationList = 371E264E1BCE505300EE613B /* Build configuration list for PBXNativeTarget "1_cursor" */;
			buildPhases = (
				371E26431BCE505300EE613B /* Sources */,
				371E26441BCE505300EE613B /* Frameworks */,
				371E26451BCE505300EE613B /* CopyFiles */,
			);
			buildRules = (
			);
			dependencies = (
			);
			name = 1_cursor;
			productName = 001;
			productReference = 371E26471BCE505300EE613B /* 1_cursor */;
			productType = "com.apple.product-type.tool";
		};
		37CA8AD71BD78E29004ECA1F /* 2_slider */ = {
			isa = PBXNativeTarget;
			buildConfigurationList = 37CA8AEC1BD78E29004ECA1F /* Build configuration list for PBXNativeTarget "2_slider" */;
			buildPhases = (
				37CA8AD81BD78E29004ECA1F /* Sources */,
				37CA8ADA1BD78E29004ECA1F /* Frameworks */,
				37CA8AEB1BD78E29004ECA1F /* CopyFiles */,
			);
			buildRules = (
			);
			dependencies = (
			);
			name = 2_slider;
			productName = 001;
			productReference = 37CA8AEF1BD78E29004ECA1F /* 2_slider */;
			productType = "com.apple.product-type.tool";
		};
		37CA8AF21BD78F1B004ECA1F /* p1_diff_background */ = {
			isa = PBXNativeTarget;
			buildConfigurationList = 37CA8B071BD78F1B004ECA1F /* Build configuration list for PBXNativeTarget "p1_diff_background" */;
			buildPhases = (
				37CA8AF31BD78F1B004ECA1F /* Sources */,
				37CA8AF51BD78F1B004ECA1F /* Frameworks */,
				37CA8B061BD78F1B004ECA1F /* CopyFiles */,
			);
			buildRules = (
			);
			dependencies = (
			);
			name = p1_diff_background;
			productName = 001;
			productReference = 37CA8B0A1BD78F1B004ECA1F /* p1_diff_background */;
			productType = "com.apple.product-type.tool";
		};
		37CA8B0D1BD792EF004ECA1F /* p1_diff_background_adv */ = {
			isa = PBXNativeTarget;
			buildConfigurationList = 37CA8B221BD792EF004ECA1F /* Build configuration list for PBXNativeTarget "p1_diff_background_adv" */;
			buildPhases = (
				37CA8B0E1BD792EF004ECA1F /* Sources */,
				37CA8B101BD792EF004ECA1F /* Frameworks */,
				37CA8B211BD792EF004ECA1F /* CopyFiles */,
			);
			buildRules = (
			);
			dependencies = (
			);
			name = p1_diff_background_adv;
			productName = 001;
			productReference = 37CA8B251BD792EF004ECA1F /* p1_diff_background_adv */;
			productType = "com.apple.product-type.tool";
		};
		37CA8B281BD79641004ECA1F /* 3_labeling */ = {
			isa = PBXNativeTarget;
			buildConfigurationList = 37CA8B3D1BD79641004ECA1F /* Build configuration list for PBXNativeTarget "3_labeling" */;
			buildPhases = (
				37CA8B291BD79641004ECA1F /* Sources */,
				37CA8B2B1BD79641004ECA1F /* Frameworks */,
				37CA8B3C1BD79641004ECA1F /* CopyFiles */,
			);
			buildRules = (
			);
			dependencies = (
			);
			name = 3_labeling;
			productName = 001;
			productReference = 37CA8B401BD79641004ECA1F /* 3_labeling */;
			productType = "com.apple.product-type.tool";
		};
		37CA8B431BD796DD004ECA1F /* p2_diff_labeling */ = {
			isa = PBXNativeTarget;
			buildConfigurationList = 37CA8B581BD796DD004ECA1F /* Build configuration list for PBXNativeTarget "p2_diff_labeling" */;
			buildPhases = (
				37CA8B441BD796DD004ECA1F /* Sources */,
				37CA8B461BD796DD004ECA1F /* Frameworks */,
				37CA8B571BD796DD004ECA1F /* CopyFiles */,
			);
			buildRules = (
			);
			dependencies = (
			);
			name = p2_diff_labeling;
			productName = 001;
			productReference = 37CA8B5B1BD796DD004ECA1F /* p2_diff_labeling */;
			productType = "com.apple.product-type.tool";
		};
		37CA8B5E1BD79869004ECA1F /* p2_diff_labeling_adv */ = {
			isa = PBXNativeTarget;
			buildConfigurationList = 37CA8B731BD79869004ECA1F /* Build configuration list for PBXNativeTarget "p2_diff_labeling_adv" */;
			buildPhases = (
				37CA8B5F1BD79869004ECA1F /* Sources */,
				37CA8B611BD79869004ECA1F /* Frameworks */,
				37CA8B721BD79869004ECA1F /* CopyFiles */,
			);
			buildRules = (
			);
			dependencies = (
			);
			name = p2_diff_labeling_adv;
			productName = 001;
			productReference = 37CA8B761BD79869004ECA1F /* p2_diff_labeling_adv */;
			productType = "com.apple.product-type.tool";
		};
		37CA8B791BD79A2C004ECA1F /* 4_segmentation */ = {
			isa = PBXNativeTarget;
			buildConfigurationList = 37CA8B8E1BD79A2C004ECA1F /* Build configuration list for PBXNativeTarget "4_segmentation" */;
			buildPhases = (
				37CA8B7A1BD79A2C004ECA1F /* Sources */,
				37CA8B7C1BD79A2C004ECA1F /* Frameworks */,
				37CA8B8D1BD79A2C004ECA1F /* CopyFiles */,
			);
			buildRules = (
			);
			dependencies = (
			);
			name = 4_segmentation;
			productName = 001;
			productReference = 37CA8B911BD79A2C004ECA1F /* 4_segmentation */;
			productType = "com.apple.product-type.tool";
		};
		37CA8B941BD79AC0004ECA1F /* 5_inpainting */ = {
			isa = PBXNativeTarget;
			buildConfigurationList = 37CA8BA91BD79AC0004ECA1F /* Build configuration list for PBXNativeTarget "5_inpainting" */;
			buildPhases = (
				37CA8B951BD79AC0004ECA1F /* Sources */,
				37CA8B971BD79AC0004ECA1F /* Frameworks */,
				37CA8BA81BD79AC0004ECA1F /* CopyFiles */,
			);
			buildRules = (
			);
			dependencies = (
			);
			name = 5_inpainting;
			productName = 001;
			productReference = 37CA8BAC1BD79AC0004ECA1F /* 5_inpainting */;
			productType = "com.apple.product-type.tool";
		};
/* End PBXNativeTarget section */

/* Begin PBXProject section */
		371E263F1BCE505300EE613B /* Project object */ = {
			isa = PBXProject;
			attributes = {
				LastUpgradeCheck = 0700;
				ORGANIZATIONNAME = "Kenta Hara";
				TargetAttributes = {
					371E26461BCE505300EE613B = {
						CreatedOnToolsVersion = 7.0.1;
					};
				};
			};
			buildConfigurationList = 371E26421BCE505300EE613B /* Build configuration list for PBXProject "004" */;
			compatibilityVersion = "Xcode 3.2";
			developmentRegion = English;
			hasScannedForEncodings = 0;
			knownRegions = (
				en,
			);
			mainGroup = 371E263E1BCE505300EE613B;
			productRefGroup = 371E26481BCE505300EE613B /* Products */;
			projectDirPath = "";
			projectRoot = "";
			targets = (
				371E26461BCE505300EE613B /* 1_cursor */,
				37CA8AD71BD78E29004ECA1F /* 2_slider */,
				37CA8AF21BD78F1B004ECA1F /* p1_diff_background */,
				37CA8B0D1BD792EF004ECA1F /* p1_diff_background_adv */,
				37CA8B281BD79641004ECA1F /* 3_labeling */,
				37CA8B431BD796DD004ECA1F /* p2_diff_labeling */,
				37CA8B5E1BD79869004ECA1F /* p2_diff_labeling_adv */,
				37CA8B791BD79A2C004ECA1F /* 4_segmentation */,
				37CA8B941BD79AC0004ECA1F /* 5_inpainting */,
			);
		};
/* End PBXProject section */

/* Begin PBXSourcesBuildPhase section */
		371E26431BCE505300EE613B /* Sources */ = {
			isa = PBXSourcesBuildPhase;
			buildActionMask = 2147483647;
			files = (
				371E264B1BCE505300EE613B /* 1_cursor.cpp in Sources */,
			);
			runOnlyForDeploymentPostprocessing = 0;
		};
		37CA8AD81BD78E29004ECA1F /* Sources */ = {
			isa = PBXSourcesBuildPhase;
			buildActionMask = 2147483647;
			files = (
				37CA8AF11BD78E46004ECA1F /* 2_slider.cpp in Sources */,
			);
			runOnlyForDeploymentPostprocessing = 0;
		};
		37CA8AF31BD78F1B004ECA1F /* Sources */ = {
			isa = PBXSourcesBuildPhase;
			buildActionMask = 2147483647;
			files = (
				37CA8B0C1BD78F3E004ECA1F /* p1_diff_background.cpp in Sources */,
			);
			runOnlyForDeploymentPostprocessing = 0;
		};
		37CA8B0E1BD792EF004ECA1F /* Sources */ = {
			isa = PBXSourcesBuildPhase;
			buildActionMask = 2147483647;
			files = (
				37CA8B271BD79306004ECA1F /* p1_diff_background_adv.cpp in Sources */,
			);
			runOnlyForDeploymentPostprocessing = 0;
		};
		37CA8B291BD79641004ECA1F /* Sources */ = {
			isa = PBXSourcesBuildPhase;
			buildActionMask = 2147483647;
			files = (
				37CA8B421BD79657004ECA1F /* 3_labeling.cpp in Sources */,
			);
			runOnlyForDeploymentPostprocessing = 0;
		};
		37CA8B441BD796DD004ECA1F /* Sources */ = {
			isa = PBXSourcesBuildPhase;
			buildActionMask = 2147483647;
			files = (
				37CA8B5D1BD79702004ECA1F /* p2_diff_labeling.cpp in Sources */,
			);
			runOnlyForDeploymentPostprocessing = 0;
		};
		37CA8B5F1BD79869004ECA1F /* Sources */ = {
			isa = PBXSourcesBuildPhase;
			buildActionMask = 2147483647;
			files = (
				37CA8B781BD7987E004ECA1F /* p2_diff_labeling_adv.cpp in Sources */,
			);
			runOnlyForDeploymentPostprocessing = 0;
		};
		37CA8B7A1BD79A2C004ECA1F /* Sources */ = {
			isa = PBXSourcesBuildPhase;
			buildActionMask = 2147483647;
			files = (
				37CA8B931BD79A40004ECA1F /* 4_segmentation.cpp in Sources */,
			);
			runOnlyForDeploymentPostprocessing = 0;
		};
		37CA8B951BD79AC0004ECA1F /* Sources */ = {
			isa = PBXSourcesBuildPhase;
			buildActionMask = 2147483647;
			files = (
				37CA8BAE1BD79ADA004ECA1F /* 5_inpainting.cpp in Sources */,
			);
			runOnlyForDeploymentPostprocessing = 0;
		};
/* End PBXSourcesBuildPhase section */

/* Begin XCBuildConfiguration section */
		371E264C1BCE505300EE613B /* Debug */ = {
			isa = XCBuildConfiguration;
			buildSettings = {
				ALWAYS_SEARCH_USER_PATHS = NO;
				CLANG_CXX_LANGUAGE_STANDARD = "gnu++0x";
				CLANG_CXX_LIBRARY = "libc++";
				CLANG_ENABLE_MODULES = YES;
				CLANG_ENABLE_OBJC_ARC = YES;
				CLANG_WARN_BOOL_CONVERSION = YES;
				CLANG_WARN_CONSTANT_CONVERSION = YES;
				CLANG_WARN_DIRECT_OBJC_ISA_USAGE = YES_ERROR;
				CLANG_WARN_EMPTY_BODY = YES;
				CLANG_WARN_ENUM_CONVERSION = YES;
				CLANG_WARN_INT_CONVERSION = YES;
				CLANG_WARN_OBJC_ROOT_CLASS = YES_ERROR;
				CLANG_WARN_UNREACHABLE_CODE = YES;
				CLANG_WARN__DUPLICATE_METHOD_MATCH = YES;
				COPY_PHASE_STRIP = NO;
				DEBUG_INFORMATION_FORMAT = dwarf;
				ENABLE_STRICT_OBJC_MSGSEND = YES;
				ENABLE_TESTABILITY = YES;
				GCC_C_LANGUAGE_STANDARD = gnu99;
				GCC_DYNAMIC_NO_PIC = NO;
				GCC_NO_COMMON_BLOCKS = YES;
				GCC_OPTIMIZATION_LEVEL = 0;
				GCC_PREPROCESSOR_DEFINITIONS = (
					"DEBUG=1",
					"$(inherited)",
				);
				GCC_WARN_64_TO_32_BIT_CONVERSION = YES;
				GCC_WARN_ABOUT_RETURN_TYPE = YES_ERROR;
				GCC_WARN_UNDECLARED_SELECTOR = YES;
				GCC_WARN_UNINITIALIZED_AUTOS = YES_AGGRESSIVE;
				GCC_WARN_UNUSED_FUNCTION = YES;
				GCC_WARN_UNUSED_VARIABLE = YES;
				MACOSX_DEPLOYMENT_TARGET = 10.10;
				MTL_ENABLE_DEBUG_INFO = YES;
				ONLY_ACTIVE_ARCH = YES;
				SDKROOT = macosx;
			};
			name = Debug;
		};
		371E264D1BCE505300EE613B /* Release */ = {
			isa = XCBuildConfiguration;
			buildSettings = {
				ALWAYS_SEARCH_USER_PATHS = NO;
				CLANG_CXX_LANGUAGE_STANDARD = "gnu++0x";
				CLANG_CXX_LIBRARY = "libc++";
				CLANG_ENABLE_MODULES = YES;
				CLANG_ENABLE_OBJC_ARC = YES;
				CLANG_WARN_BOOL_CONVERSION = YES;
				CLANG_WARN_CONSTANT_CONVERSION = YES;
				CLANG_WARN_DIRECT_OBJC_ISA_USAGE = YES_ERROR;
				CLANG_WARN_EMPTY_BODY = YES;
				CLANG_WARN_ENUM_CONVERSION = YES;
				CLANG_WARN_INT_CONVERSION = YES;
				CLANG_WARN_OBJC_ROOT_CLASS = YES_ERROR;
				CLANG_WARN_UNREACHABLE_CODE = YES;
				CLANG_WARN__DUPLICATE_METHOD_MATCH = YES;
				COPY_PHASE_STRIP = NO;
				DEBUG_INFORMATION_FORMAT = "dwarf-with-dsym";
				ENABLE_NS_ASSERTIONS = NO;
				ENABLE_STRICT_OBJC_MSGSEND = YES;
				GCC_C_LANGUAGE_STANDARD = gnu99;
				GCC_NO_COMMON_BLOCKS = YES;
				GCC_WARN_64_TO_32_BIT_CONVERSION = YES;
				GCC_WARN_ABOUT_RETURN_TYPE = YES_ERROR;
				GCC_WARN_UNDECLARED_SELECTOR = YES;
				GCC_WARN_UNINITIALIZED_AUTOS = YES_AGGRESSIVE;
				GCC_WARN_UNUSED_FUNCTION = YES;
				GCC_WARN_UNUSED_VARIABLE = YES;
				MACOSX_DEPLOYMENT_TARGET = 10.10;
				MTL_ENABLE_DEBUG_INFO = NO;
				SDKROOT = macosx;
			};
			name = Release;
		};
		371E264F1BCE505300EE613B /* Debug */ = {
			isa = XCBuildConfiguration;
			buildSettings = {
				HEADER_SEARCH_PATHS = "/usr/local/opt/opencv3/include/**";
				LIBRARY_SEARCH_PATHS = (
					"/usr/local/opt/opencv3/lib/**",
					/usr/local/Cellar/opencv3/3.0.0/lib,
				);
				PRODUCT_NAME = 1_cursor;
			};
			name = Debug;
		};
		371E26501BCE505300EE613B /* Release */ = {
			isa = XCBuildConfiguration;
			buildSettings = {
				HEADER_SEARCH_PATHS = "/usr/local/opt/opencv3/include/**";
				LIBRARY_SEARCH_PATHS = (
					"/usr/local/opt/opencv3/lib/**",
					/usr/local/Cellar/opencv3/3.0.0/lib,
				);
				PRODUCT_NAME = 1_cursor;
			};
			name = Release;
		};
		37CA8AED1BD78E29004ECA1F /* Debug */ = {
			isa = XCBuildConfiguration;
			buildSettings = {
				HEADER_SEARCH_PATHS = "/usr/local/opt/opencv3/include/**";
				LIBRARY_SEARCH_PATHS = (
					"/usr/local/opt/opencv3/lib/**",
					/usr/local/Cellar/opencv3/3.0.0/lib,
				);
				PRODUCT_NAME = "$(TARGET_NAME)";
			};
			name = Debug;
		};
		37CA8AEE1BD78E29004ECA1F /* Release */ = {
			isa = XCBuildConfiguration;
			buildSettings = {
				HEADER_SEARCH_PATHS = "/usr/local/opt/opencv3/include/**";
				LIBRARY_SEARCH_PATHS = (
					"/usr/local/opt/opencv3/lib/**",
					/usr/local/Cellar/opencv3/3.0.0/lib,
				);
				PRODUCT_NAME = "$(TARGET_NAME)";
			};
			name = Release;
		};
		37CA8B081BD78F1B004ECA1F /* Debug */ = {
			isa = XCBuildConfiguration;
			buildSettings = {
				HEADER_SEARCH_PATHS = "/usr/local/opt/opencv3/include/**";
				LIBRARY_SEARCH_PATHS = (
					"/usr/local/opt/opencv3/lib/**",
					/usr/local/Cellar/opencv3/3.0.0/lib,
				);
				PRODUCT_NAME = "$(TARGET_NAME)";
			};
			name = Debug;
		};
		37CA8B091BD78F1B004ECA1F /* Release */ = {
			isa = XCBuildConfiguration;
			buildSettings = {
				HEADER_SEARCH_PATHS = "/usr/local/opt/opencv3/include/**";
				LIBRARY_SEARCH_PATHS = (
					"/usr/local/opt/opencv3/lib/**",
					/usr/local/Cellar/opencv3/3.0.0/lib,
				);
				PRODUCT_NAME = "$(TARGET_NAME)";
			};
			name = Release;
		};
		37CA8B231BD792EF004ECA1F /* Debug */ = {
			isa = XCBuildConfiguration;
			buildSettings = {
				HEADER_SEARCH_PATHS = "/usr/local/opt/opencv3/include/**";
				LIBRARY_SEARCH_PATHS = (
					"/usr/local/opt/opencv3/lib/**",
					/usr/local/Cellar/opencv3/3.0.0/lib,
				);
				PRODUCT_NAME = "$(TARGET_NAME)";
			};
			name = Debug;
		};
		37CA8B241BD792EF004ECA1F /* Release */ = {
			isa = XCBuildConfiguration;
			buildSettings = {
				HEADER_SEARCH_PATHS = "/usr/local/opt/opencv3/include/**";
				LIBRARY_SEARCH_PATHS = (
					"/usr/local/opt/opencv3/lib/**",
					/usr/local/Cellar/opencv3/3.0.0/lib,
				);
				PRODUCT_NAME = "$(TARGET_NAME)";
			};
			name = Release;
		};
		37CA8B3E1BD79641004ECA1F /* Debug */ = {
			isa = XCBuildConfiguration;
			buildSettings = {
				HEADER_SEARCH_PATHS = "/usr/local/opt/opencv3/include/**";
				LIBRARY_SEARCH_PATHS = (
					"/usr/local/opt/opencv3/lib/**",
					/usr/local/Cellar/opencv3/3.0.0/lib,
				);
				PRODUCT_NAME = "$(TARGET_NAME)";
			};
			name = Debug;
		};
		37CA8B3F1BD79641004ECA1F /* Release */ = {
			isa = XCBuildConfiguration;
			buildSettings = {
				HEADER_SEARCH_PATHS = "/usr/local/opt/opencv3/include/**";
				LIBRARY_SEARCH_PATHS = (
					"/usr/local/opt/opencv3/lib/**",
					/usr/local/Cellar/opencv3/3.0.0/lib,
				);
				PRODUCT_NAME = "$(TARGET_NAME)";
			};
			name = Release;
		};
		37CA8B591BD796DD004ECA1F /* Debug */ = {
			isa = XCBuildConfiguration;
			buildSettings = {
				HEADER_SEARCH_PATHS = "/usr/local/opt/opencv3/include/**";
				LIBRARY_SEARCH_PATHS = (
					"/usr/local/opt/opencv3/lib/**",
					/usr/local/Cellar/opencv3/3.0.0/lib,
				);
				PRODUCT_NAME = "$(TARGET_NAME)";
			};
			name = Debug;
		};
		37CA8B5A1BD796DD004ECA1F /* Release */ = {
			isa = XCBuildConfiguration;
			buildSettings = {
				HEADER_SEARCH_PATHS = "/usr/local/opt/opencv3/include/**";
				LIBRARY_SEARCH_PATHS = (
					"/usr/local/opt/opencv3/lib/**",
					/usr/local/Cellar/opencv3/3.0.0/lib,
				);
				PRODUCT_NAME = "$(TARGET_NAME)";
			};
			name = Release;
		};
		37CA8B741BD79869004ECA1F /* Debug */ = {
			isa = XCBuildConfiguration;
			buildSettings = {
				HEADER_SEARCH_PATHS = "/usr/local/opt/opencv3/include/**";
				LIBRARY_SEARCH_PATHS = (
					"/usr/local/opt/opencv3/lib/**",
					/usr/local/Cellar/opencv3/3.0.0/lib,
				);
				PRODUCT_NAME = "$(TARGET_NAME)";
			};
			name = Debug;
		};
		37CA8B751BD79869004ECA1F /* Release */ = {
			isa = XCBuildConfiguration;
			buildSettings = {
				HEADER_SEARCH_PATHS = "/usr/local/opt/opencv3/include/**";
				LIBRARY_SEARCH_PATHS = (
					"/usr/local/opt/opencv3/lib/**",
					/usr/local/Cellar/opencv3/3.0.0/lib,
				);
				PRODUCT_NAME = "$(TARGET_NAME)";
			};
			name = Release;
		};
		37CA8B8F1BD79A2C004ECA1F /* Debug */ = {
			isa = XCBuildConfiguration;
			buildSettings = {
				HEADER_SEARCH_PATHS = "/usr/local/opt/opencv3/include/**";
				LIBRARY_SEARCH_PATHS = (
					"/usr/local/opt/opencv3/lib/**",
					/usr/local/Cellar/opencv3/3.0.0/lib,
				);
				PRODUCT_NAME = "$(TARGET_NAME)";
			};
			name = Debug;
		};
		37CA8B901BD79A2C004ECA1F /* Release */ = {
			isa = XCBuildConfiguration;
			buildSettings = {
				HEADER_SEARCH_PATHS = "/usr/local/opt/opencv3/include/**";
				LIBRARY_SEARCH_PATHS = (
					"/usr/local/opt/opencv3/lib/**",
					/usr/local/Cellar/opencv3/3.0.0/lib,
				);
				PRODUCT_NAME = "$(TARGET_NAME)";
			};
			name = Release;
		};
		37CA8BAA1BD79AC0004ECA1F /* Debug */ = {
			isa = XCBuildConfiguration;
			buildSettings = {
				HEADER_SEARCH_PATHS = "/usr/local/opt/opencv3/include/**";
				LIBRARY_SEARCH_PATHS = (
					"/usr/local/opt/opencv3/lib/**",
					/usr/local/Cellar/opencv3/3.0.0/lib,
				);
				PRODUCT_NAME = "$(TARGET_NAME)";
			};
			name = Debug;
		};
		37CA8BAB1BD79AC0004ECA1F /* Release */ = {
			isa = XCBuildConfiguration;
			buildSettings = {
				HEADER_SEARCH_PATHS = "/usr/local/opt/opencv3/include/**";
				LIBRARY_SEARCH_PATHS = (
					"/usr/local/opt/opencv3/lib/**",
					/usr/local/Cellar/opencv3/3.0.0/lib,
				);
				PRODUCT_NAME = "$(TARGET_NAME)";
			};
			name = Release;
		};
/* End XCBuildConfiguration section */

/* Begin XCConfigurationList section */
		371E26421BCE505300EE613B /* Build configuration list for PBXProject "004" */ = {
			isa = XCConfigurationList;
			buildConfigurations = (
				371E264C1BCE505300EE613B /* Debug */,
				371E264D1BCE505300EE613B /* Release */,
			);
			defaultConfigurationIsVisible = 0;
			defaultConfigurationName = Release;
		};
		371E264E1BCE505300EE613B /* Build configuration list for PBXNativeTarget "1_cursor" */ = {
			isa = XCConfigurationList;
			buildConfigurations = (
				371E264F1BCE505300EE613B /* Debug */,
				371E26501BCE505300EE613B /* Release */,
			);
			defaultConfigurationIsVisible = 0;
			defaultConfigurationName = Release;
		};
		37CA8AEC1BD78E29004ECA1F /* Build configuration list for PBXNativeTarget "2_slider" */ = {
			isa = XCConfigurationList;
			buildConfigurations = (
				37CA8AED1BD78E29004ECA1F /* Debug */,
				37CA8AEE1BD78E29004ECA1F /* Release */,
			);
			defaultConfigurationIsVisible = 0;
			defaultConfigurationName = Release;
		};
		37CA8B071BD78F1B004ECA1F /* Build configuration list for PBXNativeTarget "p1_diff_background" */ = {
			isa = XCConfigurationList;
			buildConfigurations = (
				37CA8B081BD78F1B004ECA1F /* Debug */,
				37CA8B091BD78F1B004ECA1F /* Release */,
			);
			defaultConfigurationIsVisible = 0;
			defaultConfigurationName = Release;
		};
		37CA8B221BD792EF004ECA1F /* Build configuration list for PBXNativeTarget "p1_diff_background_adv" */ = {
			isa = XCConfigurationList;
			buildConfigurations = (
				37CA8B231BD792EF004ECA1F /* Debug */,
				37CA8B241BD792EF004ECA1F /* Release */,
			);
			defaultConfigurationIsVisible = 0;
			defaultConfigurationName = Release;
		};
		37CA8B3D1BD79641004ECA1F /* Build configuration list for PBXNativeTarget "3_labeling" */ = {
			isa = XCConfigurationList;
			buildConfigurations = (
				37CA8B3E1BD79641004ECA1F /* Debug */,
				37CA8B3F1BD79641004ECA1F /* Release */,
			);
			defaultConfigurationIsVisible = 0;
			defaultConfigurationName = Release;
		};
		37CA8B581BD796DD004ECA1F /* Build configuration list for PBXNativeTarget "p2_diff_labeling" */ = {
			isa = XCConfigurationList;
			buildConfigurations = (
				37CA8B591BD796DD004ECA1F /* Debug */,
				37CA8B5A1BD796DD004ECA1F /* Release */,
			);
			defaultConfigurationIsVisible = 0;
			defaultConfigurationName = Release;
		};
		37CA8B731BD79869004ECA1F /* Build configuration list for PBXNativeTarget "p2_diff_labeling_adv" */ = {
			isa = XCConfigurationList;
			buildConfigurations = (
				37CA8B741BD79869004ECA1F /* Debug */,
				37CA8B751BD79869004ECA1F /* Release */,
			);
			defaultConfigurationIsVisible = 0;
			defaultConfigurationName = Release;
		};
		37CA8B8E1BD79A2C004ECA1F /* Build configuration list for PBXNativeTarget "4_segmentation" */ = {
			isa = XCConfigurationList;
			buildConfigurations = (
				37CA8B8F1BD79A2C004ECA1F /* Debug */,
				37CA8B901BD79A2C004ECA1F /* Release */,
			);
			defaultConfigurationIsVisible = 0;
			defaultConfigurationName = Release;
		};
		37CA8BA91BD79AC0004ECA1F /* Build configuration list for PBXNativeTarget "5_inpainting" */ = {
			isa = XCConfigurationList;
			buildConfigurations = (
				37CA8BAA1BD79AC0004ECA1F /* Debug */,
				37CA8BAB1BD79AC0004ECA1F /* Release */,
			);
			defaultConfigurationIsVisible = 0;
			defaultConfigurationName = Release;
		};
/* End XCConfigurationList section */
	};
	rootObject = 371E263F1BCE505300EE613B /* Project object */;
}
