// !$*UTF8*$!
{
	archiveVersion = 1;
	classes = {
	};
	objectVersion = 46;
	objects = {

/* Begin PBXBuildFile section */
		371E264B1BCE505300EE613B /* main.cpp in Sources */ = {isa = PBXBuildFile; fileRef = 371E264A1BCE505300EE613B /* main.cpp */; };
		371E26611BCE50D500EE613B /* libopencv_imgproc.3.0.0.dylib in Frameworks */ = {isa = PBXBuildFile; fileRef = 371E26511BCE50D500EE613B /* libopencv_imgproc.3.0.0.dylib */; };
		371E26621BCE50D500EE613B /* libopencv_core.3.0.0.dylib in Frameworks */ = {isa = PBXBuildFile; fileRef = 371E26521BCE50D500EE613B /* libopencv_core.3.0.0.dylib */; };
		371E26631BCE50D500EE613B /* libopencv_calib3d.3.0.0.dylib in Frameworks */ = {isa = PBXBuildFile; fileRef = 371E26531BCE50D500EE613B /* libopencv_calib3d.3.0.0.dylib */; };
		371E26641BCE50D500EE613B /* libopencv_photo.3.0.0.dylib in Frameworks */ = {isa = PBXBuildFile; fileRef = 371E26541BCE50D500EE613B /* libopencv_photo.3.0.0.dylib */; };
		371E26651BCE50D500EE613B /* libopencv_features2d.3.0.0.dylib in Frameworks */ = {isa = PBXBuildFile; fileRef = 371E26551BCE50D500EE613B /* libopencv_features2d.3.0.0.dylib */; };
		371E26661BCE50D500EE613B /* libopencv_ml.3.0.0.dylib in Frameworks */ = {isa = PBXBuildFile; fileRef = 371E26561BCE50D500EE613B /* libopencv_ml.3.0.0.dylib */; };
		371E26671BCE50D500EE613B /* libopencv_stitching.3.0.0.dylib in Frameworks */ = {isa = PBXBuildFile; fileRef = 371E26571BCE50D500EE613B /* libopencv_stitching.3.0.0.dylib */; };
		371E26681BCE50D500EE613B /* libopencv_objdetect.3.0.0.dylib in Frameworks */ = {isa = PBXBuildFile; fileRef = 371E26581BCE50D500EE613B /* libopencv_objdetect.3.0.0.dylib */; };
		371E26691BCE50D500EE613B /* libopencv_flann.3.0.0.dylib in Frameworks */ = {isa = PBXBuildFile; fileRef = 371E26591BCE50D500EE613B /* libopencv_flann.3.0.0.dylib */; };
		371E266A1BCE50D500EE613B /* libopencv_video.3.0.0.dylib in Frameworks */ = {isa = PBXBuildFile; fileRef = 371E265A1BCE50D500EE613B /* libopencv_video.3.0.0.dylib */; };
		371E266B1BCE50D500EE613B /* libopencv_videostab.3.0.0.dylib in Frameworks */ = {isa = PBXBuildFile; fileRef = 371E265B1BCE50D500EE613B /* libopencv_videostab.3.0.0.dylib */; };
		371E266C1BCE50D500EE613B /* libopencv_imgcodecs.3.0.0.dylib in Frameworks */ = {isa = PBXBuildFile; fileRef = 371E265C1BCE50D500EE613B /* libopencv_imgcodecs.3.0.0.dylib */; };
		371E266D1BCE50D500EE613B /* libopencv_shape.3.0.0.dylib in Frameworks */ = {isa = PBXBuildFile; fileRef = 371E265D1BCE50D500EE613B /* libopencv_shape.3.0.0.dylib */; };
		371E266E1BCE50D500EE613B /* libopencv_superres.3.0.0.dylib in Frameworks */ = {isa = PBXBuildFile; fileRef = 371E265E1BCE50D500EE613B /* libopencv_superres.3.0.0.dylib */; };
		371E266F1BCE50D500EE613B /* libopencv_videoio.3.0.0.dylib in Frameworks */ = {isa = PBXBuildFile; fileRef = 371E265F1BCE50D500EE613B /* libopencv_videoio.3.0.0.dylib */; };
		371E26701BCE50D500EE613B /* libopencv_highgui.3.0.0.dylib in Frameworks */ = {isa = PBXBuildFile; fileRef = 371E26601BCE50D500EE613B /* libopencv_highgui.3.0.0.dylib */; };
		371E26751BCE53EA00EE613B /* Lenna.jpg in Copy Files */ = {isa = PBXBuildFile; fileRef = 371E26731BCE534100EE613B /* Lenna.jpg */; };
		371E26901BCE55EB00EE613B /* libopencv_imgproc.3.0.0.dylib in Frameworks */ = {isa = PBXBuildFile; fileRef = 371E26511BCE50D500EE613B /* libopencv_imgproc.3.0.0.dylib */; };
		371E26911BCE55EB00EE613B /* libopencv_core.3.0.0.dylib in Frameworks */ = {isa = PBXBuildFile; fileRef = 371E26521BCE50D500EE613B /* libopencv_core.3.0.0.dylib */; };
		371E26921BCE55EB00EE613B /* libopencv_calib3d.3.0.0.dylib in Frameworks */ = {isa = PBXBuildFile; fileRef = 371E26531BCE50D500EE613B /* libopencv_calib3d.3.0.0.dylib */; };
		371E26931BCE55EB00EE613B /* libopencv_photo.3.0.0.dylib in Frameworks */ = {isa = PBXBuildFile; fileRef = 371E26541BCE50D500EE613B /* libopencv_photo.3.0.0.dylib */; };
		371E26941BCE55EB00EE613B /* libopencv_features2d.3.0.0.dylib in Frameworks */ = {isa = PBXBuildFile; fileRef = 371E26551BCE50D500EE613B /* libopencv_features2d.3.0.0.dylib */; };
		371E26951BCE55EB00EE613B /* libopencv_ml.3.0.0.dylib in Frameworks */ = {isa = PBXBuildFile; fileRef = 371E26561BCE50D500EE613B /* libopencv_ml.3.0.0.dylib */; };
		371E26961BCE55EB00EE613B /* libopencv_stitching.3.0.0.dylib in Frameworks */ = {isa = PBXBuildFile; fileRef = 371E26571BCE50D500EE613B /* libopencv_stitching.3.0.0.dylib */; };
		371E26971BCE55EB00EE613B /* libopencv_objdetect.3.0.0.dylib in Frameworks */ = {isa = PBXBuildFile; fileRef = 371E26581BCE50D500EE613B /* libopencv_objdetect.3.0.0.dylib */; };
		371E26981BCE55EB00EE613B /* libopencv_flann.3.0.0.dylib in Frameworks */ = {isa = PBXBuildFile; fileRef = 371E26591BCE50D500EE613B /* libopencv_flann.3.0.0.dylib */; };
		371E26991BCE55EB00EE613B /* libopencv_video.3.0.0.dylib in Frameworks */ = {isa = PBXBuildFile; fileRef = 371E265A1BCE50D500EE613B /* libopencv_video.3.0.0.dylib */; };
		371E269A1BCE55EB00EE613B /* libopencv_videostab.3.0.0.dylib in Frameworks */ = {isa = PBXBuildFile; fileRef = 371E265B1BCE50D500EE613B /* libopencv_videostab.3.0.0.dylib */; };
		371E269B1BCE55EB00EE613B /* libopencv_imgcodecs.3.0.0.dylib in Frameworks */ = {isa = PBXBuildFile; fileRef = 371E265C1BCE50D500EE613B /* libopencv_imgcodecs.3.0.0.dylib */; };
		371E269C1BCE55EB00EE613B /* libopencv_shape.3.0.0.dylib in Frameworks */ = {isa = PBXBuildFile; fileRef = 371E265D1BCE50D500EE613B /* libopencv_shape.3.0.0.dylib */; };
		371E269D1BCE55EB00EE613B /* libopencv_superres.3.0.0.dylib in Frameworks */ = {isa = PBXBuildFile; fileRef = 371E265E1BCE50D500EE613B /* libopencv_superres.3.0.0.dylib */; };
		371E269E1BCE55EB00EE613B /* libopencv_videoio.3.0.0.dylib in Frameworks */ = {isa = PBXBuildFile; fileRef = 371E265F1BCE50D500EE613B /* libopencv_videoio.3.0.0.dylib */; };
		371E269F1BCE55EB00EE613B /* libopencv_highgui.3.0.0.dylib in Frameworks */ = {isa = PBXBuildFile; fileRef = 371E26601BCE50D500EE613B /* libopencv_highgui.3.0.0.dylib */; };
		371E26A11BCE55EB00EE613B /* Lenna.jpg in Copy Files */ = {isa = PBXBuildFile; fileRef = 371E26731BCE534100EE613B /* Lenna.jpg */; };
		371E26A61BCE560D00EE613B /* main.cpp in Sources */ = {isa = PBXBuildFile; fileRef = 371E26871BCE55C000EE613B /* main.cpp */; };
		371E26AC1BCE574D00EE613B /* libopencv_imgproc.3.0.0.dylib in Frameworks */ = {isa = PBXBuildFile; fileRef = 371E26511BCE50D500EE613B /* libopencv_imgproc.3.0.0.dylib */; };
		371E26AD1BCE574D00EE613B /* libopencv_core.3.0.0.dylib in Frameworks */ = {isa = PBXBuildFile; fileRef = 371E26521BCE50D500EE613B /* libopencv_core.3.0.0.dylib */; };
		371E26AE1BCE574D00EE613B /* libopencv_calib3d.3.0.0.dylib in Frameworks */ = {isa = PBXBuildFile; fileRef = 371E26531BCE50D500EE613B /* libopencv_calib3d.3.0.0.dylib */; };
		371E26AF1BCE574D00EE613B /* libopencv_photo.3.0.0.dylib in Frameworks */ = {isa = PBXBuildFile; fileRef = 371E26541BCE50D500EE613B /* libopencv_photo.3.0.0.dylib */; };
		371E26B01BCE574D00EE613B /* libopencv_features2d.3.0.0.dylib in Frameworks */ = {isa = PBXBuildFile; fileRef = 371E26551BCE50D500EE613B /* libopencv_features2d.3.0.0.dylib */; };
		371E26B11BCE574D00EE613B /* libopencv_ml.3.0.0.dylib in Frameworks */ = {isa = PBXBuildFile; fileRef = 371E26561BCE50D500EE613B /* libopencv_ml.3.0.0.dylib */; };
		371E26B21BCE574D00EE613B /* libopencv_stitching.3.0.0.dylib in Frameworks */ = {isa = PBXBuildFile; fileRef = 371E26571BCE50D500EE613B /* libopencv_stitching.3.0.0.dylib */; };
		371E26B31BCE574D00EE613B /* libopencv_objdetect.3.0.0.dylib in Frameworks */ = {isa = PBXBuildFile; fileRef = 371E26581BCE50D500EE613B /* libopencv_objdetect.3.0.0.dylib */; };
		371E26B41BCE574D00EE613B /* libopencv_flann.3.0.0.dylib in Frameworks */ = {isa = PBXBuildFile; fileRef = 371E26591BCE50D500EE613B /* libopencv_flann.3.0.0.dylib */; };
		371E26B51BCE574D00EE613B /* libopencv_video.3.0.0.dylib in Frameworks */ = {isa = PBXBuildFile; fileRef = 371E265A1BCE50D500EE613B /* libopencv_video.3.0.0.dylib */; };
		371E26B61BCE574D00EE613B /* libopencv_videostab.3.0.0.dylib in Frameworks */ = {isa = PBXBuildFile; fileRef = 371E265B1BCE50D500EE613B /* libopencv_videostab.3.0.0.dylib */; };
		371E26B71BCE574D00EE613B /* libopencv_imgcodecs.3.0.0.dylib in Frameworks */ = {isa = PBXBuildFile; fileRef = 371E265C1BCE50D500EE613B /* libopencv_imgcodecs.3.0.0.dylib */; };
		371E26B81BCE574D00EE613B /* libopencv_shape.3.0.0.dylib in Frameworks */ = {isa = PBXBuildFile; fileRef = 371E265D1BCE50D500EE613B /* libopencv_shape.3.0.0.dylib */; };
		371E26B91BCE574D00EE613B /* libopencv_superres.3.0.0.dylib in Frameworks */ = {isa = PBXBuildFile; fileRef = 371E265E1BCE50D500EE613B /* libopencv_superres.3.0.0.dylib */; };
		371E26BA1BCE574D00EE613B /* libopencv_videoio.3.0.0.dylib in Frameworks */ = {isa = PBXBuildFile; fileRef = 371E265F1BCE50D500EE613B /* libopencv_videoio.3.0.0.dylib */; };
		371E26BB1BCE574D00EE613B /* libopencv_highgui.3.0.0.dylib in Frameworks */ = {isa = PBXBuildFile; fileRef = 371E26601BCE50D500EE613B /* libopencv_highgui.3.0.0.dylib */; };
		371E26BD1BCE574D00EE613B /* Lenna.jpg in Copy Files */ = {isa = PBXBuildFile; fileRef = 371E26731BCE534100EE613B /* Lenna.jpg */; };
		371E26C51BCE584700EE613B /* main.cpp in Sources */ = {isa = PBXBuildFile; fileRef = 371E26C41BCE584700EE613B /* main.cpp */; settings = {ASSET_TAGS = (); }; };
		371E26CB1BCE59A500EE613B /* libopencv_imgproc.3.0.0.dylib in Frameworks */ = {isa = PBXBuildFile; fileRef = 371E26511BCE50D500EE613B /* libopencv_imgproc.3.0.0.dylib */; };
		371E26CC1BCE59A500EE613B /* libopencv_core.3.0.0.dylib in Frameworks */ = {isa = PBXBuildFile; fileRef = 371E26521BCE50D500EE613B /* libopencv_core.3.0.0.dylib */; };
		371E26CD1BCE59A500EE613B /* libopencv_calib3d.3.0.0.dylib in Frameworks */ = {isa = PBXBuildFile; fileRef = 371E26531BCE50D500EE613B /* libopencv_calib3d.3.0.0.dylib */; };
		371E26CE1BCE59A500EE613B /* libopencv_photo.3.0.0.dylib in Frameworks */ = {isa = PBXBuildFile; fileRef = 371E26541BCE50D500EE613B /* libopencv_photo.3.0.0.dylib */; };
		371E26CF1BCE59A500EE613B /* libopencv_features2d.3.0.0.dylib in Frameworks */ = {isa = PBXBuildFile; fileRef = 371E26551BCE50D500EE613B /* libopencv_features2d.3.0.0.dylib */; };
		371E26D01BCE59A500EE613B /* libopencv_ml.3.0.0.dylib in Frameworks */ = {isa = PBXBuildFile; fileRef = 371E26561BCE50D500EE613B /* libopencv_ml.3.0.0.dylib */; };
		371E26D11BCE59A500EE613B /* libopencv_stitching.3.0.0.dylib in Frameworks */ = {isa = PBXBuildFile; fileRef = 371E26571BCE50D500EE613B /* libopencv_stitching.3.0.0.dylib */; };
		371E26D21BCE59A500EE613B /* libopencv_objdetect.3.0.0.dylib in Frameworks */ = {isa = PBXBuildFile; fileRef = 371E26581BCE50D500EE613B /* libopencv_objdetect.3.0.0.dylib */; };
		371E26D31BCE59A500EE613B /* libopencv_flann.3.0.0.dylib in Frameworks */ = {isa = PBXBuildFile; fileRef = 371E26591BCE50D500EE613B /* libopencv_flann.3.0.0.dylib */; };
		371E26D41BCE59A500EE613B /* libopencv_video.3.0.0.dylib in Frameworks */ = {isa = PBXBuildFile; fileRef = 371E265A1BCE50D500EE613B /* libopencv_video.3.0.0.dylib */; };
		371E26D51BCE59A500EE613B /* libopencv_videostab.3.0.0.dylib in Frameworks */ = {isa = PBXBuildFile; fileRef = 371E265B1BCE50D500EE613B /* libopencv_videostab.3.0.0.dylib */; };
		371E26D61BCE59A500EE613B /* libopencv_imgcodecs.3.0.0.dylib in Frameworks */ = {isa = PBXBuildFile; fileRef = 371E265C1BCE50D500EE613B /* libopencv_imgcodecs.3.0.0.dylib */; };
		371E26D71BCE59A500EE613B /* libopencv_shape.3.0.0.dylib in Frameworks */ = {isa = PBXBuildFile; fileRef = 371E265D1BCE50D500EE613B /* libopencv_shape.3.0.0.dylib */; };
		371E26D81BCE59A500EE613B /* libopencv_superres.3.0.0.dylib in Frameworks */ = {isa = PBXBuildFile; fileRef = 371E265E1BCE50D500EE613B /* libopencv_superres.3.0.0.dylib */; };
		371E26D91BCE59A500EE613B /* libopencv_videoio.3.0.0.dylib in Frameworks */ = {isa = PBXBuildFile; fileRef = 371E265F1BCE50D500EE613B /* libopencv_videoio.3.0.0.dylib */; };
		371E26DA1BCE59A500EE613B /* libopencv_highgui.3.0.0.dylib in Frameworks */ = {isa = PBXBuildFile; fileRef = 371E26601BCE50D500EE613B /* libopencv_highgui.3.0.0.dylib */; };
		371E26DC1BCE59A500EE613B /* Lenna.jpg in Copy Files */ = {isa = PBXBuildFile; fileRef = 371E26731BCE534100EE613B /* Lenna.jpg */; };
		371E26E61BCE59F100EE613B /* main.cpp in Sources */ = {isa = PBXBuildFile; fileRef = 371E26E51BCE59F100EE613B /* main.cpp */; settings = {ASSET_TAGS = (); }; };
		371E26EB1BCE5A8D00EE613B /* libopencv_imgproc.3.0.0.dylib in Frameworks */ = {isa = PBXBuildFile; fileRef = 371E26511BCE50D500EE613B /* libopencv_imgproc.3.0.0.dylib */; };
		371E26EC1BCE5A8D00EE613B /* libopencv_core.3.0.0.dylib in Frameworks */ = {isa = PBXBuildFile; fileRef = 371E26521BCE50D500EE613B /* libopencv_core.3.0.0.dylib */; };
		371E26ED1BCE5A8D00EE613B /* libopencv_calib3d.3.0.0.dylib in Frameworks */ = {isa = PBXBuildFile; fileRef = 371E26531BCE50D500EE613B /* libopencv_calib3d.3.0.0.dylib */; };
		371E26EE1BCE5A8D00EE613B /* libopencv_photo.3.0.0.dylib in Frameworks */ = {isa = PBXBuildFile; fileRef = 371E26541BCE50D500EE613B /* libopencv_photo.3.0.0.dylib */; };
		371E26EF1BCE5A8D00EE613B /* libopencv_features2d.3.0.0.dylib in Frameworks */ = {isa = PBXBuildFile; fileRef = 371E26551BCE50D500EE613B /* libopencv_features2d.3.0.0.dylib */; };
		371E26F01BCE5A8D00EE613B /* libopencv_ml.3.0.0.dylib in Frameworks */ = {isa = PBXBuildFile; fileRef = 371E26561BCE50D500EE613B /* libopencv_ml.3.0.0.dylib */; };
		371E26F11BCE5A8D00EE613B /* libopencv_stitching.3.0.0.dylib in Frameworks */ = {isa = PBXBuildFile; fileRef = 371E26571BCE50D500EE613B /* libopencv_stitching.3.0.0.dylib */; };
		371E26F21BCE5A8D00EE613B /* libopencv_objdetect.3.0.0.dylib in Frameworks */ = {isa = PBXBuildFile; fileRef = 371E26581BCE50D500EE613B /* libopencv_objdetect.3.0.0.dylib */; };
		371E26F31BCE5A8D00EE613B /* libopencv_flann.3.0.0.dylib in Frameworks */ = {isa = PBXBuildFile; fileRef = 371E26591BCE50D500EE613B /* libopencv_flann.3.0.0.dylib */; };
		371E26F41BCE5A8D00EE613B /* libopencv_video.3.0.0.dylib in Frameworks */ = {isa = PBXBuildFile; fileRef = 371E265A1BCE50D500EE613B /* libopencv_video.3.0.0.dylib */; };
		371E26F51BCE5A8D00EE613B /* libopencv_videostab.3.0.0.dylib in Frameworks */ = {isa = PBXBuildFile; fileRef = 371E265B1BCE50D500EE613B /* libopencv_videostab.3.0.0.dylib */; };
		371E26F61BCE5A8D00EE613B /* libopencv_imgcodecs.3.0.0.dylib in Frameworks */ = {isa = PBXBuildFile; fileRef = 371E265C1BCE50D500EE613B /* libopencv_imgcodecs.3.0.0.dylib */; };
		371E26F71BCE5A8D00EE613B /* libopencv_shape.3.0.0.dylib in Frameworks */ = {isa = PBXBuildFile; fileRef = 371E265D1BCE50D500EE613B /* libopencv_shape.3.0.0.dylib */; };
		371E26F81BCE5A8D00EE613B /* libopencv_superres.3.0.0.dylib in Frameworks */ = {isa = PBXBuildFile; fileRef = 371E265E1BCE50D500EE613B /* libopencv_superres.3.0.0.dylib */; };
		371E26F91BCE5A8D00EE613B /* libopencv_videoio.3.0.0.dylib in Frameworks */ = {isa = PBXBuildFile; fileRef = 371E265F1BCE50D500EE613B /* libopencv_videoio.3.0.0.dylib */; };
		371E26FA1BCE5A8D00EE613B /* libopencv_highgui.3.0.0.dylib in Frameworks */ = {isa = PBXBuildFile; fileRef = 371E26601BCE50D500EE613B /* libopencv_highgui.3.0.0.dylib */; };
		371E26FC1BCE5A8D00EE613B /* Lenna.jpg in Copy Files */ = {isa = PBXBuildFile; fileRef = 371E26731BCE534100EE613B /* Lenna.jpg */; };
		371E27031BCE5ABA00EE613B /* main.cpp in Sources */ = {isa = PBXBuildFile; fileRef = 371E27021BCE5ABA00EE613B /* main.cpp */; settings = {ASSET_TAGS = (); }; };
		371E27081BCE5D2000EE613B /* libopencv_imgproc.3.0.0.dylib in Frameworks */ = {isa = PBXBuildFile; fileRef = 371E26511BCE50D500EE613B /* libopencv_imgproc.3.0.0.dylib */; };
		371E27091BCE5D2000EE613B /* libopencv_core.3.0.0.dylib in Frameworks */ = {isa = PBXBuildFile; fileRef = 371E26521BCE50D500EE613B /* libopencv_core.3.0.0.dylib */; };
		371E270A1BCE5D2000EE613B /* libopencv_calib3d.3.0.0.dylib in Frameworks */ = {isa = PBXBuildFile; fileRef = 371E26531BCE50D500EE613B /* libopencv_calib3d.3.0.0.dylib */; };
		371E270B1BCE5D2000EE613B /* libopencv_photo.3.0.0.dylib in Frameworks */ = {isa = PBXBuildFile; fileRef = 371E26541BCE50D500EE613B /* libopencv_photo.3.0.0.dylib */; };
		371E270C1BCE5D2000EE613B /* libopencv_features2d.3.0.0.dylib in Frameworks */ = {isa = PBXBuildFile; fileRef = 371E26551BCE50D500EE613B /* libopencv_features2d.3.0.0.dylib */; };
		371E270D1BCE5D2000EE613B /* libopencv_ml.3.0.0.dylib in Frameworks */ = {isa = PBXBuildFile; fileRef = 371E26561BCE50D500EE613B /* libopencv_ml.3.0.0.dylib */; };
		371E270E1BCE5D2000EE613B /* libopencv_stitching.3.0.0.dylib in Frameworks */ = {isa = PBXBuildFile; fileRef = 371E26571BCE50D500EE613B /* libopencv_stitching.3.0.0.dylib */; };
		371E270F1BCE5D2000EE613B /* libopencv_objdetect.3.0.0.dylib in Frameworks */ = {isa = PBXBuildFile; fileRef = 371E26581BCE50D500EE613B /* libopencv_objdetect.3.0.0.dylib */; };
		371E27101BCE5D2000EE613B /* libopencv_flann.3.0.0.dylib in Frameworks */ = {isa = PBXBuildFile; fileRef = 371E26591BCE50D500EE613B /* libopencv_flann.3.0.0.dylib */; };
		371E27111BCE5D2000EE613B /* libopencv_video.3.0.0.dylib in Frameworks */ = {isa = PBXBuildFile; fileRef = 371E265A1BCE50D500EE613B /* libopencv_video.3.0.0.dylib */; };
		371E27121BCE5D2000EE613B /* libopencv_videostab.3.0.0.dylib in Frameworks */ = {isa = PBXBuildFile; fileRef = 371E265B1BCE50D500EE613B /* libopencv_videostab.3.0.0.dylib */; };
		371E27131BCE5D2000EE613B /* libopencv_imgcodecs.3.0.0.dylib in Frameworks */ = {isa = PBXBuildFile; fileRef = 371E265C1BCE50D500EE613B /* libopencv_imgcodecs.3.0.0.dylib */; };
		371E27141BCE5D2000EE613B /* libopencv_shape.3.0.0.dylib in Frameworks */ = {isa = PBXBuildFile; fileRef = 371E265D1BCE50D500EE613B /* libopencv_shape.3.0.0.dylib */; };
		371E27151BCE5D2000EE613B /* libopencv_superres.3.0.0.dylib in Frameworks */ = {isa = PBXBuildFile; fileRef = 371E265E1BCE50D500EE613B /* libopencv_superres.3.0.0.dylib */; };
		371E27161BCE5D2000EE613B /* libopencv_videoio.3.0.0.dylib in Frameworks */ = {isa = PBXBuildFile; fileRef = 371E265F1BCE50D500EE613B /* libopencv_videoio.3.0.0.dylib */; };
		371E27171BCE5D2000EE613B /* libopencv_highgui.3.0.0.dylib in Frameworks */ = {isa = PBXBuildFile; fileRef = 371E26601BCE50D500EE613B /* libopencv_highgui.3.0.0.dylib */; };
		371E27191BCE5D2000EE613B /* Lenna.jpg in Copy Files */ = {isa = PBXBuildFile; fileRef = 371E26731BCE534100EE613B /* Lenna.jpg */; };
		371E27201BCE5D5E00EE613B /* main.cpp in Sources */ = {isa = PBXBuildFile; fileRef = 371E271F1BCE5D5E00EE613B /* main.cpp */; settings = {ASSET_TAGS = (); }; };
		371E27271BCE60C900EE613B /* libopencv_imgproc.3.0.0.dylib in Frameworks */ = {isa = PBXBuildFile; fileRef = 371E26511BCE50D500EE613B /* libopencv_imgproc.3.0.0.dylib */; };
		371E27281BCE60C900EE613B /* libopencv_core.3.0.0.dylib in Frameworks */ = {isa = PBXBuildFile; fileRef = 371E26521BCE50D500EE613B /* libopencv_core.3.0.0.dylib */; };
		371E27291BCE60C900EE613B /* libopencv_calib3d.3.0.0.dylib in Frameworks */ = {isa = PBXBuildFile; fileRef = 371E26531BCE50D500EE613B /* libopencv_calib3d.3.0.0.dylib */; };
		371E272A1BCE60C900EE613B /* libopencv_photo.3.0.0.dylib in Frameworks */ = {isa = PBXBuildFile; fileRef = 371E26541BCE50D500EE613B /* libopencv_photo.3.0.0.dylib */; };
		371E272B1BCE60C900EE613B /* libopencv_features2d.3.0.0.dylib in Frameworks */ = {isa = PBXBuildFile; fileRef = 371E26551BCE50D500EE613B /* libopencv_features2d.3.0.0.dylib */; };
		371E272C1BCE60C900EE613B /* libopencv_ml.3.0.0.dylib in Frameworks */ = {isa = PBXBuildFile; fileRef = 371E26561BCE50D500EE613B /* libopencv_ml.3.0.0.dylib */; };
		371E272D1BCE60C900EE613B /* libopencv_stitching.3.0.0.dylib in Frameworks */ = {isa = PBXBuildFile; fileRef = 371E26571BCE50D500EE613B /* libopencv_stitching.3.0.0.dylib */; };
		371E272E1BCE60C900EE613B /* libopencv_objdetect.3.0.0.dylib in Frameworks */ = {isa = PBXBuildFile; fileRef = 371E26581BCE50D500EE613B /* libopencv_objdetect.3.0.0.dylib */; };
		371E272F1BCE60C900EE613B /* libopencv_flann.3.0.0.dylib in Frameworks */ = {isa = PBXBuildFile; fileRef = 371E26591BCE50D500EE613B /* libopencv_flann.3.0.0.dylib */; };
		371E27301BCE60C900EE613B /* libopencv_video.3.0.0.dylib in Frameworks */ = {isa = PBXBuildFile; fileRef = 371E265A1BCE50D500EE613B /* libopencv_video.3.0.0.dylib */; };
		371E27311BCE60C900EE613B /* libopencv_videostab.3.0.0.dylib in Frameworks */ = {isa = PBXBuildFile; fileRef = 371E265B1BCE50D500EE613B /* libopencv_videostab.3.0.0.dylib */; };
		371E27321BCE60C900EE613B /* libopencv_imgcodecs.3.0.0.dylib in Frameworks */ = {isa = PBXBuildFile; fileRef = 371E265C1BCE50D500EE613B /* libopencv_imgcodecs.3.0.0.dylib */; };
		371E27331BCE60C900EE613B /* libopencv_shape.3.0.0.dylib in Frameworks */ = {isa = PBXBuildFile; fileRef = 371E265D1BCE50D500EE613B /* libopencv_shape.3.0.0.dylib */; };
		371E27341BCE60C900EE613B /* libopencv_superres.3.0.0.dylib in Frameworks */ = {isa = PBXBuildFile; fileRef = 371E265E1BCE50D500EE613B /* libopencv_superres.3.0.0.dylib */; };
		371E27351BCE60C900EE613B /* libopencv_videoio.3.0.0.dylib in Frameworks */ = {isa = PBXBuildFile; fileRef = 371E265F1BCE50D500EE613B /* libopencv_videoio.3.0.0.dylib */; };
		371E27361BCE60C900EE613B /* libopencv_highgui.3.0.0.dylib in Frameworks */ = {isa = PBXBuildFile; fileRef = 371E26601BCE50D500EE613B /* libopencv_highgui.3.0.0.dylib */; };
		371E27381BCE60C900EE613B /* Lenna.jpg in Copy Files */ = {isa = PBXBuildFile; fileRef = 371E26731BCE534100EE613B /* Lenna.jpg */; };
		371E27401BCE60E800EE613B /* libopencv_imgproc.3.0.0.dylib in Frameworks */ = {isa = PBXBuildFile; fileRef = 371E26511BCE50D500EE613B /* libopencv_imgproc.3.0.0.dylib */; };
		371E27411BCE60E800EE613B /* libopencv_core.3.0.0.dylib in Frameworks */ = {isa = PBXBuildFile; fileRef = 371E26521BCE50D500EE613B /* libopencv_core.3.0.0.dylib */; };
		371E27421BCE60E800EE613B /* libopencv_calib3d.3.0.0.dylib in Frameworks */ = {isa = PBXBuildFile; fileRef = 371E26531BCE50D500EE613B /* libopencv_calib3d.3.0.0.dylib */; };
		371E27431BCE60E800EE613B /* libopencv_photo.3.0.0.dylib in Frameworks */ = {isa = PBXBuildFile; fileRef = 371E26541BCE50D500EE613B /* libopencv_photo.3.0.0.dylib */; };
		371E27441BCE60E800EE613B /* libopencv_features2d.3.0.0.dylib in Frameworks */ = {isa = PBXBuildFile; fileRef = 371E26551BCE50D500EE613B /* libopencv_features2d.3.0.0.dylib */; };
		371E27451BCE60E800EE613B /* libopencv_ml.3.0.0.dylib in Frameworks */ = {isa = PBXBuildFile; fileRef = 371E26561BCE50D500EE613B /* libopencv_ml.3.0.0.dylib */; };
		371E27461BCE60E800EE613B /* libopencv_stitching.3.0.0.dylib in Frameworks */ = {isa = PBXBuildFile; fileRef = 371E26571BCE50D500EE613B /* libopencv_stitching.3.0.0.dylib */; };
		371E27471BCE60E800EE613B /* libopencv_objdetect.3.0.0.dylib in Frameworks */ = {isa = PBXBuildFile; fileRef = 371E26581BCE50D500EE613B /* libopencv_objdetect.3.0.0.dylib */; };
		371E27481BCE60E800EE613B /* libopencv_flann.3.0.0.dylib in Frameworks */ = {isa = PBXBuildFile; fileRef = 371E26591BCE50D500EE613B /* libopencv_flann.3.0.0.dylib */; };
		371E27491BCE60E800EE613B /* libopencv_video.3.0.0.dylib in Frameworks */ = {isa = PBXBuildFile; fileRef = 371E265A1BCE50D500EE613B /* libopencv_video.3.0.0.dylib */; };
		371E274A1BCE60E800EE613B /* libopencv_videostab.3.0.0.dylib in Frameworks */ = {isa = PBXBuildFile; fileRef = 371E265B1BCE50D500EE613B /* libopencv_videostab.3.0.0.dylib */; };
		371E274B1BCE60E800EE613B /* libopencv_imgcodecs.3.0.0.dylib in Frameworks */ = {isa = PBXBuildFile; fileRef = 371E265C1BCE50D500EE613B /* libopencv_imgcodecs.3.0.0.dylib */; };
		371E274C1BCE60E800EE613B /* libopencv_shape.3.0.0.dylib in Frameworks */ = {isa = PBXBuildFile; fileRef = 371E265D1BCE50D500EE613B /* libopencv_shape.3.0.0.dylib */; };
		371E274D1BCE60E800EE613B /* libopencv_superres.3.0.0.dylib in Frameworks */ = {isa = PBXBuildFile; fileRef = 371E265E1BCE50D500EE613B /* libopencv_superres.3.0.0.dylib */; };
		371E274E1BCE60E800EE613B /* libopencv_videoio.3.0.0.dylib in Frameworks */ = {isa = PBXBuildFile; fileRef = 371E265F1BCE50D500EE613B /* libopencv_videoio.3.0.0.dylib */; };
		371E274F1BCE60E800EE613B /* libopencv_highgui.3.0.0.dylib in Frameworks */ = {isa = PBXBuildFile; fileRef = 371E26601BCE50D500EE613B /* libopencv_highgui.3.0.0.dylib */; };
		371E27511BCE60E800EE613B /* Lenna.jpg in Copy Files */ = {isa = PBXBuildFile; fileRef = 371E26731BCE534100EE613B /* Lenna.jpg */; };
		371E27591BCE60F900EE613B /* libopencv_imgproc.3.0.0.dylib in Frameworks */ = {isa = PBXBuildFile; fileRef = 371E26511BCE50D500EE613B /* libopencv_imgproc.3.0.0.dylib */; };
		371E275A1BCE60F900EE613B /* libopencv_core.3.0.0.dylib in Frameworks */ = {isa = PBXBuildFile; fileRef = 371E26521BCE50D500EE613B /* libopencv_core.3.0.0.dylib */; };
		371E275B1BCE60F900EE613B /* libopencv_calib3d.3.0.0.dylib in Frameworks */ = {isa = PBXBuildFile; fileRef = 371E26531BCE50D500EE613B /* libopencv_calib3d.3.0.0.dylib */; };
		371E275C1BCE60F900EE613B /* libopencv_photo.3.0.0.dylib in Frameworks */ = {isa = PBXBuildFile; fileRef = 371E26541BCE50D500EE613B /* libopencv_photo.3.0.0.dylib */; };
		371E275D1BCE60F900EE613B /* libopencv_features2d.3.0.0.dylib in Frameworks */ = {isa = PBXBuildFile; fileRef = 371E26551BCE50D500EE613B /* libopencv_features2d.3.0.0.dylib */; };
		371E275E1BCE60F900EE613B /* libopencv_ml.3.0.0.dylib in Frameworks */ = {isa = PBXBuildFile; fileRef = 371E26561BCE50D500EE613B /* libopencv_ml.3.0.0.dylib */; };
		371E275F1BCE60F900EE613B /* libopencv_stitching.3.0.0.dylib in Frameworks */ = {isa = PBXBuildFile; fileRef = 371E26571BCE50D500EE613B /* libopencv_stitching.3.0.0.dylib */; };
		371E27601BCE60F900EE613B /* libopencv_objdetect.3.0.0.dylib in Frameworks */ = {isa = PBXBuildFile; fileRef = 371E26581BCE50D500EE613B /* libopencv_objdetect.3.0.0.dylib */; };
		371E27611BCE60F900EE613B /* libopencv_flann.3.0.0.dylib in Frameworks */ = {isa = PBXBuildFile; fileRef = 371E26591BCE50D500EE613B /* libopencv_flann.3.0.0.dylib */; };
		371E27621BCE60F900EE613B /* libopencv_video.3.0.0.dylib in Frameworks */ = {isa = PBXBuildFile; fileRef = 371E265A1BCE50D500EE613B /* libopencv_video.3.0.0.dylib */; };
		371E27631BCE60F900EE613B /* libopencv_videostab.3.0.0.dylib in Frameworks */ = {isa = PBXBuildFile; fileRef = 371E265B1BCE50D500EE613B /* libopencv_videostab.3.0.0.dylib */; };
		371E27641BCE60F900EE613B /* libopencv_imgcodecs.3.0.0.dylib in Frameworks */ = {isa = PBXBuildFile; fileRef = 371E265C1BCE50D500EE613B /* libopencv_imgcodecs.3.0.0.dylib */; };
		371E27651BCE60F900EE613B /* libopencv_shape.3.0.0.dylib in Frameworks */ = {isa = PBXBuildFile; fileRef = 371E265D1BCE50D500EE613B /* libopencv_shape.3.0.0.dylib */; };
		371E27661BCE60F900EE613B /* libopencv_superres.3.0.0.dylib in Frameworks */ = {isa = PBXBuildFile; fileRef = 371E265E1BCE50D500EE613B /* libopencv_superres.3.0.0.dylib */; };
		371E27671BCE60F900EE613B /* libopencv_videoio.3.0.0.dylib in Frameworks */ = {isa = PBXBuildFile; fileRef = 371E265F1BCE50D500EE613B /* libopencv_videoio.3.0.0.dylib */; };
		371E27681BCE60F900EE613B /* libopencv_highgui.3.0.0.dylib in Frameworks */ = {isa = PBXBuildFile; fileRef = 371E26601BCE50D500EE613B /* libopencv_highgui.3.0.0.dylib */; };
		371E276A1BCE60F900EE613B /* Lenna.jpg in Copy Files */ = {isa = PBXBuildFile; fileRef = 371E26731BCE534100EE613B /* Lenna.jpg */; };
		371E27731BCE617900EE613B /* main.cpp in Sources */ = {isa = PBXBuildFile; fileRef = 371E27721BCE617900EE613B /* main.cpp */; settings = {ASSET_TAGS = (); }; };
		371E27751BCE618600EE613B /* main.cpp in Sources */ = {isa = PBXBuildFile; fileRef = 371E27741BCE618600EE613B /* main.cpp */; settings = {ASSET_TAGS = (); }; };
		371E27771BCE619200EE613B /* main.cpp in Sources */ = {isa = PBXBuildFile; fileRef = 371E27761BCE619200EE613B /* main.cpp */; settings = {ASSET_TAGS = (); }; };
/* End PBXBuildFile section */

/* Begin PBXCopyFilesBuildPhase section */
		371E26451BCE505300EE613B /* Copy Files */ = {
			isa = PBXCopyFilesBuildPhase;
			buildActionMask = 2147483647;
			dstPath = "";
			dstSubfolderSpec = 16;
			files = (
				371E26751BCE53EA00EE613B /* Lenna.jpg in Copy Files */,
			);
			name = "Copy Files";
			runOnlyForDeploymentPostprocessing = 1;
		};
		371E26A01BCE55EB00EE613B /* Copy Files */ = {
			isa = PBXCopyFilesBuildPhase;
			buildActionMask = 2147483647;
			dstPath = "";
			dstSubfolderSpec = 16;
			files = (
				371E26A11BCE55EB00EE613B /* Lenna.jpg in Copy Files */,
			);
			name = "Copy Files";
			runOnlyForDeploymentPostprocessing = 1;
		};
		371E26BC1BCE574D00EE613B /* Copy Files */ = {
			isa = PBXCopyFilesBuildPhase;
			buildActionMask = 2147483647;
			dstPath = "";
			dstSubfolderSpec = 16;
			files = (
				371E26BD1BCE574D00EE613B /* Lenna.jpg in Copy Files */,
			);
			name = "Copy Files";
			runOnlyForDeploymentPostprocessing = 1;
		};
		371E26DB1BCE59A500EE613B /* Copy Files */ = {
			isa = PBXCopyFilesBuildPhase;
			buildActionMask = 2147483647;
			dstPath = "";
			dstSubfolderSpec = 16;
			files = (
				371E26DC1BCE59A500EE613B /* Lenna.jpg in Copy Files */,
			);
			name = "Copy Files";
			runOnlyForDeploymentPostprocessing = 1;
		};
		371E26FB1BCE5A8D00EE613B /* Copy Files */ = {
			isa = PBXCopyFilesBuildPhase;
			buildActionMask = 2147483647;
			dstPath = "";
			dstSubfolderSpec = 16;
			files = (
				371E26FC1BCE5A8D00EE613B /* Lenna.jpg in Copy Files */,
			);
			name = "Copy Files";
			runOnlyForDeploymentPostprocessing = 1;
		};
		371E27181BCE5D2000EE613B /* Copy Files */ = {
			isa = PBXCopyFilesBuildPhase;
			buildActionMask = 2147483647;
			dstPath = "";
			dstSubfolderSpec = 16;
			files = (
				371E27191BCE5D2000EE613B /* Lenna.jpg in Copy Files */,
			);
			name = "Copy Files";
			runOnlyForDeploymentPostprocessing = 1;
		};
		371E27371BCE60C900EE613B /* Copy Files */ = {
			isa = PBXCopyFilesBuildPhase;
			buildActionMask = 2147483647;
			dstPath = "";
			dstSubfolderSpec = 16;
			files = (
				371E27381BCE60C900EE613B /* Lenna.jpg in Copy Files */,
			);
			name = "Copy Files";
			runOnlyForDeploymentPostprocessing = 1;
		};
		371E27501BCE60E800EE613B /* Copy Files */ = {
			isa = PBXCopyFilesBuildPhase;
			buildActionMask = 2147483647;
			dstPath = "";
			dstSubfolderSpec = 16;
			files = (
				371E27511BCE60E800EE613B /* Lenna.jpg in Copy Files */,
			);
			name = "Copy Files";
			runOnlyForDeploymentPostprocessing = 1;
		};
		371E27691BCE60F900EE613B /* Copy Files */ = {
			isa = PBXCopyFilesBuildPhase;
			buildActionMask = 2147483647;
			dstPath = "";
			dstSubfolderSpec = 16;
			files = (
				371E276A1BCE60F900EE613B /* Lenna.jpg in Copy Files */,
			);
			name = "Copy Files";
			runOnlyForDeploymentPostprocessing = 1;
		};
/* End PBXCopyFilesBuildPhase section */

/* Begin PBXFileReference section */
		371E26471BCE505300EE613B /* 1_image */ = {isa = PBXFileReference; explicitFileType = "compiled.mach-o.executable"; includeInIndex = 0; path = 1_image; sourceTree = BUILT_PRODUCTS_DIR; };
		371E264A1BCE505300EE613B /* main.cpp */ = {isa = PBXFileReference; lastKnownFileType = sourcecode.cpp.cpp; path = main.cpp; sourceTree = "<group>"; };
		371E26511BCE50D500EE613B /* libopencv_imgproc.3.0.0.dylib */ = {isa = PBXFileReference; lastKnownFileType = "compiled.mach-o.dylib"; name = libopencv_imgproc.3.0.0.dylib; path = /usr/local/Cellar/opencv3/3.0.0/lib/libopencv_imgproc.3.0.0.dylib; sourceTree = "<absolute>"; };
		371E26521BCE50D500EE613B /* libopencv_core.3.0.0.dylib */ = {isa = PBXFileReference; lastKnownFileType = "compiled.mach-o.dylib"; name = libopencv_core.3.0.0.dylib; path = /usr/local/Cellar/opencv3/3.0.0/lib/libopencv_core.3.0.0.dylib; sourceTree = "<absolute>"; };
		371E26531BCE50D500EE613B /* libopencv_calib3d.3.0.0.dylib */ = {isa = PBXFileReference; lastKnownFileType = "compiled.mach-o.dylib"; name = libopencv_calib3d.3.0.0.dylib; path = /usr/local/Cellar/opencv3/3.0.0/lib/libopencv_calib3d.3.0.0.dylib; sourceTree = "<absolute>"; };
		371E26541BCE50D500EE613B /* libopencv_photo.3.0.0.dylib */ = {isa = PBXFileReference; lastKnownFileType = "compiled.mach-o.dylib"; name = libopencv_photo.3.0.0.dylib; path = /usr/local/Cellar/opencv3/3.0.0/lib/libopencv_photo.3.0.0.dylib; sourceTree = "<absolute>"; };
		371E26551BCE50D500EE613B /* libopencv_features2d.3.0.0.dylib */ = {isa = PBXFileReference; lastKnownFileType = "compiled.mach-o.dylib"; name = libopencv_features2d.3.0.0.dylib; path = /usr/local/Cellar/opencv3/3.0.0/lib/libopencv_features2d.3.0.0.dylib; sourceTree = "<absolute>"; };
		371E26561BCE50D500EE613B /* libopencv_ml.3.0.0.dylib */ = {isa = PBXFileReference; lastKnownFileType = "compiled.mach-o.dylib"; name = libopencv_ml.3.0.0.dylib; path = /usr/local/Cellar/opencv3/3.0.0/lib/libopencv_ml.3.0.0.dylib; sourceTree = "<absolute>"; };
		371E26571BCE50D500EE613B /* libopencv_stitching.3.0.0.dylib */ = {isa = PBXFileReference; lastKnownFileType = "compiled.mach-o.dylib"; name = libopencv_stitching.3.0.0.dylib; path = /usr/local/Cellar/opencv3/3.0.0/lib/libopencv_stitching.3.0.0.dylib; sourceTree = "<absolute>"; };
		371E26581BCE50D500EE613B /* libopencv_objdetect.3.0.0.dylib */ = {isa = PBXFileReference; lastKnownFileType = "compiled.mach-o.dylib"; name = libopencv_objdetect.3.0.0.dylib; path = /usr/local/Cellar/opencv3/3.0.0/lib/libopencv_objdetect.3.0.0.dylib; sourceTree = "<absolute>"; };
		371E26591BCE50D500EE613B /* libopencv_flann.3.0.0.dylib */ = {isa = PBXFileReference; lastKnownFileType = "compiled.mach-o.dylib"; name = libopencv_flann.3.0.0.dylib; path = /usr/local/Cellar/opencv3/3.0.0/lib/libopencv_flann.3.0.0.dylib; sourceTree = "<absolute>"; };
		371E265A1BCE50D500EE613B /* libopencv_video.3.0.0.dylib */ = {isa = PBXFileReference; lastKnownFileType = "compiled.mach-o.dylib"; name = libopencv_video.3.0.0.dylib; path = /usr/local/Cellar/opencv3/3.0.0/lib/libopencv_video.3.0.0.dylib; sourceTree = "<absolute>"; };
		371E265B1BCE50D500EE613B /* libopencv_videostab.3.0.0.dylib */ = {isa = PBXFileReference; lastKnownFileType = "compiled.mach-o.dylib"; name = libopencv_videostab.3.0.0.dylib; path = /usr/local/Cellar/opencv3/3.0.0/lib/libopencv_videostab.3.0.0.dylib; sourceTree = "<absolute>"; };
		371E265C1BCE50D500EE613B /* libopencv_imgcodecs.3.0.0.dylib */ = {isa = PBXFileReference; lastKnownFileType = "compiled.mach-o.dylib"; name = libopencv_imgcodecs.3.0.0.dylib; path = /usr/local/Cellar/opencv3/3.0.0/lib/libopencv_imgcodecs.3.0.0.dylib; sourceTree = "<absolute>"; };
		371E265D1BCE50D500EE613B /* libopencv_shape.3.0.0.dylib */ = {isa = PBXFileReference; lastKnownFileType = "compiled.mach-o.dylib"; name = libopencv_shape.3.0.0.dylib; path = /usr/local/Cellar/opencv3/3.0.0/lib/libopencv_shape.3.0.0.dylib; sourceTree = "<absolute>"; };
		371E265E1BCE50D500EE613B /* libopencv_superres.3.0.0.dylib */ = {isa = PBXFileReference; lastKnownFileType = "compiled.mach-o.dylib"; name = libopencv_superres.3.0.0.dylib; path = /usr/local/Cellar/opencv3/3.0.0/lib/libopencv_superres.3.0.0.dylib; sourceTree = "<absolute>"; };
		371E265F1BCE50D500EE613B /* libopencv_videoio.3.0.0.dylib */ = {isa = PBXFileReference; lastKnownFileType = "compiled.mach-o.dylib"; name = libopencv_videoio.3.0.0.dylib; path = /usr/local/Cellar/opencv3/3.0.0/lib/libopencv_videoio.3.0.0.dylib; sourceTree = "<absolute>"; };
		371E26601BCE50D500EE613B /* libopencv_highgui.3.0.0.dylib */ = {isa = PBXFileReference; lastKnownFileType = "compiled.mach-o.dylib"; name = libopencv_highgui.3.0.0.dylib; path = /usr/local/Cellar/opencv3/3.0.0/lib/libopencv_highgui.3.0.0.dylib; sourceTree = "<absolute>"; };
		371E26731BCE534100EE613B /* Lenna.jpg */ = {isa = PBXFileReference; lastKnownFileType = image.jpeg; path = Lenna.jpg; sourceTree = "<group>"; };
		371E26871BCE55C000EE613B /* main.cpp */ = {isa = PBXFileReference; lastKnownFileType = sourcecode.cpp.cpp; path = main.cpp; sourceTree = "<group>"; };
		371E26A51BCE55EB00EE613B /* 2_camera */ = {isa = PBXFileReference; explicitFileType = "compiled.mach-o.executable"; includeInIndex = 0; path = 2_camera; sourceTree = BUILT_PRODUCTS_DIR; };
		371E26C11BCE574D00EE613B /* 3_drawing */ = {isa = PBXFileReference; explicitFileType = "compiled.mach-o.executable"; includeInIndex = 0; path = 3_drawing; sourceTree = BUILT_PRODUCTS_DIR; };
		371E26C41BCE584700EE613B /* main.cpp */ = {isa = PBXFileReference; fileEncoding = 4; lastKnownFileType = sourcecode.cpp.cpp; name = main.cpp; path = 3_drawing/main.cpp; sourceTree = "<group>"; };
		371E26E01BCE59A500EE613B /* 4_grayscale */ = {isa = PBXFileReference; explicitFileType = "compiled.mach-o.executable"; includeInIndex = 0; path = 4_grayscale; sourceTree = BUILT_PRODUCTS_DIR; };
		371E26E51BCE59F100EE613B /* main.cpp */ = {isa = PBXFileReference; fileEncoding = 4; lastKnownFileType = sourcecode.cpp.cpp; path = main.cpp; sourceTree = "<group>"; };
		371E27001BCE5A8D00EE613B /* 5_harr_like */ = {isa = PBXFileReference; explicitFileType = "compiled.mach-o.executable"; includeInIndex = 0; path = 5_harr_like; sourceTree = BUILT_PRODUCTS_DIR; };
		371E27021BCE5ABA00EE613B /* main.cpp */ = {isa = PBXFileReference; fileEncoding = 4; lastKnownFileType = sourcecode.cpp.cpp; path = main.cpp; sourceTree = "<group>"; };
		371E271D1BCE5D2000EE613B /* 6_akaze */ = {isa = PBXFileReference; explicitFileType = "compiled.mach-o.executable"; includeInIndex = 0; path = 6_akaze; sourceTree = BUILT_PRODUCTS_DIR; };
		371E271F1BCE5D5E00EE613B /* main.cpp */ = {isa = PBXFileReference; fileEncoding = 4; lastKnownFileType = sourcecode.cpp.cpp; path = main.cpp; sourceTree = "<group>"; };
		371E27211BCE5E2600EE613B /* scene.jpg */ = {isa = PBXFileReference; lastKnownFileType = image.jpeg; path = scene.jpg; sourceTree = "<group>"; };
		371E27221BCE5E2A00EE613B /* haarcascade_frontalface_alt.xml */ = {isa = PBXFileReference; lastKnownFileType = text.xml; path = haarcascade_frontalface_alt.xml; sourceTree = "<group>"; };
		371E273C1BCE60C900EE613B /* 7_1_camera_haar_like */ = {isa = PBXFileReference; explicitFileType = "compiled.mach-o.executable"; includeInIndex = 0; path = 7_1_camera_haar_like; sourceTree = BUILT_PRODUCTS_DIR; };
		371E27551BCE60E800EE613B /* 7_2_haar_like_cat */ = {isa = PBXFileReference; explicitFileType = "compiled.mach-o.executable"; includeInIndex = 0; path = 7_2_haar_like_cat; sourceTree = BUILT_PRODUCTS_DIR; };
		371E276E1BCE60F900EE613B /* 7_3_camera_akaze */ = {isa = PBXFileReference; explicitFileType = "compiled.mach-o.executable"; includeInIndex = 0; path = 7_3_camera_akaze; sourceTree = BUILT_PRODUCTS_DIR; };
		371E27721BCE617900EE613B /* main.cpp */ = {isa = PBXFileReference; fileEncoding = 4; lastKnownFileType = sourcecode.cpp.cpp; path = main.cpp; sourceTree = "<group>"; };
		371E27741BCE618600EE613B /* main.cpp */ = {isa = PBXFileReference; fileEncoding = 4; lastKnownFileType = sourcecode.cpp.cpp; path = main.cpp; sourceTree = "<group>"; };
		371E27761BCE619200EE613B /* main.cpp */ = {isa = PBXFileReference; fileEncoding = 4; lastKnownFileType = sourcecode.cpp.cpp; path = main.cpp; sourceTree = "<group>"; };
/* End PBXFileReference section */

/* Begin PBXFrameworksBuildPhase section */
		371E26441BCE505300EE613B /* Frameworks */ = {
			isa = PBXFrameworksBuildPhase;
			buildActionMask = 2147483647;
			files = (
				371E26611BCE50D500EE613B /* libopencv_imgproc.3.0.0.dylib in Frameworks */,
				371E26621BCE50D500EE613B /* libopencv_core.3.0.0.dylib in Frameworks */,
				371E26631BCE50D500EE613B /* libopencv_calib3d.3.0.0.dylib in Frameworks */,
				371E26641BCE50D500EE613B /* libopencv_photo.3.0.0.dylib in Frameworks */,
				371E26651BCE50D500EE613B /* libopencv_features2d.3.0.0.dylib in Frameworks */,
				371E26661BCE50D500EE613B /* libopencv_ml.3.0.0.dylib in Frameworks */,
				371E26671BCE50D500EE613B /* libopencv_stitching.3.0.0.dylib in Frameworks */,
				371E26681BCE50D500EE613B /* libopencv_objdetect.3.0.0.dylib in Frameworks */,
				371E26691BCE50D500EE613B /* libopencv_flann.3.0.0.dylib in Frameworks */,
				371E266A1BCE50D500EE613B /* libopencv_video.3.0.0.dylib in Frameworks */,
				371E266B1BCE50D500EE613B /* libopencv_videostab.3.0.0.dylib in Frameworks */,
				371E266C1BCE50D500EE613B /* libopencv_imgcodecs.3.0.0.dylib in Frameworks */,
				371E266D1BCE50D500EE613B /* libopencv_shape.3.0.0.dylib in Frameworks */,
				371E266E1BCE50D500EE613B /* libopencv_superres.3.0.0.dylib in Frameworks */,
				371E266F1BCE50D500EE613B /* libopencv_videoio.3.0.0.dylib in Frameworks */,
				371E26701BCE50D500EE613B /* libopencv_highgui.3.0.0.dylib in Frameworks */,
			);
			runOnlyForDeploymentPostprocessing = 0;
		};
		371E268F1BCE55EB00EE613B /* Frameworks */ = {
			isa = PBXFrameworksBuildPhase;
			buildActionMask = 2147483647;
			files = (
				371E26901BCE55EB00EE613B /* libopencv_imgproc.3.0.0.dylib in Frameworks */,
				371E26911BCE55EB00EE613B /* libopencv_core.3.0.0.dylib in Frameworks */,
				371E26921BCE55EB00EE613B /* libopencv_calib3d.3.0.0.dylib in Frameworks */,
				371E26931BCE55EB00EE613B /* libopencv_photo.3.0.0.dylib in Frameworks */,
				371E26941BCE55EB00EE613B /* libopencv_features2d.3.0.0.dylib in Frameworks */,
				371E26951BCE55EB00EE613B /* libopencv_ml.3.0.0.dylib in Frameworks */,
				371E26961BCE55EB00EE613B /* libopencv_stitching.3.0.0.dylib in Frameworks */,
				371E26971BCE55EB00EE613B /* libopencv_objdetect.3.0.0.dylib in Frameworks */,
				371E26981BCE55EB00EE613B /* libopencv_flann.3.0.0.dylib in Frameworks */,
				371E26991BCE55EB00EE613B /* libopencv_video.3.0.0.dylib in Frameworks */,
				371E269A1BCE55EB00EE613B /* libopencv_videostab.3.0.0.dylib in Frameworks */,
				371E269B1BCE55EB00EE613B /* libopencv_imgcodecs.3.0.0.dylib in Frameworks */,
				371E269C1BCE55EB00EE613B /* libopencv_shape.3.0.0.dylib in Frameworks */,
				371E269D1BCE55EB00EE613B /* libopencv_superres.3.0.0.dylib in Frameworks */,
				371E269E1BCE55EB00EE613B /* libopencv_videoio.3.0.0.dylib in Frameworks */,
				371E269F1BCE55EB00EE613B /* libopencv_highgui.3.0.0.dylib in Frameworks */,
			);
			runOnlyForDeploymentPostprocessing = 0;
		};
		371E26AB1BCE574D00EE613B /* Frameworks */ = {
			isa = PBXFrameworksBuildPhase;
			buildActionMask = 2147483647;
			files = (
				371E26AC1BCE574D00EE613B /* libopencv_imgproc.3.0.0.dylib in Frameworks */,
				371E26AD1BCE574D00EE613B /* libopencv_core.3.0.0.dylib in Frameworks */,
				371E26AE1BCE574D00EE613B /* libopencv_calib3d.3.0.0.dylib in Frameworks */,
				371E26AF1BCE574D00EE613B /* libopencv_photo.3.0.0.dylib in Frameworks */,
				371E26B01BCE574D00EE613B /* libopencv_features2d.3.0.0.dylib in Frameworks */,
				371E26B11BCE574D00EE613B /* libopencv_ml.3.0.0.dylib in Frameworks */,
				371E26B21BCE574D00EE613B /* libopencv_stitching.3.0.0.dylib in Frameworks */,
				371E26B31BCE574D00EE613B /* libopencv_objdetect.3.0.0.dylib in Frameworks */,
				371E26B41BCE574D00EE613B /* libopencv_flann.3.0.0.dylib in Frameworks */,
				371E26B51BCE574D00EE613B /* libopencv_video.3.0.0.dylib in Frameworks */,
				371E26B61BCE574D00EE613B /* libopencv_videostab.3.0.0.dylib in Frameworks */,
				371E26B71BCE574D00EE613B /* libopencv_imgcodecs.3.0.0.dylib in Frameworks */,
				371E26B81BCE574D00EE613B /* libopencv_shape.3.0.0.dylib in Frameworks */,
				371E26B91BCE574D00EE613B /* libopencv_superres.3.0.0.dylib in Frameworks */,
				371E26BA1BCE574D00EE613B /* libopencv_videoio.3.0.0.dylib in Frameworks */,
				371E26BB1BCE574D00EE613B /* libopencv_highgui.3.0.0.dylib in Frameworks */,
			);
			runOnlyForDeploymentPostprocessing = 0;
		};
		371E26CA1BCE59A500EE613B /* Frameworks */ = {
			isa = PBXFrameworksBuildPhase;
			buildActionMask = 2147483647;
			files = (
				371E26CB1BCE59A500EE613B /* libopencv_imgproc.3.0.0.dylib in Frameworks */,
				371E26CC1BCE59A500EE613B /* libopencv_core.3.0.0.dylib in Frameworks */,
				371E26CD1BCE59A500EE613B /* libopencv_calib3d.3.0.0.dylib in Frameworks */,
				371E26CE1BCE59A500EE613B /* libopencv_photo.3.0.0.dylib in Frameworks */,
				371E26CF1BCE59A500EE613B /* libopencv_features2d.3.0.0.dylib in Frameworks */,
				371E26D01BCE59A500EE613B /* libopencv_ml.3.0.0.dylib in Frameworks */,
				371E26D11BCE59A500EE613B /* libopencv_stitching.3.0.0.dylib in Frameworks */,
				371E26D21BCE59A500EE613B /* libopencv_objdetect.3.0.0.dylib in Frameworks */,
				371E26D31BCE59A500EE613B /* libopencv_flann.3.0.0.dylib in Frameworks */,
				371E26D41BCE59A500EE613B /* libopencv_video.3.0.0.dylib in Frameworks */,
				371E26D51BCE59A500EE613B /* libopencv_videostab.3.0.0.dylib in Frameworks */,
				371E26D61BCE59A500EE613B /* libopencv_imgcodecs.3.0.0.dylib in Frameworks */,
				371E26D71BCE59A500EE613B /* libopencv_shape.3.0.0.dylib in Frameworks */,
				371E26D81BCE59A500EE613B /* libopencv_superres.3.0.0.dylib in Frameworks */,
				371E26D91BCE59A500EE613B /* libopencv_videoio.3.0.0.dylib in Frameworks */,
				371E26DA1BCE59A500EE613B /* libopencv_highgui.3.0.0.dylib in Frameworks */,
			);
			runOnlyForDeploymentPostprocessing = 0;
		};
		371E26EA1BCE5A8D00EE613B /* Frameworks */ = {
			isa = PBXFrameworksBuildPhase;
			buildActionMask = 2147483647;
			files = (
				371E26EB1BCE5A8D00EE613B /* libopencv_imgproc.3.0.0.dylib in Frameworks */,
				371E26EC1BCE5A8D00EE613B /* libopencv_core.3.0.0.dylib in Frameworks */,
				371E26ED1BCE5A8D00EE613B /* libopencv_calib3d.3.0.0.dylib in Frameworks */,
				371E26EE1BCE5A8D00EE613B /* libopencv_photo.3.0.0.dylib in Frameworks */,
				371E26EF1BCE5A8D00EE613B /* libopencv_features2d.3.0.0.dylib in Frameworks */,
				371E26F01BCE5A8D00EE613B /* libopencv_ml.3.0.0.dylib in Frameworks */,
				371E26F11BCE5A8D00EE613B /* libopencv_stitching.3.0.0.dylib in Frameworks */,
				371E26F21BCE5A8D00EE613B /* libopencv_objdetect.3.0.0.dylib in Frameworks */,
				371E26F31BCE5A8D00EE613B /* libopencv_flann.3.0.0.dylib in Frameworks */,
				371E26F41BCE5A8D00EE613B /* libopencv_video.3.0.0.dylib in Frameworks */,
				371E26F51BCE5A8D00EE613B /* libopencv_videostab.3.0.0.dylib in Frameworks */,
				371E26F61BCE5A8D00EE613B /* libopencv_imgcodecs.3.0.0.dylib in Frameworks */,
				371E26F71BCE5A8D00EE613B /* libopencv_shape.3.0.0.dylib in Frameworks */,
				371E26F81BCE5A8D00EE613B /* libopencv_superres.3.0.0.dylib in Frameworks */,
				371E26F91BCE5A8D00EE613B /* libopencv_videoio.3.0.0.dylib in Frameworks */,
				371E26FA1BCE5A8D00EE613B /* libopencv_highgui.3.0.0.dylib in Frameworks */,
			);
			runOnlyForDeploymentPostprocessing = 0;
		};
		371E27071BCE5D2000EE613B /* Frameworks */ = {
			isa = PBXFrameworksBuildPhase;
			buildActionMask = 2147483647;
			files = (
				371E27081BCE5D2000EE613B /* libopencv_imgproc.3.0.0.dylib in Frameworks */,
				371E27091BCE5D2000EE613B /* libopencv_core.3.0.0.dylib in Frameworks */,
				371E270A1BCE5D2000EE613B /* libopencv_calib3d.3.0.0.dylib in Frameworks */,
				371E270B1BCE5D2000EE613B /* libopencv_photo.3.0.0.dylib in Frameworks */,
				371E270C1BCE5D2000EE613B /* libopencv_features2d.3.0.0.dylib in Frameworks */,
				371E270D1BCE5D2000EE613B /* libopencv_ml.3.0.0.dylib in Frameworks */,
				371E270E1BCE5D2000EE613B /* libopencv_stitching.3.0.0.dylib in Frameworks */,
				371E270F1BCE5D2000EE613B /* libopencv_objdetect.3.0.0.dylib in Frameworks */,
				371E27101BCE5D2000EE613B /* libopencv_flann.3.0.0.dylib in Frameworks */,
				371E27111BCE5D2000EE613B /* libopencv_video.3.0.0.dylib in Frameworks */,
				371E27121BCE5D2000EE613B /* libopencv_videostab.3.0.0.dylib in Frameworks */,
				371E27131BCE5D2000EE613B /* libopencv_imgcodecs.3.0.0.dylib in Frameworks */,
				371E27141BCE5D2000EE613B /* libopencv_shape.3.0.0.dylib in Frameworks */,
				371E27151BCE5D2000EE613B /* libopencv_superres.3.0.0.dylib in Frameworks */,
				371E27161BCE5D2000EE613B /* libopencv_videoio.3.0.0.dylib in Frameworks */,
				371E27171BCE5D2000EE613B /* libopencv_highgui.3.0.0.dylib in Frameworks */,
			);
			runOnlyForDeploymentPostprocessing = 0;
		};
		371E27261BCE60C900EE613B /* Frameworks */ = {
			isa = PBXFrameworksBuildPhase;
			buildActionMask = 2147483647;
			files = (
				371E27271BCE60C900EE613B /* libopencv_imgproc.3.0.0.dylib in Frameworks */,
				371E27281BCE60C900EE613B /* libopencv_core.3.0.0.dylib in Frameworks */,
				371E27291BCE60C900EE613B /* libopencv_calib3d.3.0.0.dylib in Frameworks */,
				371E272A1BCE60C900EE613B /* libopencv_photo.3.0.0.dylib in Frameworks */,
				371E272B1BCE60C900EE613B /* libopencv_features2d.3.0.0.dylib in Frameworks */,
				371E272C1BCE60C900EE613B /* libopencv_ml.3.0.0.dylib in Frameworks */,
				371E272D1BCE60C900EE613B /* libopencv_stitching.3.0.0.dylib in Frameworks */,
				371E272E1BCE60C900EE613B /* libopencv_objdetect.3.0.0.dylib in Frameworks */,
				371E272F1BCE60C900EE613B /* libopencv_flann.3.0.0.dylib in Frameworks */,
				371E27301BCE60C900EE613B /* libopencv_video.3.0.0.dylib in Frameworks */,
				371E27311BCE60C900EE613B /* libopencv_videostab.3.0.0.dylib in Frameworks */,
				371E27321BCE60C900EE613B /* libopencv_imgcodecs.3.0.0.dylib in Frameworks */,
				371E27331BCE60C900EE613B /* libopencv_shape.3.0.0.dylib in Frameworks */,
				371E27341BCE60C900EE613B /* libopencv_superres.3.0.0.dylib in Frameworks */,
				371E27351BCE60C900EE613B /* libopencv_videoio.3.0.0.dylib in Frameworks */,
				371E27361BCE60C900EE613B /* libopencv_highgui.3.0.0.dylib in Frameworks */,
			);
			runOnlyForDeploymentPostprocessing = 0;
		};
		371E273F1BCE60E800EE613B /* Frameworks */ = {
			isa = PBXFrameworksBuildPhase;
			buildActionMask = 2147483647;
			files = (
				371E27401BCE60E800EE613B /* libopencv_imgproc.3.0.0.dylib in Frameworks */,
				371E27411BCE60E800EE613B /* libopencv_core.3.0.0.dylib in Frameworks */,
				371E27421BCE60E800EE613B /* libopencv_calib3d.3.0.0.dylib in Frameworks */,
				371E27431BCE60E800EE613B /* libopencv_photo.3.0.0.dylib in Frameworks */,
				371E27441BCE60E800EE613B /* libopencv_features2d.3.0.0.dylib in Frameworks */,
				371E27451BCE60E800EE613B /* libopencv_ml.3.0.0.dylib in Frameworks */,
				371E27461BCE60E800EE613B /* libopencv_stitching.3.0.0.dylib in Frameworks */,
				371E27471BCE60E800EE613B /* libopencv_objdetect.3.0.0.dylib in Frameworks */,
				371E27481BCE60E800EE613B /* libopencv_flann.3.0.0.dylib in Frameworks */,
				371E27491BCE60E800EE613B /* libopencv_video.3.0.0.dylib in Frameworks */,
				371E274A1BCE60E800EE613B /* libopencv_videostab.3.0.0.dylib in Frameworks */,
				371E274B1BCE60E800EE613B /* libopencv_imgcodecs.3.0.0.dylib in Frameworks */,
				371E274C1BCE60E800EE613B /* libopencv_shape.3.0.0.dylib in Frameworks */,
				371E274D1BCE60E800EE613B /* libopencv_superres.3.0.0.dylib in Frameworks */,
				371E274E1BCE60E800EE613B /* libopencv_videoio.3.0.0.dylib in Frameworks */,
				371E274F1BCE60E800EE613B /* libopencv_highgui.3.0.0.dylib in Frameworks */,
			);
			runOnlyForDeploymentPostprocessing = 0;
		};
		371E27581BCE60F900EE613B /* Frameworks */ = {
			isa = PBXFrameworksBuildPhase;
			buildActionMask = 2147483647;
			files = (
				371E27591BCE60F900EE613B /* libopencv_imgproc.3.0.0.dylib in Frameworks */,
				371E275A1BCE60F900EE613B /* libopencv_core.3.0.0.dylib in Frameworks */,
				371E275B1BCE60F900EE613B /* libopencv_calib3d.3.0.0.dylib in Frameworks */,
				371E275C1BCE60F900EE613B /* libopencv_photo.3.0.0.dylib in Frameworks */,
				371E275D1BCE60F900EE613B /* libopencv_features2d.3.0.0.dylib in Frameworks */,
				371E275E1BCE60F900EE613B /* libopencv_ml.3.0.0.dylib in Frameworks */,
				371E275F1BCE60F900EE613B /* libopencv_stitching.3.0.0.dylib in Frameworks */,
				371E27601BCE60F900EE613B /* libopencv_objdetect.3.0.0.dylib in Frameworks */,
				371E27611BCE60F900EE613B /* libopencv_flann.3.0.0.dylib in Frameworks */,
				371E27621BCE60F900EE613B /* libopencv_video.3.0.0.dylib in Frameworks */,
				371E27631BCE60F900EE613B /* libopencv_videostab.3.0.0.dylib in Frameworks */,
				371E27641BCE60F900EE613B /* libopencv_imgcodecs.3.0.0.dylib in Frameworks */,
				371E27651BCE60F900EE613B /* libopencv_shape.3.0.0.dylib in Frameworks */,
				371E27661BCE60F900EE613B /* libopencv_superres.3.0.0.dylib in Frameworks */,
				371E27671BCE60F900EE613B /* libopencv_videoio.3.0.0.dylib in Frameworks */,
				371E27681BCE60F900EE613B /* libopencv_highgui.3.0.0.dylib in Frameworks */,
			);
			runOnlyForDeploymentPostprocessing = 0;
		};
/* End PBXFrameworksBuildPhase section */

/* Begin PBXGroup section */
		371E263E1BCE505300EE613B = {
			isa = PBXGroup;
			children = (
				371E26711BCE50DB00EE613B /* lib */,
				371E26A71BCE572900EE613B /* src */,
				371E26731BCE534100EE613B /* Lenna.jpg */,
				371E27211BCE5E2600EE613B /* scene.jpg */,
				371E27221BCE5E2A00EE613B /* haarcascade_frontalface_alt.xml */,
				371E26481BCE505300EE613B /* Products */,
			);
			sourceTree = "<group>";
		};
		371E26481BCE505300EE613B /* Products */ = {
			isa = PBXGroup;
			children = (
				371E26471BCE505300EE613B /* 1_image */,
				371E26A51BCE55EB00EE613B /* 2_camera */,
				371E26C11BCE574D00EE613B /* 3_drawing */,
				371E26E01BCE59A500EE613B /* 4_grayscale */,
				371E27001BCE5A8D00EE613B /* 5_harr_like */,
				371E271D1BCE5D2000EE613B /* 6_akaze */,
				371E273C1BCE60C900EE613B /* 7_1_camera_haar_like */,
				371E27551BCE60E800EE613B /* 7_2_haar_like_cat */,
				371E276E1BCE60F900EE613B /* 7_3_camera_akaze */,
			);
			name = Products;
			sourceTree = "<group>";
		};
		371E26491BCE505300EE613B /* 1_image */ = {
			isa = PBXGroup;
			children = (
				371E264A1BCE505300EE613B /* main.cpp */,
			);
			path = 1_image;
			sourceTree = SOURCE_ROOT;
		};
		371E26711BCE50DB00EE613B /* lib */ = {
			isa = PBXGroup;
			children = (
				371E26511BCE50D500EE613B /* libopencv_imgproc.3.0.0.dylib */,
				371E26521BCE50D500EE613B /* libopencv_core.3.0.0.dylib */,
				371E26531BCE50D500EE613B /* libopencv_calib3d.3.0.0.dylib */,
				371E26541BCE50D500EE613B /* libopencv_photo.3.0.0.dylib */,
				371E26551BCE50D500EE613B /* libopencv_features2d.3.0.0.dylib */,
				371E26561BCE50D500EE613B /* libopencv_ml.3.0.0.dylib */,
				371E26571BCE50D500EE613B /* libopencv_stitching.3.0.0.dylib */,
				371E26581BCE50D500EE613B /* libopencv_objdetect.3.0.0.dylib */,
				371E26591BCE50D500EE613B /* libopencv_flann.3.0.0.dylib */,
				371E265A1BCE50D500EE613B /* libopencv_video.3.0.0.dylib */,
				371E265B1BCE50D500EE613B /* libopencv_videostab.3.0.0.dylib */,
				371E265C1BCE50D500EE613B /* libopencv_imgcodecs.3.0.0.dylib */,
				371E265D1BCE50D500EE613B /* libopencv_shape.3.0.0.dylib */,
				371E265E1BCE50D500EE613B /* libopencv_superres.3.0.0.dylib */,
				371E265F1BCE50D500EE613B /* libopencv_videoio.3.0.0.dylib */,
				371E26601BCE50D500EE613B /* libopencv_highgui.3.0.0.dylib */,
			);
			name = lib;
			sourceTree = "<group>";
		};
		371E26861BCE55C000EE613B /* 2_camera */ = {
			isa = PBXGroup;
			children = (
				371E26871BCE55C000EE613B /* main.cpp */,
			);
			path = 2_camera;
			sourceTree = "<group>";
		};
		371E26A71BCE572900EE613B /* src */ = {
			isa = PBXGroup;
			children = (
				371E26491BCE505300EE613B /* 1_image */,
				371E26861BCE55C000EE613B /* 2_camera */,
				371E26C61BCE584C00EE613B /* 3_drawing */,
				371E26E41BCE59D900EE613B /* 4_grayscale */,
				371E27011BCE5AA600EE613B /* 5_haar_like */,
				371E271E1BCE5D3900EE613B /* 6_akaze */,
				371E276F1BCE614600EE613B /* 7_1_camera_haar_like */,
				371E27701BCE614600EE613B /* 7_2_haar_like_cat */,
				371E27711BCE614600EE613B /* 7_3_camera_akaze */,
			);
			name = src;
			sourceTree = "<group>";
		};
		371E26C61BCE584C00EE613B /* 3_drawing */ = {
			isa = PBXGroup;
			children = (
				371E26C41BCE584700EE613B /* main.cpp */,
			);
			name = 3_drawing;
			sourceTree = "<group>";
		};
		371E26E41BCE59D900EE613B /* 4_grayscale */ = {
			isa = PBXGroup;
			children = (
				371E26E51BCE59F100EE613B /* main.cpp */,
			);
			path = 4_grayscale;
			sourceTree = "<group>";
		};
		371E27011BCE5AA600EE613B /* 5_haar_like */ = {
			isa = PBXGroup;
			children = (
				371E27021BCE5ABA00EE613B /* main.cpp */,
			);
			path = 5_haar_like;
			sourceTree = "<group>";
		};
		371E271E1BCE5D3900EE613B /* 6_akaze */ = {
			isa = PBXGroup;
			children = (
				371E271F1BCE5D5E00EE613B /* main.cpp */,
			);
			path = 6_akaze;
			sourceTree = "<group>";
		};
		371E276F1BCE614600EE613B /* 7_1_camera_haar_like */ = {
			isa = PBXGroup;
			children = (
				371E27721BCE617900EE613B /* main.cpp */,
			);
			path = 7_1_camera_haar_like;
			sourceTree = "<group>";
		};
		371E27701BCE614600EE613B /* 7_2_haar_like_cat */ = {
			isa = PBXGroup;
			children = (
				371E27741BCE618600EE613B /* main.cpp */,
			);
			path = 7_2_haar_like_cat;
			sourceTree = "<group>";
		};
		371E27711BCE614600EE613B /* 7_3_camera_akaze */ = {
			isa = PBXGroup;
			children = (
				371E27761BCE619200EE613B /* main.cpp */,
			);
			path = 7_3_camera_akaze;
			sourceTree = "<group>";
		};
/* End PBXGroup section */

/* Begin PBXNativeTarget section */
		371E26461BCE505300EE613B /* 1_image */ = {
			isa = PBXNativeTarget;
			buildConfigurationList = 371E264E1BCE505300EE613B /* Build configuration list for PBXNativeTarget "1_image" */;
			buildPhases = (
				371E26431BCE505300EE613B /* Sources */,
				371E26441BCE505300EE613B /* Frameworks */,
				371E26451BCE505300EE613B /* Copy Files */,
			);
			buildRules = (
			);
			dependencies = (
			);
			name = 1_image;
			productName = 001;
			productReference = 371E26471BCE505300EE613B /* 1_image */;
			productType = "com.apple.product-type.tool";
		};
		371E268C1BCE55EB00EE613B /* 2_camera */ = {
			isa = PBXNativeTarget;
			buildConfigurationList = 371E26A21BCE55EB00EE613B /* Build configuration list for PBXNativeTarget "2_camera" */;
			buildPhases = (
				371E268D1BCE55EB00EE613B /* Sources */,
				371E268F1BCE55EB00EE613B /* Frameworks */,
				371E26A01BCE55EB00EE613B /* Copy Files */,
			);
			buildRules = (
			);
			dependencies = (
			);
			name = 2_camera;
			productName = 001;
			productReference = 371E26A51BCE55EB00EE613B /* 2_camera */;
			productType = "com.apple.product-type.tool";
		};
		371E26A81BCE574D00EE613B /* 3_drawing */ = {
			isa = PBXNativeTarget;
			buildConfigurationList = 371E26BE1BCE574D00EE613B /* Build configuration list for PBXNativeTarget "3_drawing" */;
			buildPhases = (
				371E26A91BCE574D00EE613B /* Sources */,
				371E26AB1BCE574D00EE613B /* Frameworks */,
				371E26BC1BCE574D00EE613B /* Copy Files */,
			);
			buildRules = (
			);
			dependencies = (
			);
			name = 3_drawing;
			productName = 001;
			productReference = 371E26C11BCE574D00EE613B /* 3_drawing */;
			productType = "com.apple.product-type.tool";
		};
		371E26C71BCE59A500EE613B /* 4_grayscale */ = {
			isa = PBXNativeTarget;
			buildConfigurationList = 371E26DD1BCE59A500EE613B /* Build configuration list for PBXNativeTarget "4_grayscale" */;
			buildPhases = (
				371E26C81BCE59A500EE613B /* Sources */,
				371E26CA1BCE59A500EE613B /* Frameworks */,
				371E26DB1BCE59A500EE613B /* Copy Files */,
			);
			buildRules = (
			);
			dependencies = (
			);
			name = 4_grayscale;
			productName = 001;
			productReference = 371E26E01BCE59A500EE613B /* 4_grayscale */;
			productType = "com.apple.product-type.tool";
		};
		371E26E71BCE5A8D00EE613B /* 5_harr_like */ = {
			isa = PBXNativeTarget;
			buildConfigurationList = 371E26FD1BCE5A8D00EE613B /* Build configuration list for PBXNativeTarget "5_harr_like" */;
			buildPhases = (
				371E26E81BCE5A8D00EE613B /* Sources */,
				371E26EA1BCE5A8D00EE613B /* Frameworks */,
				371E26FB1BCE5A8D00EE613B /* Copy Files */,
			);
			buildRules = (
			);
			dependencies = (
			);
			name = 5_harr_like;
			productName = 001;
			productReference = 371E27001BCE5A8D00EE613B /* 5_harr_like */;
			productType = "com.apple.product-type.tool";
		};
		371E27041BCE5D2000EE613B /* 6_akaze */ = {
			isa = PBXNativeTarget;
			buildConfigurationList = 371E271A1BCE5D2000EE613B /* Build configuration list for PBXNativeTarget "6_akaze" */;
			buildPhases = (
				371E27051BCE5D2000EE613B /* Sources */,
				371E27071BCE5D2000EE613B /* Frameworks */,
				371E27181BCE5D2000EE613B /* Copy Files */,
			);
			buildRules = (
			);
			dependencies = (
			);
			name = 6_akaze;
			productName = 001;
			productReference = 371E271D1BCE5D2000EE613B /* 6_akaze */;
			productType = "com.apple.product-type.tool";
		};
		371E27231BCE60C900EE613B /* 7_1_camera_haar_like */ = {
			isa = PBXNativeTarget;
			buildConfigurationList = 371E27391BCE60C900EE613B /* Build configuration list for PBXNativeTarget "7_1_camera_haar_like" */;
			buildPhases = (
				371E27241BCE60C900EE613B /* Sources */,
				371E27261BCE60C900EE613B /* Frameworks */,
				371E27371BCE60C900EE613B /* Copy Files */,
			);
			buildRules = (
			);
			dependencies = (
			);
			name = 7_1_camera_haar_like;
			productName = 001;
			productReference = 371E273C1BCE60C900EE613B /* 7_1_camera_haar_like */;
			productType = "com.apple.product-type.tool";
		};
		371E273D1BCE60E800EE613B /* 7_2_haar_like_cat */ = {
			isa = PBXNativeTarget;
			buildConfigurationList = 371E27521BCE60E800EE613B /* Build configuration list for PBXNativeTarget "7_2_haar_like_cat" */;
			buildPhases = (
				371E273E1BCE60E800EE613B /* Sources */,
				371E273F1BCE60E800EE613B /* Frameworks */,
				371E27501BCE60E800EE613B /* Copy Files */,
			);
			buildRules = (
			);
			dependencies = (
			);
			name = 7_2_haar_like_cat;
			productName = 001;
			productReference = 371E27551BCE60E800EE613B /* 7_2_haar_like_cat */;
			productType = "com.apple.product-type.tool";
		};
		371E27561BCE60F900EE613B /* 7_3_camera_akaze */ = {
			isa = PBXNativeTarget;
			buildConfigurationList = 371E276B1BCE60F900EE613B /* Build configuration list for PBXNativeTarget "7_3_camera_akaze" */;
			buildPhases = (
				371E27571BCE60F900EE613B /* Sources */,
				371E27581BCE60F900EE613B /* Frameworks */,
				371E27691BCE60F900EE613B /* Copy Files */,
			);
			buildRules = (
			);
			dependencies = (
			);
			name = 7_3_camera_akaze;
			productName = 001;
			productReference = 371E276E1BCE60F900EE613B /* 7_3_camera_akaze */;
			productType = "com.apple.product-type.tool";
		};
/* End PBXNativeTarget section */

/* Begin PBXProject section */
		371E263F1BCE505300EE613B /* Project object */ = {
			isa = PBXProject;
			attributes = {
				LastUpgradeCheck = 0700;
				ORGANIZATIONNAME = "Kenta Hara";
				TargetAttributes = {
					371E26461BCE505300EE613B = {
						CreatedOnToolsVersion = 7.0.1;
					};
				};
			};
			buildConfigurationList = 371E26421BCE505300EE613B /* Build configuration list for PBXProject "003" */;
			compatibilityVersion = "Xcode 3.2";
			developmentRegion = English;
			hasScannedForEncodings = 0;
			knownRegions = (
				en,
			);
			mainGroup = 371E263E1BCE505300EE613B;
			productRefGroup = 371E26481BCE505300EE613B /* Products */;
			projectDirPath = "";
			projectRoot = "";
			targets = (
				371E26461BCE505300EE613B /* 1_image */,
				371E268C1BCE55EB00EE613B /* 2_camera */,
				371E26A81BCE574D00EE613B /* 3_drawing */,
				371E26C71BCE59A500EE613B /* 4_grayscale */,
				371E26E71BCE5A8D00EE613B /* 5_harr_like */,
				371E27041BCE5D2000EE613B /* 6_akaze */,
				371E27231BCE60C900EE613B /* 7_1_camera_haar_like */,
				371E273D1BCE60E800EE613B /* 7_2_haar_like_cat */,
				371E27561BCE60F900EE613B /* 7_3_camera_akaze */,
			);
		};
/* End PBXProject section */

/* Begin PBXSourcesBuildPhase section */
		371E26431BCE505300EE613B /* Sources */ = {
			isa = PBXSourcesBuildPhase;
			buildActionMask = 2147483647;
			files = (
				371E264B1BCE505300EE613B /* main.cpp in Sources */,
			);
			runOnlyForDeploymentPostprocessing = 0;
		};
		371E268D1BCE55EB00EE613B /* Sources */ = {
			isa = PBXSourcesBuildPhase;
			buildActionMask = 2147483647;
			files = (
				371E26A61BCE560D00EE613B /* main.cpp in Sources */,
			);
			runOnlyForDeploymentPostprocessing = 0;
		};
		371E26A91BCE574D00EE613B /* Sources */ = {
			isa = PBXSourcesBuildPhase;
			buildActionMask = 2147483647;
			files = (
				371E26C51BCE584700EE613B /* main.cpp in Sources */,
			);
			runOnlyForDeploymentPostprocessing = 0;
		};
		371E26C81BCE59A500EE613B /* Sources */ = {
			isa = PBXSourcesBuildPhase;
			buildActionMask = 2147483647;
			files = (
				371E26E61BCE59F100EE613B /* main.cpp in Sources */,
			);
			runOnlyForDeploymentPostprocessing = 0;
		};
		371E26E81BCE5A8D00EE613B /* Sources */ = {
			isa = PBXSourcesBuildPhase;
			buildActionMask = 2147483647;
			files = (
				371E27031BCE5ABA00EE613B /* main.cpp in Sources */,
			);
			runOnlyForDeploymentPostprocessing = 0;
		};
		371E27051BCE5D2000EE613B /* Sources */ = {
			isa = PBXSourcesBuildPhase;
			buildActionMask = 2147483647;
			files = (
				371E27201BCE5D5E00EE613B /* main.cpp in Sources */,
			);
			runOnlyForDeploymentPostprocessing = 0;
		};
		371E27241BCE60C900EE613B /* Sources */ = {
			isa = PBXSourcesBuildPhase;
			buildActionMask = 2147483647;
			files = (
				371E27731BCE617900EE613B /* main.cpp in Sources */,
			);
			runOnlyForDeploymentPostprocessing = 0;
		};
		371E273E1BCE60E800EE613B /* Sources */ = {
			isa = PBXSourcesBuildPhase;
			buildActionMask = 2147483647;
			files = (
				371E27751BCE618600EE613B /* main.cpp in Sources */,
			);
			runOnlyForDeploymentPostprocessing = 0;
		};
		371E27571BCE60F900EE613B /* Sources */ = {
			isa = PBXSourcesBuildPhase;
			buildActionMask = 2147483647;
			files = (
				371E27771BCE619200EE613B /* main.cpp in Sources */,
			);
			runOnlyForDeploymentPostprocessing = 0;
		};
/* End PBXSourcesBuildPhase section */

/* Begin XCBuildConfiguration section */
		371E264C1BCE505300EE613B /* Debug */ = {
			isa = XCBuildConfiguration;
			buildSettings = {
				ALWAYS_SEARCH_USER_PATHS = NO;
				CLANG_CXX_LANGUAGE_STANDARD = "gnu++0x";
				CLANG_CXX_LIBRARY = "libc++";
				CLANG_ENABLE_MODULES = YES;
				CLANG_ENABLE_OBJC_ARC = YES;
				CLANG_WARN_BOOL_CONVERSION = YES;
				CLANG_WARN_CONSTANT_CONVERSION = YES;
				CLANG_WARN_DIRECT_OBJC_ISA_USAGE = YES_ERROR;
				CLANG_WARN_EMPTY_BODY = YES;
				CLANG_WARN_ENUM_CONVERSION = YES;
				CLANG_WARN_INT_CONVERSION = YES;
				CLANG_WARN_OBJC_ROOT_CLASS = YES_ERROR;
				CLANG_WARN_UNREACHABLE_CODE = YES;
				CLANG_WARN__DUPLICATE_METHOD_MATCH = YES;
				COPY_PHASE_STRIP = NO;
				DEBUG_INFORMATION_FORMAT = dwarf;
				ENABLE_STRICT_OBJC_MSGSEND = YES;
				ENABLE_TESTABILITY = YES;
				GCC_C_LANGUAGE_STANDARD = gnu99;
				GCC_DYNAMIC_NO_PIC = NO;
				GCC_NO_COMMON_BLOCKS = YES;
				GCC_OPTIMIZATION_LEVEL = 0;
				GCC_PREPROCESSOR_DEFINITIONS = (
					"DEBUG=1",
					"$(inherited)",
				);
				GCC_WARN_64_TO_32_BIT_CONVERSION = YES;
				GCC_WARN_ABOUT_RETURN_TYPE = YES_ERROR;
				GCC_WARN_UNDECLARED_SELECTOR = YES;
				GCC_WARN_UNINITIALIZED_AUTOS = YES_AGGRESSIVE;
				GCC_WARN_UNUSED_FUNCTION = YES;
				GCC_WARN_UNUSED_VARIABLE = YES;
				MACOSX_DEPLOYMENT_TARGET = 10.10;
				MTL_ENABLE_DEBUG_INFO = YES;
				ONLY_ACTIVE_ARCH = YES;
				SDKROOT = macosx;
			};
			name = Debug;
		};
		371E264D1BCE505300EE613B /* Release */ = {
			isa = XCBuildConfiguration;
			buildSettings = {
				ALWAYS_SEARCH_USER_PATHS = NO;
				CLANG_CXX_LANGUAGE_STANDARD = "gnu++0x";
				CLANG_CXX_LIBRARY = "libc++";
				CLANG_ENABLE_MODULES = YES;
				CLANG_ENABLE_OBJC_ARC = YES;
				CLANG_WARN_BOOL_CONVERSION = YES;
				CLANG_WARN_CONSTANT_CONVERSION = YES;
				CLANG_WARN_DIRECT_OBJC_ISA_USAGE = YES_ERROR;
				CLANG_WARN_EMPTY_BODY = YES;
				CLANG_WARN_ENUM_CONVERSION = YES;
				CLANG_WARN_INT_CONVERSION = YES;
				CLANG_WARN_OBJC_ROOT_CLASS = YES_ERROR;
				CLANG_WARN_UNREACHABLE_CODE = YES;
				CLANG_WARN__DUPLICATE_METHOD_MATCH = YES;
				COPY_PHASE_STRIP = NO;
				DEBUG_INFORMATION_FORMAT = "dwarf-with-dsym";
				ENABLE_NS_ASSERTIONS = NO;
				ENABLE_STRICT_OBJC_MSGSEND = YES;
				GCC_C_LANGUAGE_STANDARD = gnu99;
				GCC_NO_COMMON_BLOCKS = YES;
				GCC_WARN_64_TO_32_BIT_CONVERSION = YES;
				GCC_WARN_ABOUT_RETURN_TYPE = YES_ERROR;
				GCC_WARN_UNDECLARED_SELECTOR = YES;
				GCC_WARN_UNINITIALIZED_AUTOS = YES_AGGRESSIVE;
				GCC_WARN_UNUSED_FUNCTION = YES;
				GCC_WARN_UNUSED_VARIABLE = YES;
				MACOSX_DEPLOYMENT_TARGET = 10.10;
				MTL_ENABLE_DEBUG_INFO = NO;
				SDKROOT = macosx;
			};
			name = Release;
		};
		371E264F1BCE505300EE613B /* Debug */ = {
			isa = XCBuildConfiguration;
			buildSettings = {
				HEADER_SEARCH_PATHS = "/usr/local/opt/opencv3/include/**";
				LIBRARY_SEARCH_PATHS = (
					"/usr/local/opt/opencv3/lib/**",
					/usr/local/Cellar/opencv3/3.0.0/lib,
				);
				PRODUCT_NAME = 1_image;
			};
			name = Debug;
		};
		371E26501BCE505300EE613B /* Release */ = {
			isa = XCBuildConfiguration;
			buildSettings = {
				HEADER_SEARCH_PATHS = "/usr/local/opt/opencv3/include/**";
				LIBRARY_SEARCH_PATHS = (
					"/usr/local/opt/opencv3/lib/**",
					/usr/local/Cellar/opencv3/3.0.0/lib,
				);
				PRODUCT_NAME = 1_image;
			};
			name = Release;
		};
		371E26A31BCE55EB00EE613B /* Debug */ = {
			isa = XCBuildConfiguration;
			buildSettings = {
				HEADER_SEARCH_PATHS = "/usr/local/opt/opencv3/include/**";
				LIBRARY_SEARCH_PATHS = (
					"/usr/local/opt/opencv3/lib/**",
					/usr/local/Cellar/opencv3/3.0.0/lib,
				);
				PRODUCT_NAME = "$(TARGET_NAME)";
			};
			name = Debug;
		};
		371E26A41BCE55EB00EE613B /* Release */ = {
			isa = XCBuildConfiguration;
			buildSettings = {
				HEADER_SEARCH_PATHS = "/usr/local/opt/opencv3/include/**";
				LIBRARY_SEARCH_PATHS = (
					"/usr/local/opt/opencv3/lib/**",
					/usr/local/Cellar/opencv3/3.0.0/lib,
				);
				PRODUCT_NAME = "$(TARGET_NAME)";
			};
			name = Release;
		};
		371E26BF1BCE574D00EE613B /* Debug */ = {
			isa = XCBuildConfiguration;
			buildSettings = {
				HEADER_SEARCH_PATHS = "/usr/local/opt/opencv3/include/**";
				LIBRARY_SEARCH_PATHS = (
					"/usr/local/opt/opencv3/lib/**",
					/usr/local/Cellar/opencv3/3.0.0/lib,
				);
				PRODUCT_NAME = "$(TARGET_NAME)";
			};
			name = Debug;
		};
		371E26C01BCE574D00EE613B /* Release */ = {
			isa = XCBuildConfiguration;
			buildSettings = {
				HEADER_SEARCH_PATHS = "/usr/local/opt/opencv3/include/**";
				LIBRARY_SEARCH_PATHS = (
					"/usr/local/opt/opencv3/lib/**",
					/usr/local/Cellar/opencv3/3.0.0/lib,
				);
				PRODUCT_NAME = "$(TARGET_NAME)";
			};
			name = Release;
		};
		371E26DE1BCE59A500EE613B /* Debug */ = {
			isa = XCBuildConfiguration;
			buildSettings = {
				HEADER_SEARCH_PATHS = "/usr/local/opt/opencv3/include/**";
				LIBRARY_SEARCH_PATHS = (
					"/usr/local/opt/opencv3/lib/**",
					/usr/local/Cellar/opencv3/3.0.0/lib,
				);
				PRODUCT_NAME = "$(TARGET_NAME)";
			};
			name = Debug;
		};
		371E26DF1BCE59A500EE613B /* Release */ = {
			isa = XCBuildConfiguration;
			buildSettings = {
				HEADER_SEARCH_PATHS = "/usr/local/opt/opencv3/include/**";
				LIBRARY_SEARCH_PATHS = (
					"/usr/local/opt/opencv3/lib/**",
					/usr/local/Cellar/opencv3/3.0.0/lib,
				);
				PRODUCT_NAME = "$(TARGET_NAME)";
			};
			name = Release;
		};
		371E26FE1BCE5A8D00EE613B /* Debug */ = {
			isa = XCBuildConfiguration;
			buildSettings = {
				HEADER_SEARCH_PATHS = "/usr/local/opt/opencv3/include/**";
				LIBRARY_SEARCH_PATHS = (
					"/usr/local/opt/opencv3/lib/**",
					/usr/local/Cellar/opencv3/3.0.0/lib,
				);
				PRODUCT_NAME = "$(TARGET_NAME)";
			};
			name = Debug;
		};
		371E26FF1BCE5A8D00EE613B /* Release */ = {
			isa = XCBuildConfiguration;
			buildSettings = {
				HEADER_SEARCH_PATHS = "/usr/local/opt/opencv3/include/**";
				LIBRARY_SEARCH_PATHS = (
					"/usr/local/opt/opencv3/lib/**",
					/usr/local/Cellar/opencv3/3.0.0/lib,
				);
				PRODUCT_NAME = "$(TARGET_NAME)";
			};
			name = Release;
		};
		371E271B1BCE5D2000EE613B /* Debug */ = {
			isa = XCBuildConfiguration;
			buildSettings = {
				HEADER_SEARCH_PATHS = "/usr/local/opt/opencv3/include/**";
				LIBRARY_SEARCH_PATHS = (
					"/usr/local/opt/opencv3/lib/**",
					/usr/local/Cellar/opencv3/3.0.0/lib,
				);
				PRODUCT_NAME = "$(TARGET_NAME)";
			};
			name = Debug;
		};
		371E271C1BCE5D2000EE613B /* Release */ = {
			isa = XCBuildConfiguration;
			buildSettings = {
				HEADER_SEARCH_PATHS = "/usr/local/opt/opencv3/include/**";
				LIBRARY_SEARCH_PATHS = (
					"/usr/local/opt/opencv3/lib/**",
					/usr/local/Cellar/opencv3/3.0.0/lib,
				);
				PRODUCT_NAME = "$(TARGET_NAME)";
			};
			name = Release;
		};
		371E273A1BCE60C900EE613B /* Debug */ = {
			isa = XCBuildConfiguration;
			buildSettings = {
				HEADER_SEARCH_PATHS = "/usr/local/opt/opencv3/include/**";
				LIBRARY_SEARCH_PATHS = (
					"/usr/local/opt/opencv3/lib/**",
					/usr/local/Cellar/opencv3/3.0.0/lib,
				);
				PRODUCT_NAME = "$(TARGET_NAME)";
			};
			name = Debug;
		};
		371E273B1BCE60C900EE613B /* Release */ = {
			isa = XCBuildConfiguration;
			buildSettings = {
				HEADER_SEARCH_PATHS = "/usr/local/opt/opencv3/include/**";
				LIBRARY_SEARCH_PATHS = (
					"/usr/local/opt/opencv3/lib/**",
					/usr/local/Cellar/opencv3/3.0.0/lib,
				);
				PRODUCT_NAME = "$(TARGET_NAME)";
			};
			name = Release;
		};
		371E27531BCE60E800EE613B /* Debug */ = {
			isa = XCBuildConfiguration;
			buildSettings = {
				HEADER_SEARCH_PATHS = "/usr/local/opt/opencv3/include/**";
				LIBRARY_SEARCH_PATHS = (
					"/usr/local/opt/opencv3/lib/**",
					/usr/local/Cellar/opencv3/3.0.0/lib,
				);
				PRODUCT_NAME = "$(TARGET_NAME)";
			};
			name = Debug;
		};
		371E27541BCE60E800EE613B /* Release */ = {
			isa = XCBuildConfiguration;
			buildSettings = {
				HEADER_SEARCH_PATHS = "/usr/local/opt/opencv3/include/**";
				LIBRARY_SEARCH_PATHS = (
					"/usr/local/opt/opencv3/lib/**",
					/usr/local/Cellar/opencv3/3.0.0/lib,
				);
				PRODUCT_NAME = "$(TARGET_NAME)";
			};
			name = Release;
		};
		371E276C1BCE60F900EE613B /* Debug */ = {
			isa = XCBuildConfiguration;
			buildSettings = {
				HEADER_SEARCH_PATHS = "/usr/local/opt/opencv3/include/**";
				LIBRARY_SEARCH_PATHS = (
					"/usr/local/opt/opencv3/lib/**",
					/usr/local/Cellar/opencv3/3.0.0/lib,
				);
				PRODUCT_NAME = "$(TARGET_NAME)";
			};
			name = Debug;
		};
		371E276D1BCE60F900EE613B /* Release */ = {
			isa = XCBuildConfiguration;
			buildSettings = {
				HEADER_SEARCH_PATHS = "/usr/local/opt/opencv3/include/**";
				LIBRARY_SEARCH_PATHS = (
					"/usr/local/opt/opencv3/lib/**",
					/usr/local/Cellar/opencv3/3.0.0/lib,
				);
				PRODUCT_NAME = "$(TARGET_NAME)";
			};
			name = Release;
		};
/* End XCBuildConfiguration section */

/* Begin XCConfigurationList section */
		371E26421BCE505300EE613B /* Build configuration list for PBXProject "003" */ = {
			isa = XCConfigurationList;
			buildConfigurations = (
				371E264C1BCE505300EE613B /* Debug */,
				371E264D1BCE505300EE613B /* Release */,
			);
			defaultConfigurationIsVisible = 0;
			defaultConfigurationName = Release;
		};
		371E264E1BCE505300EE613B /* Build configuration list for PBXNativeTarget "1_image" */ = {
			isa = XCConfigurationList;
			buildConfigurations = (
				371E264F1BCE505300EE613B /* Debug */,
				371E26501BCE505300EE613B /* Release */,
			);
			defaultConfigurationIsVisible = 0;
			defaultConfigurationName = Release;
		};
		371E26A21BCE55EB00EE613B /* Build configuration list for PBXNativeTarget "2_camera" */ = {
			isa = XCConfigurationList;
			buildConfigurations = (
				371E26A31BCE55EB00EE613B /* Debug */,
				371E26A41BCE55EB00EE613B /* Release */,
			);
			defaultConfigurationIsVisible = 0;
			defaultConfigurationName = Release;
		};
		371E26BE1BCE574D00EE613B /* Build configuration list for PBXNativeTarget "3_drawing" */ = {
			isa = XCConfigurationList;
			buildConfigurations = (
				371E26BF1BCE574D00EE613B /* Debug */,
				371E26C01BCE574D00EE613B /* Release */,
			);
			defaultConfigurationIsVisible = 0;
			defaultConfigurationName = Release;
		};
		371E26DD1BCE59A500EE613B /* Build configuration list for PBXNativeTarget "4_grayscale" */ = {
			isa = XCConfigurationList;
			buildConfigurations = (
				371E26DE1BCE59A500EE613B /* Debug */,
				371E26DF1BCE59A500EE613B /* Release */,
			);
			defaultConfigurationIsVisible = 0;
			defaultConfigurationName = Release;
		};
		371E26FD1BCE5A8D00EE613B /* Build configuration list for PBXNativeTarget "5_harr_like" */ = {
			isa = XCConfigurationList;
			buildConfigurations = (
				371E26FE1BCE5A8D00EE613B /* Debug */,
				371E26FF1BCE5A8D00EE613B /* Release */,
			);
			defaultConfigurationIsVisible = 0;
			defaultConfigurationName = Release;
		};
		371E271A1BCE5D2000EE613B /* Build configuration list for PBXNativeTarget "6_akaze" */ = {
			isa = XCConfigurationList;
			buildConfigurations = (
				371E271B1BCE5D2000EE613B /* Debug */,
				371E271C1BCE5D2000EE613B /* Release */,
			);
			defaultConfigurationIsVisible = 0;
			defaultConfigurationName = Release;
		};
		371E27391BCE60C900EE613B /* Build configuration list for PBXNativeTarget "7_1_camera_haar_like" */ = {
			isa = XCConfigurationList;
			buildConfigurations = (
				371E273A1BCE60C900EE613B /* Debug */,
				371E273B1BCE60C900EE613B /* Release */,
			);
			defaultConfigurationIsVisible = 0;
			defaultConfigurationName = Release;
		};
		371E27521BCE60E800EE613B /* Build configuration list for PBXNativeTarget "7_2_haar_like_cat" */ = {
			isa = XCConfigurationList;
			buildConfigurations = (
				371E27531BCE60E800EE613B /* Debug */,
				371E27541BCE60E800EE613B /* Release */,
			);
			defaultConfigurationIsVisible = 0;
			defaultConfigurationName = Release;
		};
		371E276B1BCE60F900EE613B /* Build configuration list for PBXNativeTarget "7_3_camera_akaze" */ = {
			isa = XCConfigurationList;
			buildConfigurations = (
				371E276C1BCE60F900EE613B /* Debug */,
				371E276D1BCE60F900EE613B /* Release */,
			);
			defaultConfigurationIsVisible = 0;
			defaultConfigurationName = Release;
		};
/* End XCConfigurationList section */
	};
	rootObject = 371E263F1BCE505300EE613B /* Project object */;
}
